{"format_version":"1.0","provider_schemas":{"registry.terraform.io/hashicorp/vault":{"provider":{"version":0,"block":{"attributes":{"add_address_to_env":{"type":"string","description":"If true, adds the value of the `address` argument to the Terraform process environment.","description_kind":"plain","optional":true},"address":{"type":"string","description":"URL of the root of the target Vault server.","description_kind":"plain","required":true},"ca_cert_dir":{"type":"string","description":"Path to directory containing CA certificate files to validate the server's certificate.","description_kind":"plain","optional":true},"ca_cert_file":{"type":"string","description":"Path to a CA certificate file to validate the server's certificate.","description_kind":"plain","optional":true},"max_lease_ttl_seconds":{"type":"number","description":"Maximum TTL for secret leases requested by this provider.","description_kind":"plain","optional":true},"max_retries":{"type":"number","description":"Maximum number of retries when a 5xx error code is encountered.","description_kind":"plain","optional":true},"max_retries_ccc":{"type":"number","description":"Maximum number of retries for Client Controlled Consistency related operations","description_kind":"plain","optional":true},"namespace":{"type":"string","description":"The namespace to use. Available only for Vault Enterprise.","description_kind":"plain","optional":true},"skip_child_token":{"type":"bool","description":"Set this to true to prevent the creation of ephemeral child token used by this provider.","description_kind":"plain","optional":true},"skip_tls_verify":{"type":"bool","description":"Set this to true only if the target Vault server is an insecure development instance.","description_kind":"plain","optional":true},"tls_server_name":{"type":"string","description":"Name to use as the SNI host when connecting via TLS.","description_kind":"plain","optional":true},"token":{"type":"string","description":"Token to use to authenticate to Vault.","description_kind":"plain","optional":true},"token_name":{"type":"string","description":"Token name to use for creating the Vault child token.","description_kind":"plain","optional":true}},"block_types":{"auth_login":{"nesting_mode":"list","block":{"attributes":{"method":{"type":"string","description_kind":"plain","optional":true},"namespace":{"type":"string","description_kind":"plain","optional":true},"parameters":{"type":["map","string"],"description_kind":"plain","optional":true},"path":{"type":"string","description_kind":"plain","required":true}},"description":"Login to vault with an existing auth method using auth/\u003cmount\u003e/login","description_kind":"plain"}},"client_auth":{"nesting_mode":"list","block":{"attributes":{"cert_file":{"type":"string","description":"Path to a file containing the client certificate.","description_kind":"plain","optional":true},"key_file":{"type":"string","description":"Path to a file containing the private key that the certificate was issued for.","description_kind":"plain","optional":true}},"description":"Client authentication credentials.","description_kind":"plain"}},"headers":{"nesting_mode":"list","block":{"attributes":{"name":{"type":"string","description":"The header name","description_kind":"plain","required":true},"value":{"type":"string","description":"The header value","description_kind":"plain","required":true}},"description":"The headers to send with each Vault request.","description_kind":"plain"}}},"description_kind":"plain"}},"resource_schemas":{"vault_ad_secret_backend":{"version":0,"block":{"attributes":{"anonymous_group_search":{"type":"bool","description":"Use anonymous binds when performing LDAP group searches (if true the initial credentials will still be used for the initial connection test).","description_kind":"plain","optional":true},"backend":{"type":"string","description":"The mount path for a backend, for example, the path given in \"$ vault auth enable -path=my-ad ad\".","description_kind":"plain","optional":true},"binddn":{"type":"string","description":"Distinguished name of object to bind when performing user and group search.","description_kind":"plain","required":true},"bindpass":{"type":"string","description":"LDAP password for searching for the user DN.","description_kind":"plain","required":true,"sensitive":true},"case_sensitive_names":{"type":"bool","description":"If true, case sensitivity will be used when comparing usernames and groups for matching policies.","description_kind":"plain","optional":true},"certificate":{"type":"string","description":"CA certificate to use when verifying LDAP server certificate, must be x509 PEM encoded.","description_kind":"plain","optional":true},"client_tls_cert":{"type":"string","description":"Client certificate to provide to the LDAP server, must be x509 PEM encoded.","description_kind":"plain","optional":true,"sensitive":true},"client_tls_key":{"type":"string","description":"Client certificate key to provide to the LDAP server, must be x509 PEM encoded.","description_kind":"plain","optional":true,"sensitive":true},"default_lease_ttl_seconds":{"type":"number","description":"Default lease duration for secrets in seconds","description_kind":"plain","optional":true,"computed":true},"deny_null_bind":{"type":"bool","description":"Denies an unauthenticated LDAP bind request if the user's password is empty; defaults to true","description_kind":"plain","optional":true},"description":{"type":"string","description":"Human-friendly description of the mount for the backend.","description_kind":"plain","optional":true},"discoverdn":{"type":"bool","description":"Use anonymous bind to discover the bind DN of a user.","description_kind":"plain","optional":true},"formatter":{"type":"string","description":"Text to insert the password into, ex. \"customPrefix{{PASSWORD}}customSuffix\".","description_kind":"plain","deprecated":true,"optional":true,"computed":true},"groupattr":{"type":"string","description":"LDAP attribute to follow on objects returned by \u003cgroupfilter\u003e in order to enumerate user group membership. Examples: \"cn\" or \"memberOf\", etc. Default: cn","description_kind":"plain","optional":true},"groupdn":{"type":"string","description":"LDAP search base to use for group membership search (eg: ou=Groups,dc=example,dc=org)","description_kind":"plain","optional":true},"groupfilter":{"type":"string","description":"Go template for querying group membership of user. The template can access the following context variables: UserDN, Username Example: (\u0026(objectClass=group)(member:1.2.840.113556.1.4.1941:={{.UserDN}})) Default: (|(memberUid={{.Username}})(member={{.UserDN}})(uniqueMember={{.UserDN}}))","description_kind":"plain","optional":true},"id":{"type":"string","description_kind":"plain","optional":true,"computed":true},"insecure_tls":{"type":"bool","description":"Skip LDAP server SSL Certificate verification - insecure and not recommended for production use.","description_kind":"plain","optional":true},"last_rotation_tolerance":{"type":"number","description":"The number of seconds after a Vault rotation where, if Active Directory shows a later rotation, it should be considered out-of-band.","description_kind":"plain","optional":true,"computed":true},"length":{"type":"number","description":"The desired length of passwords that Vault generates.","description_kind":"plain","deprecated":true,"optional":true,"computed":true},"local":{"type":"bool","description":"Mark the secrets engine as local-only. Local engines are not replicated or removed by replication.Tolerance duration to use when checking the last rotation time.","description_kind":"plain","optional":true},"max_lease_ttl_seconds":{"type":"number","description":"Maximum possible lease duration for secrets in seconds.","description_kind":"plain","optional":true,"computed":true},"max_ttl":{"type":"number","description":"In seconds, the maximum password time-to-live.","description_kind":"plain","optional":true,"computed":true},"namespace":{"type":"string","description":"Target namespace. (requires Enterprise)","description_kind":"plain","optional":true},"password_policy":{"type":"string","description":"Name of the password policy to use to generate passwords.","description_kind":"plain","optional":true},"request_timeout":{"type":"number","description":"Timeout, in seconds, for the connection when making requests against the server before returning back an error.","description_kind":"plain","optional":true},"starttls":{"type":"bool","description":"Issue a StartTLS command after establishing unencrypted connection.","description_kind":"plain","optional":true,"computed":true},"tls_max_version":{"type":"string","description":"Maximum TLS version to use. Accepted values are 'tls10', 'tls11', 'tls12' or 'tls13'. Defaults to 'tls12'","description_kind":"plain","optional":true,"computed":true},"tls_min_version":{"type":"string","description":"Minimum TLS version to use. Accepted values are 'tls10', 'tls11', 'tls12' or 'tls13'. Defaults to 'tls12'","description_kind":"plain","optional":true,"computed":true},"ttl":{"type":"number","description":"In seconds, the default password time-to-live.","description_kind":"plain","optional":true,"computed":true},"upndomain":{"type":"string","description":"Enables userPrincipalDomain login with [username]@UPNDomain.","description_kind":"plain","optional":true,"computed":true},"url":{"type":"string","description":"LDAP URL to connect to (default: ldap://127.0.0.1). Multiple URLs can be specified by concatenating them with commas; they will be tried in-order.","description_kind":"plain","optional":true},"use_pre111_group_cn_behavior":{"type":"bool","description":"In Vault 1.1.1 a fix for handling group CN values of different cases unfortunately introduced a regression that could cause previously defined groups to not be found due to a change in the resulting name. If set true, the pre-1.1.1 behavior for matching group CNs will be used. This is only needed in some upgrade scenarios for backwards compatibility. It is enabled by default if the config is upgraded but disabled by default on new configurations.","description_kind":"plain","optional":true,"computed":true},"use_token_groups":{"type":"bool","description":"If true, use the Active Directory tokenGroups constructed attribute of the user to find the group memberships. This will find all security groups including nested ones.","description_kind":"plain","optional":true},"userattr":{"type":"string","description":"Attribute used for users (default: cn)","description_kind":"plain","optional":true},"userdn":{"type":"string","description":"LDAP domain to use for users (eg: ou=People,dc=example,dc=org)","description_kind":"plain","optional":true}},"description_kind":"plain"}},"vault_ad_secret_library":{"version":0,"block":{"attributes":{"backend":{"type":"string","description":"The mount path for the AD backend.","description_kind":"plain","required":true},"disable_check_in_enforcement":{"type":"bool","description":"Disable enforcing that service accounts must be checked in by the entity or client token that checked them out.","description_kind":"plain","optional":true},"id":{"type":"string","description_kind":"plain","optional":true,"computed":true},"max_ttl":{"type":"number","description":"The maximum amount of time, in seconds, a check-out last with renewal before Vault automatically checks it back in.","description_kind":"plain","optional":true,"computed":true},"name":{"type":"string","description":"The name of the set of service accounts.","description_kind":"plain","required":true},"namespace":{"type":"string","description":"Target namespace. (requires Enterprise)","description_kind":"plain","optional":true},"service_account_names":{"type":["list","string"],"description":"The names of all the service accounts that can be checked out from this set. These service accounts must already exist in Active Directory.","description_kind":"plain","required":true},"ttl":{"type":"number","description":"The amount of time, in seconds, a single check-out lasts before Vault automatically checks it back in.","description_kind":"plain","optional":true,"computed":true}},"description_kind":"plain"}},"vault_ad_secret_role":{"version":0,"block":{"attributes":{"backend":{"type":"string","description":"The mount path for the AD backend.","description_kind":"plain","required":true},"id":{"type":"string","description_kind":"plain","optional":true,"computed":true},"last_vault_rotation":{"type":"string","description":"Last time Vault rotated this service account's password.","description_kind":"plain","computed":true},"namespace":{"type":"string","description":"Target namespace. (requires Enterprise)","description_kind":"plain","optional":true},"password_last_set":{"type":"string","description":"Last time Vault set this service account's password.","description_kind":"plain","computed":true},"role":{"type":"string","description":"Name of the role.","description_kind":"plain","required":true},"service_account_name":{"type":"string","description":"The username/logon name for the service account with which this role will be associated.","description_kind":"plain","required":true},"ttl":{"type":"number","description":"In seconds, the default password time-to-live.","description_kind":"plain","optional":true}},"description_kind":"plain"}},"vault_alicloud_auth_backend_role":{"version":0,"block":{"attributes":{"arn":{"type":"string","description":"The role's arn.","description_kind":"plain","required":true},"backend":{"type":"string","description":"Auth backend.","description_kind":"plain","optional":true},"id":{"type":"string","description_kind":"plain","optional":true,"computed":true},"namespace":{"type":"string","description":"Target namespace. (requires Enterprise)","description_kind":"plain","optional":true},"role":{"type":"string","description":"Name of the role. Must correspond with the name of the role reflected in the arn.","description_kind":"plain","required":true},"token_bound_cidrs":{"type":["set","string"],"description":"Specifies the blocks of IP addresses which are allowed to use the generated token","description_kind":"plain","optional":true},"token_explicit_max_ttl":{"type":"number","description":"Generated Token's Explicit Maximum TTL in seconds","description_kind":"plain","optional":true},"token_max_ttl":{"type":"number","description":"The maximum lifetime of the generated token","description_kind":"plain","optional":true},"token_no_default_policy":{"type":"bool","description":"If true, the 'default' policy will not automatically be added to generated tokens","description_kind":"plain","optional":true},"token_num_uses":{"type":"number","description":"The maximum number of times a token may be used, a value of zero means unlimited","description_kind":"plain","optional":true},"token_period":{"type":"number","description":"Generated Token's Period","description_kind":"plain","optional":true},"token_policies":{"type":["set","string"],"description":"Generated Token's Policies","description_kind":"plain","optional":true},"token_ttl":{"type":"number","description":"The initial ttl of the token to generate in seconds","description_kind":"plain","optional":true},"token_type":{"type":"string","description":"The type of token to generate, service or batch","description_kind":"plain","optional":true}},"description_kind":"plain"}},"vault_approle_auth_backend_login":{"version":0,"block":{"attributes":{"accessor":{"type":"string","description":"The accessor for the token.","description_kind":"plain","computed":true},"backend":{"type":"string","description":"Unique name of the auth backend to configure.","description_kind":"plain","optional":true},"client_token":{"type":"string","description":"The token.","description_kind":"plain","computed":true},"id":{"type":"string","description_kind":"plain","optional":true,"computed":true},"lease_duration":{"type":"number","description":"How long the token is valid for.","description_kind":"plain","computed":true},"lease_started":{"type":"string","description":"The timestamp the lease started on, as determined by the machine running Terraform.","description_kind":"plain","computed":true},"metadata":{"type":["map","string"],"description":"Metadata associated with the token.","description_kind":"plain","computed":true},"namespace":{"type":"string","description":"Target namespace. (requires Enterprise)","description_kind":"plain","optional":true},"policies":{"type":["list","string"],"description":"Policies set on the token.","description_kind":"plain","computed":true},"renewable":{"type":"bool","description":"Whether the token is renewable or not.","description_kind":"plain","computed":true},"role_id":{"type":"string","description":"The RoleID to log in with.","description_kind":"plain","required":true},"secret_id":{"type":"string","description":"The SecretID to log in with.","description_kind":"plain","optional":true}},"description_kind":"plain"}},"vault_approle_auth_backend_role":{"version":0,"block":{"attributes":{"backend":{"type":"string","description":"Unique name of the auth backend to configure.","description_kind":"plain","optional":true},"bind_secret_id":{"type":"bool","description":"Whether or not to require secret_id to be present when logging in using this AppRole.","description_kind":"plain","optional":true},"id":{"type":"string","description_kind":"plain","optional":true,"computed":true},"namespace":{"type":"string","description":"Target namespace. (requires Enterprise)","description_kind":"plain","optional":true},"role_id":{"type":"string","description":"The RoleID of the role. Autogenerated if not set.","description_kind":"plain","optional":true,"computed":true},"role_name":{"type":"string","description":"Name of the role.","description_kind":"plain","required":true},"secret_id_bound_cidrs":{"type":["set","string"],"description":"List of CIDR blocks that can log in using the AppRole.","description_kind":"plain","optional":true},"secret_id_num_uses":{"type":"number","description":"Number of times which a particular SecretID can be used to fetch a token from this AppRole, after which the SecretID will expire. Leaving this unset or setting it to 0 will allow unlimited uses.","description_kind":"plain","optional":true},"secret_id_ttl":{"type":"number","description":"Number of seconds a SecretID remains valid for.","description_kind":"plain","optional":true},"token_bound_cidrs":{"type":["set","string"],"description":"Specifies the blocks of IP addresses which are allowed to use the generated token","description_kind":"plain","optional":true},"token_explicit_max_ttl":{"type":"number","description":"Generated Token's Explicit Maximum TTL in seconds","description_kind":"plain","optional":true},"token_max_ttl":{"type":"number","description":"The maximum lifetime of the generated token","description_kind":"plain","optional":true},"token_no_default_policy":{"type":"bool","description":"If true, the 'default' policy will not automatically be added to generated tokens","description_kind":"plain","optional":true},"token_num_uses":{"type":"number","description":"The maximum number of times a token may be used, a value of zero means unlimited","description_kind":"plain","optional":true},"token_period":{"type":"number","description":"Generated Token's Period","description_kind":"plain","optional":true},"token_policies":{"type":["set","string"],"description":"Generated Token's Policies","description_kind":"plain","optional":true},"token_ttl":{"type":"number","description":"The initial ttl of the token to generate in seconds","description_kind":"plain","optional":true},"token_type":{"type":"string","description":"The type of token to generate, service or batch","description_kind":"plain","optional":true}},"description_kind":"plain"}},"vault_approle_auth_backend_role_secret_id":{"version":0,"block":{"attributes":{"accessor":{"type":"string","description":"The unique ID used to access this SecretID.","description_kind":"plain","computed":true},"backend":{"type":"string","description":"Unique name of the auth backend to configure.","description_kind":"plain","optional":true},"cidr_list":{"type":["set","string"],"description":"List of CIDR blocks that can log in using the SecretID.","description_kind":"plain","optional":true},"id":{"type":"string","description_kind":"plain","optional":true,"computed":true},"metadata":{"type":"string","description":"JSON-encoded secret data to write.","description_kind":"plain","optional":true},"namespace":{"type":"string","description":"Target namespace. (requires Enterprise)","description_kind":"plain","optional":true},"role_name":{"type":"string","description":"Name of the role.","description_kind":"plain","required":true},"secret_id":{"type":"string","description":"The SecretID to be managed. If not specified, Vault auto-generates one.","description_kind":"plain","optional":true,"computed":true,"sensitive":true},"with_wrapped_accessor":{"type":"bool","description":"Use the wrapped secret-id accessor as the id of this resource. If false, a fresh secret-id will be regenerated whenever the wrapping token is expired or invalidated through unwrapping.","description_kind":"plain","optional":true},"wrapping_accessor":{"type":"string","description":"The wrapped SecretID accessor.","description_kind":"plain","computed":true},"wrapping_token":{"type":"string","description":"The wrapped SecretID token.","description_kind":"plain","computed":true,"sensitive":true},"wrapping_ttl":{"type":"string","description":"The TTL duration of the wrapped SecretID.","description_kind":"plain","optional":true}},"description_kind":"plain"}},"vault_audit":{"version":0,"block":{"attributes":{"description":{"type":"string","description":"Human-friendly description of the audit device.","description_kind":"plain","optional":true},"id":{"type":"string","description_kind":"plain","optional":true,"computed":true},"local":{"type":"bool","description":"Specifies if the audit device is a local only. Local audit devices are not replicated nor (if a secondary) removed by replication.","description_kind":"plain","optional":true},"namespace":{"type":"string","description":"Target namespace. (requires Enterprise)","description_kind":"plain","optional":true},"options":{"type":["map","string"],"description":"Configuration options to pass to the audit device itself.","description_kind":"plain","required":true},"path":{"type":"string","description":"Path in which to enable the audit device.","description_kind":"plain","optional":true,"computed":true},"type":{"type":"string","description":"Type of the audit device, such as 'file'.","description_kind":"plain","required":true}},"description_kind":"plain"}},"vault_auth_backend":{"version":1,"block":{"attributes":{"accessor":{"type":"string","description":"The accessor of the auth backend","description_kind":"plain","computed":true},"description":{"type":"string","description":"The description of the auth backend","description_kind":"plain","optional":true},"id":{"type":"string","description_kind":"plain","optional":true,"computed":true},"local":{"type":"bool","description":"Specifies if the auth method is local only","description_kind":"plain","optional":true},"namespace":{"type":"string","description":"Target namespace. (requires Enterprise)","description_kind":"plain","optional":true},"path":{"type":"string","description":"path to mount the backend. This defaults to the type.","description_kind":"plain","optional":true,"computed":true},"tune":{"type":["set",["object",{"allowed_response_headers":["list","string"],"audit_non_hmac_request_keys":["list","string"],"audit_non_hmac_response_keys":["list","string"],"default_lease_ttl":"string","listing_visibility":"string","max_lease_ttl":"string","passthrough_request_headers":["list","string"],"token_type":"string"}]],"description_kind":"plain","optional":true,"computed":true},"type":{"type":"string","description":"Name of the auth backend","description_kind":"plain","required":true}},"description_kind":"plain"}},"vault_aws_auth_backend_cert":{"version":0,"block":{"attributes":{"aws_public_cert":{"type":"string","description":"Base64 encoded AWS Public key required to verify PKCS7 signature of the EC2 instance metadata.","description_kind":"plain","required":true},"backend":{"type":"string","description":"Unique name of the auth backend to configure.","description_kind":"plain","optional":true},"cert_name":{"type":"string","description":"Name of the certificate to configure.","description_kind":"plain","required":true},"id":{"type":"string","description_kind":"plain","optional":true,"computed":true},"namespace":{"type":"string","description":"Target namespace. (requires Enterprise)","description_kind":"plain","optional":true},"type":{"type":"string","description":"The type of document that can be verified using the certificate. Must be either \"pkcs7\" or \"identity\".","description_kind":"plain","optional":true}},"description_kind":"plain"}},"vault_aws_auth_backend_client":{"version":0,"block":{"attributes":{"access_key":{"type":"string","description":"AWS Access key with permissions to query AWS APIs.","description_kind":"plain","optional":true,"sensitive":true},"backend":{"type":"string","description":"Unique name of the auth backend to configure.","description_kind":"plain","optional":true},"ec2_endpoint":{"type":"string","description":"URL to override the default generated endpoint for making AWS EC2 API calls.","description_kind":"plain","optional":true},"iam_endpoint":{"type":"string","description":"URL to override the default generated endpoint for making AWS IAM API calls.","description_kind":"plain","optional":true},"iam_server_id_header_value":{"type":"string","description":"The value to require in the X-Vault-AWS-IAM-Server-ID header as part of GetCallerIdentity requests that are used in the iam auth method.","description_kind":"plain","optional":true},"id":{"type":"string","description_kind":"plain","optional":true,"computed":true},"namespace":{"type":"string","description":"Target namespace. (requires Enterprise)","description_kind":"plain","optional":true},"secret_key":{"type":"string","description":"AWS Secret key with permissions to query AWS APIs.","description_kind":"plain","optional":true,"sensitive":true},"sts_endpoint":{"type":"string","description":"URL to override the default generated endpoint for making AWS STS API calls.","description_kind":"plain","optional":true},"sts_region":{"type":"string","description":"Region to override the default region for making AWS STS API calls.","description_kind":"plain","optional":true}},"description_kind":"plain"}},"vault_aws_auth_backend_identity_whitelist":{"version":0,"block":{"attributes":{"backend":{"type":"string","description":"Unique name of the auth backend to configure.","description_kind":"plain","optional":true},"disable_periodic_tidy":{"type":"bool","description":"If true, disables the periodic tidying of the identiy whitelist entries.","description_kind":"plain","optional":true},"id":{"type":"string","description_kind":"plain","optional":true,"computed":true},"namespace":{"type":"string","description":"Target namespace. (requires Enterprise)","description_kind":"plain","optional":true},"safety_buffer":{"type":"number","description":"The amount of extra time that must have passed beyond the roletag expiration, before it's removed from backend storage.","description_kind":"plain","optional":true}},"description_kind":"plain"}},"vault_aws_auth_backend_login":{"version":0,"block":{"attributes":{"accessor":{"type":"string","description":"The accessor returned from Vault for this token.","description_kind":"plain","computed":true},"auth_type":{"type":"string","description":"The auth method used to generate this token.","description_kind":"plain","computed":true},"backend":{"type":"string","description":"AWS Auth Backend to read the token from.","description_kind":"plain","optional":true},"client_token":{"type":"string","description":"The token returned by Vault.","description_kind":"plain","computed":true,"sensitive":true},"iam_http_request_method":{"type":"string","description":"The HTTP method used in the signed request.","description_kind":"plain","optional":true},"iam_request_body":{"type":"string","description":"The Base64-encoded body of the signed request.","description_kind":"plain","optional":true},"iam_request_headers":{"type":"string","description":"The Base64-encoded, JSON serialized representation of the sts:GetCallerIdentity HTTP request headers.","description_kind":"plain","optional":true},"iam_request_url":{"type":"string","description":"The Base64-encoded HTTP URL used in the signed request.","description_kind":"plain","optional":true},"id":{"type":"string","description_kind":"plain","optional":true,"computed":true},"identity":{"type":"string","description":"Base64-encoded EC2 instance identity document to authenticate with.","description_kind":"plain","optional":true},"lease_duration":{"type":"number","description":"Lease duration in seconds relative to the time in lease_start_time.","description_kind":"plain","computed":true},"lease_start_time":{"type":"string","description":"Time at which the lease was read, using the clock of the system where Terraform was running","description_kind":"plain","computed":true},"metadata":{"type":["map","string"],"description":"The metadata reported by the Vault server.","description_kind":"plain","computed":true},"namespace":{"type":"string","description":"Target namespace. (requires Enterprise)","description_kind":"plain","optional":true},"nonce":{"type":"string","description":"The nonce to be used for subsequent login requests.","description_kind":"plain","optional":true,"computed":true},"pkcs7":{"type":"string","description":"PKCS7 signature of the identity document to authenticate with, with all newline characters removed.","description_kind":"plain","optional":true},"policies":{"type":["list","string"],"description":"The policies assigned to this token.","description_kind":"plain","computed":true},"renewable":{"type":"bool","description":"True if the duration of this lease can be extended through renewal.","description_kind":"plain","computed":true},"role":{"type":"string","description":"AWS Auth Role to read the token from.","description_kind":"plain","optional":true,"computed":true},"signature":{"type":"string","description":"Base64-encoded SHA256 RSA signature of the instance identtiy document to authenticate with.","description_kind":"plain","optional":true}},"description_kind":"plain"}},"vault_aws_auth_backend_role":{"version":0,"block":{"attributes":{"allow_instance_migration":{"type":"bool","description":"When true, allows migration of the underlying instance where the client resides. Use with caution.","description_kind":"plain","optional":true},"auth_type":{"type":"string","description":"The auth type permitted for this role.","description_kind":"plain","optional":true},"backend":{"type":"string","description":"Unique name of the auth backend to configure.","description_kind":"plain","optional":true},"bound_account_ids":{"type":["set","string"],"description":"Only EC2 instances with this account ID in their identity document will be permitted to log in.","description_kind":"plain","optional":true},"bound_ami_ids":{"type":["set","string"],"description":"Only EC2 instances using this AMI ID will be permitted to log in.","description_kind":"plain","optional":true},"bound_ec2_instance_ids":{"type":["set","string"],"description":"Only EC2 instances that match this instance ID will be permitted to log in.","description_kind":"plain","optional":true},"bound_iam_instance_profile_arns":{"type":["set","string"],"description":"Only EC2 instances associated with an IAM instance profile ARN that matches this value will be permitted to log in.","description_kind":"plain","optional":true},"bound_iam_principal_arns":{"type":["set","string"],"description":"The IAM principal that must be authenticated using the iam auth method.","description_kind":"plain","optional":true},"bound_iam_role_arns":{"type":["set","string"],"description":"Only EC2 instances that match this IAM role ARN will be permitted to log in.","description_kind":"plain","optional":true},"bound_regions":{"type":["set","string"],"description":"Only EC2 instances in this region will be permitted to log in.","description_kind":"plain","optional":true},"bound_subnet_ids":{"type":["set","string"],"description":"Only EC2 instances associated with this subnet ID will be permitted to log in.","description_kind":"plain","optional":true},"bound_vpc_ids":{"type":["set","string"],"description":"Only EC2 instances associated with this VPC ID will be permitted to log in.","description_kind":"plain","optional":true},"disallow_reauthentication":{"type":"bool","description":"When true, only allows a single token to be granted per instance ID.","description_kind":"plain","optional":true},"id":{"type":"string","description_kind":"plain","optional":true,"computed":true},"inferred_aws_region":{"type":"string","description":"The region to search for the inferred entities in.","description_kind":"plain","optional":true},"inferred_entity_type":{"type":"string","description":"The type of inferencing Vault should do.","description_kind":"plain","optional":true},"namespace":{"type":"string","description":"Target namespace. (requires Enterprise)","description_kind":"plain","optional":true},"resolve_aws_unique_ids":{"type":"bool","description":"Whether or not Vault should resolve the bound_iam_principal_arn to an AWS Unique ID. When true, deleting a principal and recreating it with the same name won't automatically grant the new principal the same roles in Vault that the old principal had.","description_kind":"plain","optional":true},"role":{"type":"string","description":"Name of the role.","description_kind":"plain","required":true},"role_id":{"type":"string","description":"The Vault generated role ID.","description_kind":"plain","computed":true},"role_tag":{"type":"string","description":"The key of the tag on EC2 instance to use for role tags.","description_kind":"plain","optional":true},"token_bound_cidrs":{"type":["set","string"],"description":"Specifies the blocks of IP addresses which are allowed to use the generated token","description_kind":"plain","optional":true},"token_explicit_max_ttl":{"type":"number","description":"Generated Token's Explicit Maximum TTL in seconds","description_kind":"plain","optional":true},"token_max_ttl":{"type":"number","description":"The maximum lifetime of the generated token","description_kind":"plain","optional":true},"token_no_default_policy":{"type":"bool","description":"If true, the 'default' policy will not automatically be added to generated tokens","description_kind":"plain","optional":true},"token_num_uses":{"type":"number","description":"The maximum number of times a token may be used, a value of zero means unlimited","description_kind":"plain","optional":true},"token_period":{"type":"number","description":"Generated Token's Period","description_kind":"plain","optional":true},"token_policies":{"type":["set","string"],"description":"Generated Token's Policies","description_kind":"plain","optional":true},"token_ttl":{"type":"number","description":"The initial ttl of the token to generate in seconds","description_kind":"plain","optional":true},"token_type":{"type":"string","description":"The type of token to generate, service or batch","description_kind":"plain","optional":true}},"description_kind":"plain"}},"vault_aws_auth_backend_role_tag":{"version":0,"block":{"attributes":{"allow_instance_migration":{"type":"bool","description":"Allows migration of the underlying instance where the client resides.","description_kind":"plain","optional":true},"backend":{"type":"string","description":"AWS auth backend to read tags from.","description_kind":"plain","optional":true},"disallow_reauthentication":{"type":"bool","description":"Only allow a single token to be granted per instance ID.","description_kind":"plain","optional":true},"id":{"type":"string","description_kind":"plain","optional":true,"computed":true},"instance_id":{"type":"string","description":"Instance ID for which this tag is intended. The created tag can only be used by the instance with the given ID.","description_kind":"plain","optional":true},"max_ttl":{"type":"string","description":"The maximum allowed lifetime of tokens issued using this role.","description_kind":"plain","optional":true},"namespace":{"type":"string","description":"Target namespace. (requires Enterprise)","description_kind":"plain","optional":true},"policies":{"type":["set","string"],"description":"Policies to be associated with the tag.","description_kind":"plain","optional":true},"role":{"type":"string","description":"Name of the role.","description_kind":"plain","required":true},"tag_key":{"type":"string","description_kind":"plain","computed":true},"tag_value":{"type":"string","description_kind":"plain","computed":true}},"description_kind":"plain"}},"vault_aws_auth_backend_roletag_blacklist":{"version":0,"block":{"attributes":{"backend":{"type":"string","description":"Unique name of the auth backend to configure.","description_kind":"plain","required":true},"disable_periodic_tidy":{"type":"bool","description":"If true, disables the periodic tidying of the roletag blacklist entries.","description_kind":"plain","optional":true},"id":{"type":"string","description_kind":"plain","optional":true,"computed":true},"namespace":{"type":"string","description":"Target namespace. (requires Enterprise)","description_kind":"plain","optional":true},"safety_buffer":{"type":"number","description":"The amount of extra time that must have passed beyond the roletag expiration, before it's removed from backend storage.","description_kind":"plain","optional":true}},"description_kind":"plain"}},"vault_aws_auth_backend_sts_role":{"version":0,"block":{"attributes":{"account_id":{"type":"string","description":"AWS account ID to be associated with STS role.","description_kind":"plain","required":true},"backend":{"type":"string","description":"Unique name of the auth backend to configure.","description_kind":"plain","optional":true},"id":{"type":"string","description_kind":"plain","optional":true,"computed":true},"namespace":{"type":"string","description":"Target namespace. (requires Enterprise)","description_kind":"plain","optional":true},"sts_role":{"type":"string","description":"AWS ARN for STS role to be assumed when interacting with the account specified.","description_kind":"plain","required":true}},"description_kind":"plain"}},"vault_aws_secret_backend":{"version":0,"block":{"attributes":{"access_key":{"type":"string","description":"The AWS Access Key ID to use when generating new credentials.","description_kind":"plain","optional":true,"sensitive":true},"default_lease_ttl_seconds":{"type":"number","description":"Default lease duration for secrets in seconds","description_kind":"plain","optional":true,"computed":true},"description":{"type":"string","description":"Human-friendly description of the mount for the backend.","description_kind":"plain","optional":true},"iam_endpoint":{"type":"string","description":"Specifies a custom HTTP IAM endpoint to use.","description_kind":"plain","optional":true},"id":{"type":"string","description_kind":"plain","optional":true,"computed":true},"max_lease_ttl_seconds":{"type":"number","description":"Maximum possible lease duration for secrets in seconds","description_kind":"plain","optional":true,"computed":true},"namespace":{"type":"string","description":"Target namespace. (requires Enterprise)","description_kind":"plain","optional":true},"path":{"type":"string","description":"Path to mount the backend at.","description_kind":"plain","optional":true},"region":{"type":"string","description":"The AWS region to make API calls against. Defaults to us-east-1.","description_kind":"plain","optional":true,"computed":true},"secret_key":{"type":"string","description":"The AWS Secret Access Key to use when generating new credentials.","description_kind":"plain","optional":true,"sensitive":true},"sts_endpoint":{"type":"string","description":"Specifies a custom HTTP STS endpoint to use.","description_kind":"plain","optional":true},"username_template":{"type":"string","description":"Template describing how dynamic usernames are generated.","description_kind":"plain","optional":true,"computed":true}},"description_kind":"plain"}},"vault_aws_secret_backend_role":{"version":0,"block":{"attributes":{"backend":{"type":"string","description":"The path of the AWS Secret Backend the role belongs to.","description_kind":"plain","required":true},"credential_type":{"type":"string","description":"Role credential type.","description_kind":"plain","required":true},"default_sts_ttl":{"type":"number","description":"The default TTL in seconds for STS credentials. When a TTL is not specified when STS credentials are requested, and a default TTL is specified on the role, then this default TTL will be used. Valid only when credential_type is one of assumed_role or federation_token.","description_kind":"plain","optional":true,"computed":true},"iam_groups":{"type":["set","string"],"description":"A list of IAM group names. IAM users generated against this vault role will be added to these IAM Groups. For a credential type of assumed_role or federation_token, the policies sent to the corresponding AWS call (sts:AssumeRole or sts:GetFederation) will be the policies from each group in iam_groups combined with the policy_document and policy_arns parameters.","description_kind":"plain","optional":true},"id":{"type":"string","description_kind":"plain","optional":true,"computed":true},"max_sts_ttl":{"type":"number","description":"The max allowed TTL in seconds for STS credentials (credentials TTL are capped to max_sts_ttl). Valid only when credential_type is one of assumed_role or federation_token.","description_kind":"plain","optional":true,"computed":true},"name":{"type":"string","description":"Unique name for the role.","description_kind":"plain","required":true},"namespace":{"type":"string","description":"Target namespace. (requires Enterprise)","description_kind":"plain","optional":true},"permissions_boundary_arn":{"type":"string","description":"The ARN of the AWS Permissions Boundary to attach to IAM users created in the role. Valid only when credential_type is iam_user. If not specified, then no permissions boundary policy will be attached.","description_kind":"plain","optional":true},"policy_arns":{"type":["set","string"],"description":"ARN for an existing IAM policy the role should use.","description_kind":"plain","optional":true},"policy_document":{"type":"string","description":"IAM policy the role should use in JSON format.","description_kind":"plain","optional":true},"role_arns":{"type":["set","string"],"description":"ARNs of AWS roles allowed to be assumed. Only valid when credential_type is 'assumed_role'","description_kind":"plain","optional":true},"user_path":{"type":"string","description":"The path for the user name. Valid only when credential_type is iam_user. Default is /","description_kind":"plain","optional":true}},"description_kind":"plain"}},"vault_azure_auth_backend_config":{"version":0,"block":{"attributes":{"backend":{"type":"string","description":"Unique name of the auth backend to configure.","description_kind":"plain","optional":true},"client_id":{"type":"string","description":"The client id for credentials to query the Azure APIs. Currently read permissions to query compute resources are required.","description_kind":"plain","optional":true,"sensitive":true},"client_secret":{"type":"string","description":"The client secret for credentials to query the Azure APIs","description_kind":"plain","optional":true,"sensitive":true},"environment":{"type":"string","description":"The Azure cloud environment. Valid values: AzurePublicCloud, AzureUSGovernmentCloud, AzureChinaCloud, AzureGermanCloud.","description_kind":"plain","optional":true},"id":{"type":"string","description_kind":"plain","optional":true,"computed":true},"namespace":{"type":"string","description":"Target namespace. (requires Enterprise)","description_kind":"plain","optional":true},"resource":{"type":"string","description":"The configured URL for the application registered in Azure Active Directory.","description_kind":"plain","required":true},"tenant_id":{"type":"string","description":"The tenant id for the Azure Active Directory organization.","description_kind":"plain","required":true,"sensitive":true}},"description_kind":"plain"}},"vault_azure_auth_backend_role":{"version":0,"block":{"attributes":{"backend":{"type":"string","description":"Unique name of the auth backend to configure.","description_kind":"plain","optional":true},"bound_group_ids":{"type":["list","string"],"description":"The list of group ids that login is restricted to.","description_kind":"plain","optional":true},"bound_locations":{"type":["list","string"],"description":"The list of locations that login is restricted to.","description_kind":"plain","optional":true},"bound_resource_groups":{"type":["list","string"],"description":"The list of resource groups that login is restricted to.","description_kind":"plain","optional":true},"bound_scale_sets":{"type":["list","string"],"description":"The list of scale set names that the login is restricted to.","description_kind":"plain","optional":true},"bound_service_principal_ids":{"type":["list","string"],"description":"The list of Service Principal IDs that login is restricted to.","description_kind":"plain","optional":true},"bound_subscription_ids":{"type":["list","string"],"description":"The list of subscription IDs that login is restricted to.","description_kind":"plain","optional":true},"id":{"type":"string","description_kind":"plain","optional":true,"computed":true},"namespace":{"type":"string","description":"Target namespace. (requires Enterprise)","description_kind":"plain","optional":true},"role":{"type":"string","description":"Name of the role.","description_kind":"plain","required":true},"token_bound_cidrs":{"type":["set","string"],"description":"Specifies the blocks of IP addresses which are allowed to use the generated token","description_kind":"plain","optional":true},"token_explicit_max_ttl":{"type":"number","description":"Generated Token's Explicit Maximum TTL in seconds","description_kind":"plain","optional":true},"token_max_ttl":{"type":"number","description":"The maximum lifetime of the generated token","description_kind":"plain","optional":true},"token_no_default_policy":{"type":"bool","description":"If true, the 'default' policy will not automatically be added to generated tokens","description_kind":"plain","optional":true},"token_num_uses":{"type":"number","description":"The maximum number of times a token may be used, a value of zero means unlimited","description_kind":"plain","optional":true},"token_period":{"type":"number","description":"Generated Token's Period","description_kind":"plain","optional":true},"token_policies":{"type":["set","string"],"description":"Generated Token's Policies","description_kind":"plain","optional":true},"token_ttl":{"type":"number","description":"The initial ttl of the token to generate in seconds","description_kind":"plain","optional":true},"token_type":{"type":"string","description":"The type of token to generate, service or batch","description_kind":"plain","optional":true}},"description_kind":"plain"}},"vault_azure_secret_backend":{"version":0,"block":{"attributes":{"client_id":{"type":"string","description":"The client id for credentials to query the Azure APIs. Currently read permissions to query compute resources are required.","description_kind":"plain","optional":true,"sensitive":true},"client_secret":{"type":"string","description":"The client secret for credentials to query the Azure APIs","description_kind":"plain","optional":true,"sensitive":true},"description":{"type":"string","description":"Human-friendly description of the mount for the backend.","description_kind":"plain","optional":true},"environment":{"type":"string","description":"The Azure cloud environment. Valid values: AzurePublicCloud, AzureUSGovernmentCloud, AzureChinaCloud, AzureGermanCloud.","description_kind":"plain","optional":true},"id":{"type":"string","description_kind":"plain","optional":true,"computed":true},"namespace":{"type":"string","description":"Target namespace. (requires Enterprise)","description_kind":"plain","optional":true},"path":{"type":"string","description":"Path to mount the backend at.","description_kind":"plain","optional":true},"subscription_id":{"type":"string","description":"The subscription id for the Azure Active Directory.","description_kind":"plain","required":true,"sensitive":true},"tenant_id":{"type":"string","description":"The tenant id for the Azure Active Directory organization.","description_kind":"plain","required":true,"sensitive":true},"use_microsoft_graph_api":{"type":"bool","description":"Use the Microsoft Graph API. Should be set to true on vault-1.10+","description_kind":"plain","optional":true,"computed":true}},"description_kind":"plain"}},"vault_azure_secret_backend_role":{"version":0,"block":{"attributes":{"application_object_id":{"type":"string","description":"Application Object ID for an existing service principal that will be used instead of creating dynamic service principals.","description_kind":"plain","optional":true},"backend":{"type":"string","description":"Unique name of the auth backend to configure.","description_kind":"plain","optional":true},"description":{"type":"string","description":"Human-friendly description of the mount for the backend.","description_kind":"plain","optional":true},"id":{"type":"string","description_kind":"plain","optional":true,"computed":true},"max_ttl":{"type":"string","description":"Human-friendly description of the mount for the backend.","description_kind":"plain","optional":true},"namespace":{"type":"string","description":"Target namespace. (requires Enterprise)","description_kind":"plain","optional":true},"role":{"type":"string","description":"Name of the role to create","description_kind":"plain","required":true},"ttl":{"type":"string","description":"Human-friendly description of the mount for the backend.","description_kind":"plain","optional":true}},"block_types":{"azure_groups":{"nesting_mode":"set","block":{"attributes":{"group_name":{"type":"string","description_kind":"plain","required":true},"object_id":{"type":"string","description_kind":"plain","computed":true}},"description_kind":"plain"}},"azure_roles":{"nesting_mode":"set","block":{"attributes":{"role_id":{"type":"string","description_kind":"plain","computed":true},"role_name":{"type":"string","description_kind":"plain","required":true},"scope":{"type":"string","description_kind":"plain","required":true}},"description_kind":"plain"}}},"description_kind":"plain"}},"vault_cert_auth_backend_role":{"version":1,"block":{"attributes":{"allowed_common_names":{"type":["set","string"],"description_kind":"plain","optional":true,"computed":true},"allowed_dns_sans":{"type":["set","string"],"description_kind":"plain","optional":true,"computed":true},"allowed_email_sans":{"type":["set","string"],"description_kind":"plain","optional":true,"computed":true},"allowed_names":{"type":["set","string"],"description_kind":"plain","optional":true,"computed":true},"allowed_organization_units":{"type":["set","string"],"description_kind":"plain","deprecated":true,"optional":true,"computed":true},"allowed_organizational_units":{"type":["set","string"],"description_kind":"plain","optional":true},"allowed_uri_sans":{"type":["set","string"],"description_kind":"plain","optional":true,"computed":true},"backend":{"type":"string","description_kind":"plain","optional":true},"certificate":{"type":"string","description_kind":"plain","required":true},"display_name":{"type":"string","description_kind":"plain","optional":true,"computed":true},"id":{"type":"string","description_kind":"plain","optional":true,"computed":true},"name":{"type":"string","description_kind":"plain","required":true},"namespace":{"type":"string","description":"Target namespace. (requires Enterprise)","description_kind":"plain","optional":true},"required_extensions":{"type":["set","string"],"description_kind":"plain","optional":true,"computed":true},"token_bound_cidrs":{"type":["set","string"],"description":"Specifies the blocks of IP addresses which are allowed to use the generated token","description_kind":"plain","optional":true},"token_explicit_max_ttl":{"type":"number","description":"Generated Token's Explicit Maximum TTL in seconds","description_kind":"plain","optional":true},"token_max_ttl":{"type":"number","description":"The maximum lifetime of the generated token","description_kind":"plain","optional":true},"token_no_default_policy":{"type":"bool","description":"If true, the 'default' policy will not automatically be added to generated tokens","description_kind":"plain","optional":true},"token_num_uses":{"type":"number","description":"The maximum number of times a token may be used, a value of zero means unlimited","description_kind":"plain","optional":true},"token_period":{"type":"number","description":"Generated Token's Period","description_kind":"plain","optional":true},"token_policies":{"type":["set","string"],"description":"Generated Token's Policies","description_kind":"plain","optional":true},"token_ttl":{"type":"number","description":"The initial ttl of the token to generate in seconds","description_kind":"plain","optional":true},"token_type":{"type":"string","description":"The type of token to generate, service or batch","description_kind":"plain","optional":true}},"description_kind":"plain"}},"vault_consul_secret_backend":{"version":0,"block":{"attributes":{"address":{"type":"string","description":"Specifies the address of the Consul instance, provided as \"host:port\" like \"127.0.0.1:8500\".","description_kind":"plain","required":true},"ca_cert":{"type":"string","description":"CA certificate to use when verifying Consul server certificate, must be x509 PEM encoded.","description_kind":"plain","optional":true},"client_cert":{"type":"string","description":"Client certificate used for Consul's TLS communication, must be x509 PEM encoded and if this is set you need to also set client_key.","description_kind":"plain","optional":true,"sensitive":true},"client_key":{"type":"string","description":"Client key used for Consul's TLS communication, must be x509 PEM encoded and if this is set you need to also set client_cert.","description_kind":"plain","optional":true,"sensitive":true},"default_lease_ttl_seconds":{"type":"number","description":"Default lease duration for secrets in seconds","description_kind":"plain","optional":true},"description":{"type":"string","description":"Human-friendly description of the mount for the backend.","description_kind":"plain","optional":true},"id":{"type":"string","description_kind":"plain","optional":true,"computed":true},"local":{"type":"bool","description":"Specifies if the secret backend is local only","description_kind":"plain","optional":true},"max_lease_ttl_seconds":{"type":"number","description":"Maximum possible lease duration for secrets in seconds","description_kind":"plain","optional":true},"namespace":{"type":"string","description":"Target namespace. (requires Enterprise)","description_kind":"plain","optional":true},"path":{"type":"string","description":"Unique name of the Vault Consul mount to configure","description_kind":"plain","optional":true},"scheme":{"type":"string","description":"Specifies the URL scheme to use. Defaults to \"http\".","description_kind":"plain","optional":true},"token":{"type":"string","description":"Specifies the Consul ACL token to use. This must be a management type token.","description_kind":"plain","optional":true,"sensitive":true}},"description_kind":"plain"}},"vault_consul_secret_backend_role":{"version":0,"block":{"attributes":{"backend":{"type":"string","description":"The path of the Consul Secret Backend the role belongs to.","description_kind":"plain","optional":true},"consul_namespace":{"type":"string","description":"The Consul namespace that the token will be created in. Applicable for Vault 1.10+ and Consul 1.7+","description_kind":"plain","optional":true,"computed":true},"consul_policies":{"type":["set","string"],"description":"List of Consul policies to associate with this role","description_kind":"plain","optional":true},"consul_roles":{"type":["set","string"],"description":"Set of Consul roles to attach to the token. Applicable for Vault 1.10+ with Consul 1.5+","description_kind":"plain","optional":true},"id":{"type":"string","description_kind":"plain","optional":true,"computed":true},"local":{"type":"bool","description":"Indicates that the token should not be replicated globally and instead be local to the current datacenter.","description_kind":"plain","optional":true},"max_ttl":{"type":"number","description":"Maximum TTL for leases associated with this role, in seconds.","description_kind":"plain","optional":true},"name":{"type":"string","description":"The name of an existing role against which to create this Consul credential","description_kind":"plain","required":true},"namespace":{"type":"string","description":"Target namespace. (requires Enterprise)","description_kind":"plain","optional":true},"node_identities":{"type":["set","string"],"description":"Set of Consul node identities to attach to\n\t\t\t\tthe token. Applicable for Vault 1.11+ with Consul 1.8+","description_kind":"plain","optional":true},"partition":{"type":"string","description":"The Consul admin partition that the token will be created in. Applicable for Vault 1.10+ and Consul 1.11+","description_kind":"plain","optional":true,"computed":true},"policies":{"type":["list","string"],"description":"List of Consul policies to associate with this role","description_kind":"plain","optional":true},"service_identities":{"type":["set","string"],"description":"Set of Consul service identities to attach to\n\t\t\t\tthe token. Applicable for Vault 1.11+ with Consul 1.5+","description_kind":"plain","optional":true},"token_type":{"type":"string","description":"Specifies the type of token to create when using this role. Valid values are \"client\" or \"management\".","description_kind":"plain","deprecated":true,"optional":true},"ttl":{"type":"number","description":"Specifies the TTL for this role.","description_kind":"plain","optional":true}},"description_kind":"plain"}},"vault_database_secret_backend_connection":{"version":0,"block":{"attributes":{"allowed_roles":{"type":["list","string"],"description":"A list of roles that are allowed to use this connection.","description_kind":"plain","optional":true},"backend":{"type":"string","description":"Unique name of the Vault mount to configure.","description_kind":"plain","required":true},"data":{"type":["map","string"],"description":"A map of sensitive data to pass to the endpoint. Useful for templated connection strings.","description_kind":"plain","optional":true},"id":{"type":"string","description_kind":"plain","optional":true,"computed":true},"name":{"type":"string","description":"Name of the database connection.","description_kind":"plain","required":true},"namespace":{"type":"string","description":"Target namespace. (requires Enterprise)","description_kind":"plain","optional":true},"plugin_name":{"type":"string","description":"Specifies the name of the plugin to use for this connection. Must be prefixed with the name of one of the supported database engine types.","description_kind":"plain","optional":true,"computed":true},"root_rotation_statements":{"type":["list","string"],"description":"A list of database statements to be executed to rotate the root user's credentials.","description_kind":"plain","optional":true},"verify_connection":{"type":"bool","description":"Specifies if the connection is verified during initial configuration.","description_kind":"plain","optional":true}},"block_types":{"cassandra":{"nesting_mode":"list","block":{"attributes":{"connect_timeout":{"type":"number","description":"The number of seconds to use as a connection timeout.","description_kind":"plain","optional":true},"hosts":{"type":["list","string"],"description":"Cassandra hosts to connect to.","description_kind":"plain","optional":true},"insecure_tls":{"type":"bool","description":"Whether to skip verification of the server certificate when using TLS.","description_kind":"plain","optional":true},"password":{"type":"string","description":"The password to use when authenticating with Cassandra.","description_kind":"plain","optional":true,"sensitive":true},"pem_bundle":{"type":"string","description":"Concatenated PEM blocks containing a certificate and private key; a certificate, private key, and issuing CA certificate; or just a CA certificate.","description_kind":"plain","optional":true,"sensitive":true},"pem_json":{"type":"string","description":"Specifies JSON containing a certificate and private key; a certificate, private key, and issuing CA certificate; or just a CA certificate.","description_kind":"plain","optional":true,"sensitive":true},"port":{"type":"number","description":"The transport port to use to connect to Cassandra.","description_kind":"plain","optional":true},"protocol_version":{"type":"number","description":"The CQL protocol version to use.","description_kind":"plain","optional":true},"tls":{"type":"bool","description":"Whether to use TLS when connecting to Cassandra.","description_kind":"plain","optional":true},"username":{"type":"string","description":"The username to use when authenticating with Cassandra.","description_kind":"plain","optional":true}},"description":"Connection parameters for the cassandra-database-plugin plugin.","description_kind":"plain"},"max_items":1},"couchbase":{"nesting_mode":"list","block":{"attributes":{"base64_pem":{"type":"string","description":"Required if `tls` is `true`. Specifies the certificate authority of the Couchbase server, as a PEM certificate that has been base64 encoded.","description_kind":"plain","optional":true,"sensitive":true},"bucket_name":{"type":"string","description":"Required for Couchbase versions prior to 6.5.0. This is only used to verify vault's connection to the server.","description_kind":"plain","optional":true},"hosts":{"type":["list","string"],"description":"A set of Couchbase URIs to connect to. Must use `couchbases://` scheme if `tls` is `true`.","description_kind":"plain","required":true},"insecure_tls":{"type":"bool","description":" Specifies whether to skip verification of the server certificate when using TLS.","description_kind":"plain","optional":true},"password":{"type":"string","description":"Specifies the password corresponding to the given username.","description_kind":"plain","required":true,"sensitive":true},"tls":{"type":"bool","description":"Specifies whether to use TLS when connecting to Couchbase.","description_kind":"plain","optional":true},"username":{"type":"string","description":"Specifies the username for Vault to use.","description_kind":"plain","required":true},"username_template":{"type":"string","description":"Template describing how dynamic usernames are generated.","description_kind":"plain","optional":true}},"description":"Connection parameters for the couchbase-database-plugin plugin.","description_kind":"plain"},"max_items":1},"elasticsearch":{"nesting_mode":"list","block":{"attributes":{"ca_cert":{"type":"string","description":"The path to a PEM-encoded CA cert file to use to verify the Elasticsearch server's identity","description_kind":"plain","optional":true},"ca_path":{"type":"string","description":"The path to a directory of PEM-encoded CA cert files to use to verify the Elasticsearch server's identity","description_kind":"plain","optional":true},"client_cert":{"type":"string","description":"The path to the certificate for the Elasticsearch client to present for communication","description_kind":"plain","optional":true},"client_key":{"type":"string","description":"The path to the key for the Elasticsearch client to use for communication","description_kind":"plain","optional":true},"insecure":{"type":"bool","description":"Whether to disable certificate verification","description_kind":"plain","optional":true},"password":{"type":"string","description":"The password to be used in the connection URL","description_kind":"plain","required":true,"sensitive":true},"tls_server_name":{"type":"string","description":"This, if set, is used to set the SNI host when connecting via TLS","description_kind":"plain","optional":true},"url":{"type":"string","description":"The URL for Elasticsearch's API","description_kind":"plain","required":true},"username":{"type":"string","description":"The username to be used in the connection URL","description_kind":"plain","required":true},"username_template":{"type":"string","description":"Template describing how dynamic usernames are generated.","description_kind":"plain","optional":true}},"description":"Connection parameters for the elasticsearch-database-plugin.","description_kind":"plain"},"max_items":1},"hana":{"nesting_mode":"list","block":{"attributes":{"connection_url":{"type":"string","description":"Connection string to use to connect to the database.","description_kind":"plain","optional":true},"disable_escaping":{"type":"bool","description":"Disable special character escaping in username and password","description_kind":"plain","optional":true},"max_connection_lifetime":{"type":"number","description":"Maximum number of seconds a connection may be reused.","description_kind":"plain","optional":true},"max_idle_connections":{"type":"number","description":"Maximum number of idle connections to the database.","description_kind":"plain","optional":true},"max_open_connections":{"type":"number","description":"Maximum number of open connections to the database.","description_kind":"plain","optional":true},"password":{"type":"string","description":"The root credential password used in the connection URL","description_kind":"plain","optional":true,"sensitive":true},"username":{"type":"string","description":"The root credential username used in the connection URL","description_kind":"plain","optional":true}},"description":"Connection parameters for the hana-database-plugin plugin.","description_kind":"plain"},"max_items":1},"influxdb":{"nesting_mode":"list","block":{"attributes":{"connect_timeout":{"type":"number","description":"The number of seconds to use as a connection timeout.","description_kind":"plain","optional":true},"host":{"type":"string","description":"Influxdb host to connect to.","description_kind":"plain","required":true},"insecure_tls":{"type":"bool","description":"Whether to skip verification of the server certificate when using TLS.","description_kind":"plain","optional":true},"password":{"type":"string","description":"Specifies the password corresponding to the given username.","description_kind":"plain","required":true,"sensitive":true},"pem_bundle":{"type":"string","description":"Concatenated PEM blocks containing a certificate and private key; a certificate, private key, and issuing CA certificate; or just a CA certificate.","description_kind":"plain","optional":true,"sensitive":true},"pem_json":{"type":"string","description":"Specifies JSON containing a certificate and private key; a certificate, private key, and issuing CA certificate; or just a CA certificate.","description_kind":"plain","optional":true,"sensitive":true},"port":{"type":"number","description":"The transport port to use to connect to Influxdb.","description_kind":"plain","optional":true},"tls":{"type":"bool","description":"Whether to use TLS when connecting to Influxdb.","description_kind":"plain","optional":true},"username":{"type":"string","description":"Specifies the username to use for superuser access.","description_kind":"plain","required":true},"username_template":{"type":"string","description":"Template describing how dynamic usernames are generated.","description_kind":"plain","optional":true}},"description":"Connection parameters for the influxdb-database-plugin plugin.","description_kind":"plain"},"max_items":1},"mongodb":{"nesting_mode":"list","block":{"attributes":{"connection_url":{"type":"string","description":"Connection string to use to connect to the database.","description_kind":"plain","optional":true},"max_connection_lifetime":{"type":"number","description":"Maximum number of seconds a connection may be reused.","description_kind":"plain","optional":true},"max_idle_connections":{"type":"number","description":"Maximum number of idle connections to the database.","description_kind":"plain","optional":true},"max_open_connections":{"type":"number","description":"Maximum number of open connections to the database.","description_kind":"plain","optional":true},"password":{"type":"string","description":"The root credential password used in the connection URL","description_kind":"plain","optional":true,"sensitive":true},"username":{"type":"string","description":"The root credential username used in the connection URL","description_kind":"plain","optional":true},"username_template":{"type":"string","description":"Username generation template.","description_kind":"plain","optional":true}},"description":"Connection parameters for the mongodb-database-plugin plugin.","description_kind":"plain"},"max_items":1},"mongodbatlas":{"nesting_mode":"list","block":{"attributes":{"private_key":{"type":"string","description":"The Private Programmatic API Key used to connect with MongoDB Atlas API.","description_kind":"plain","required":true,"sensitive":true},"project_id":{"type":"string","description":"The Project ID the Database User should be created within.","description_kind":"plain","required":true},"public_key":{"type":"string","description":"The Public Programmatic API Key used to authenticate with the MongoDB Atlas API.","description_kind":"plain","required":true}},"description":"Connection parameters for the mongodbatlas-database-plugin plugin.","description_kind":"plain"},"max_items":1},"mssql":{"nesting_mode":"list","block":{"attributes":{"connection_url":{"type":"string","description":"Connection string to use to connect to the database.","description_kind":"plain","optional":true},"contained_db":{"type":"bool","description":"Set to true when the target is a Contained Database, e.g. AzureSQL.","description_kind":"plain","optional":true},"disable_escaping":{"type":"bool","description":"Disable special character escaping in username and password","description_kind":"plain","optional":true},"max_connection_lifetime":{"type":"number","description":"Maximum number of seconds a connection may be reused.","description_kind":"plain","optional":true},"max_idle_connections":{"type":"number","description":"Maximum number of idle connections to the database.","description_kind":"plain","optional":true},"max_open_connections":{"type":"number","description":"Maximum number of open connections to the database.","description_kind":"plain","optional":true},"password":{"type":"string","description":"The root credential password used in the connection URL","description_kind":"plain","optional":true,"sensitive":true},"username":{"type":"string","description":"The root credential username used in the connection URL","description_kind":"plain","optional":true},"username_template":{"type":"string","description":"Username generation template.","description_kind":"plain","optional":true}},"description":"Connection parameters for the mssql-database-plugin plugin.","description_kind":"plain"},"max_items":1},"mysql":{"nesting_mode":"list","block":{"attributes":{"connection_url":{"type":"string","description":"Connection string to use to connect to the database.","description_kind":"plain","optional":true},"max_connection_lifetime":{"type":"number","description":"Maximum number of seconds a connection may be reused.","description_kind":"plain","optional":true},"max_idle_connections":{"type":"number","description":"Maximum number of idle connections to the database.","description_kind":"plain","optional":true},"max_open_connections":{"type":"number","description":"Maximum number of open connections to the database.","description_kind":"plain","optional":true},"password":{"type":"string","description":"The root credential password used in the connection URL","description_kind":"plain","optional":true,"sensitive":true},"tls_ca":{"type":"string","description":"x509 CA file for validating the certificate presented by the MySQL server. Must be PEM encoded.","description_kind":"plain","optional":true},"tls_certificate_key":{"type":"string","description":"x509 certificate for connecting to the database. This must be a PEM encoded version of the private key and the certificate combined.","description_kind":"plain","optional":true,"sensitive":true},"username":{"type":"string","description":"The root credential username used in the connection URL","description_kind":"plain","optional":true},"username_template":{"type":"string","description":"Username generation template.","description_kind":"plain","optional":true}},"description":"Connection parameters for the mysql-database-plugin plugin.","description_kind":"plain"},"max_items":1},"mysql_aurora":{"nesting_mode":"list","block":{"attributes":{"connection_url":{"type":"string","description":"Connection string to use to connect to the database.","description_kind":"plain","optional":true},"max_connection_lifetime":{"type":"number","description":"Maximum number of seconds a connection may be reused.","description_kind":"plain","optional":true},"max_idle_connections":{"type":"number","description":"Maximum number of idle connections to the database.","description_kind":"plain","optional":true},"max_open_connections":{"type":"number","description":"Maximum number of open connections to the database.","description_kind":"plain","optional":true},"password":{"type":"string","description":"The root credential password used in the connection URL","description_kind":"plain","optional":true,"sensitive":true},"username":{"type":"string","description":"The root credential username used in the connection URL","description_kind":"plain","optional":true},"username_template":{"type":"string","description":"Username generation template.","description_kind":"plain","optional":true}},"description":"Connection parameters for the mysql-aurora-database-plugin plugin.","description_kind":"plain"},"max_items":1},"mysql_legacy":{"nesting_mode":"list","block":{"attributes":{"connection_url":{"type":"string","description":"Connection string to use to connect to the database.","description_kind":"plain","optional":true},"max_connection_lifetime":{"type":"number","description":"Maximum number of seconds a connection may be reused.","description_kind":"plain","optional":true},"max_idle_connections":{"type":"number","description":"Maximum number of idle connections to the database.","description_kind":"plain","optional":true},"max_open_connections":{"type":"number","description":"Maximum number of open connections to the database.","description_kind":"plain","optional":true},"password":{"type":"string","description":"The root credential password used in the connection URL","description_kind":"plain","optional":true,"sensitive":true},"username":{"type":"string","description":"The root credential username used in the connection URL","description_kind":"plain","optional":true},"username_template":{"type":"string","description":"Username generation template.","description_kind":"plain","optional":true}},"description":"Connection parameters for the mysql-legacy-database-plugin plugin.","description_kind":"plain"},"max_items":1},"mysql_rds":{"nesting_mode":"list","block":{"attributes":{"connection_url":{"type":"string","description":"Connection string to use to connect to the database.","description_kind":"plain","optional":true},"max_connection_lifetime":{"type":"number","description":"Maximum number of seconds a connection may be reused.","description_kind":"plain","optional":true},"max_idle_connections":{"type":"number","description":"Maximum number of idle connections to the database.","description_kind":"plain","optional":true},"max_open_connections":{"type":"number","description":"Maximum number of open connections to the database.","description_kind":"plain","optional":true},"password":{"type":"string","description":"The root credential password used in the connection URL","description_kind":"plain","optional":true,"sensitive":true},"username":{"type":"string","description":"The root credential username used in the connection URL","description_kind":"plain","optional":true},"username_template":{"type":"string","description":"Username generation template.","description_kind":"plain","optional":true}},"description":"Connection parameters for the mysql-rds-database-plugin plugin.","description_kind":"plain"},"max_items":1},"oracle":{"nesting_mode":"list","block":{"attributes":{"connection_url":{"type":"string","description":"Connection string to use to connect to the database.","description_kind":"plain","optional":true},"max_connection_lifetime":{"type":"number","description":"Maximum number of seconds a connection may be reused.","description_kind":"plain","optional":true},"max_idle_connections":{"type":"number","description":"Maximum number of idle connections to the database.","description_kind":"plain","optional":true},"max_open_connections":{"type":"number","description":"Maximum number of open connections to the database.","description_kind":"plain","optional":true},"password":{"type":"string","description":"The root credential password used in the connection URL","description_kind":"plain","optional":true,"sensitive":true},"username":{"type":"string","description":"The root credential username used in the connection URL","description_kind":"plain","optional":true},"username_template":{"type":"string","description":"Username generation template.","description_kind":"plain","optional":true}},"description":"Connection parameters for the oracle-database-plugin plugin.","description_kind":"plain"},"max_items":1},"postgresql":{"nesting_mode":"list","block":{"attributes":{"connection_url":{"type":"string","description":"Connection string to use to connect to the database.","description_kind":"plain","optional":true},"disable_escaping":{"type":"bool","description":"Disable special character escaping in username and password","description_kind":"plain","optional":true},"max_connection_lifetime":{"type":"number","description":"Maximum number of seconds a connection may be reused.","description_kind":"plain","optional":true},"max_idle_connections":{"type":"number","description":"Maximum number of idle connections to the database.","description_kind":"plain","optional":true},"max_open_connections":{"type":"number","description":"Maximum number of open connections to the database.","description_kind":"plain","optional":true},"password":{"type":"string","description":"The root credential password used in the connection URL","description_kind":"plain","optional":true,"sensitive":true},"username":{"type":"string","description":"The root credential username used in the connection URL","description_kind":"plain","optional":true},"username_template":{"type":"string","description":"Username generation template.","description_kind":"plain","optional":true}},"description":"Connection parameters for the postgresql-database-plugin plugin.","description_kind":"plain"},"max_items":1},"redshift":{"nesting_mode":"list","block":{"attributes":{"connection_url":{"type":"string","description":"Connection string to use to connect to the database.","description_kind":"plain","optional":true},"disable_escaping":{"type":"bool","description":"Disable special character escaping in username and password","description_kind":"plain","optional":true},"max_connection_lifetime":{"type":"number","description":"Maximum number of seconds a connection may be reused.","description_kind":"plain","optional":true},"max_idle_connections":{"type":"number","description":"Maximum number of idle connections to the database.","description_kind":"plain","optional":true},"max_open_connections":{"type":"number","description":"Maximum number of open connections to the database.","description_kind":"plain","optional":true},"password":{"type":"string","description":"The root credential password used in the connection URL","description_kind":"plain","optional":true,"sensitive":true},"username":{"type":"string","description":"The root credential username used in the connection URL","description_kind":"plain","optional":true},"username_template":{"type":"string","description":"Username generation template.","description_kind":"plain","optional":true}},"description":"Connection parameters for the redshift-database-plugin plugin.","description_kind":"plain"},"max_items":1},"snowflake":{"nesting_mode":"list","block":{"attributes":{"connection_url":{"type":"string","description":"Connection string to use to connect to the database.","description_kind":"plain","optional":true},"max_connection_lifetime":{"type":"number","description":"Maximum number of seconds a connection may be reused.","description_kind":"plain","optional":true},"max_idle_connections":{"type":"number","description":"Maximum number of idle connections to the database.","description_kind":"plain","optional":true},"max_open_connections":{"type":"number","description":"Maximum number of open connections to the database.","description_kind":"plain","optional":true},"password":{"type":"string","description":"The root credential password used in the connection URL","description_kind":"plain","optional":true,"sensitive":true},"username":{"type":"string","description":"The root credential username used in the connection URL","description_kind":"plain","optional":true},"username_template":{"type":"string","description":"Username generation template.","description_kind":"plain","optional":true}},"description":"Connection parameters for the snowflake-database-plugin plugin.","description_kind":"plain"},"max_items":1}},"description_kind":"plain"}},"vault_database_secret_backend_role":{"version":0,"block":{"attributes":{"backend":{"type":"string","description":"The path of the Database Secret Backend the role belongs to.","description_kind":"plain","required":true},"creation_statements":{"type":["list","string"],"description":"Database statements to execute to create and configure a user.","description_kind":"plain","required":true},"db_name":{"type":"string","description":"Database connection to use for this role.","description_kind":"plain","required":true},"default_ttl":{"type":"number","description":"Default TTL for leases associated with this role, in seconds.","description_kind":"plain","optional":true},"id":{"type":"string","description_kind":"plain","optional":true,"computed":true},"max_ttl":{"type":"number","description":"Maximum TTL for leases associated with this role, in seconds.","description_kind":"plain","optional":true},"name":{"type":"string","description":"Unique name for the role.","description_kind":"plain","required":true},"namespace":{"type":"string","description":"Target namespace. (requires Enterprise)","description_kind":"plain","optional":true},"renew_statements":{"type":["list","string"],"description":"Database statements to execute to renew a user.","description_kind":"plain","optional":true},"revocation_statements":{"type":["list","string"],"description":"Database statements to execute to revoke a user.","description_kind":"plain","optional":true},"rollback_statements":{"type":["list","string"],"description":"Database statements to execute to rollback a create operation in the event of an error.","description_kind":"plain","optional":true}},"description_kind":"plain"}},"vault_database_secret_backend_static_role":{"version":0,"block":{"attributes":{"backend":{"type":"string","description":"The path of the Database Secret Backend the role belongs to.","description_kind":"plain","required":true},"db_name":{"type":"string","description":"Database connection to use for this role.","description_kind":"plain","required":true},"id":{"type":"string","description_kind":"plain","optional":true,"computed":true},"name":{"type":"string","description":"Unique name for the static role.","description_kind":"plain","required":true},"namespace":{"type":"string","description":"Target namespace. (requires Enterprise)","description_kind":"plain","optional":true},"rotation_period":{"type":"number","description":"The amount of time Vault should wait before rotating the password, in seconds.","description_kind":"plain","required":true},"rotation_statements":{"type":["list","string"],"description":"Database statements to execute to rotate the password for the configured database user.","description_kind":"plain","optional":true},"username":{"type":"string","description":"The database username that this role corresponds to.","description_kind":"plain","required":true}},"description_kind":"plain"}},"vault_database_secrets_mount":{"version":0,"block":{"attributes":{"accessor":{"type":"string","description":"Accessor of the mount","description_kind":"plain","computed":true},"audit_non_hmac_request_keys":{"type":["list","string"],"description":"Specifies the list of keys that will not be HMAC'd by audit devices in the request data object.","description_kind":"plain","optional":true,"computed":true},"audit_non_hmac_response_keys":{"type":["list","string"],"description":"Specifies the list of keys that will not be HMAC'd by audit devices in the response data object.","description_kind":"plain","optional":true,"computed":true},"default_lease_ttl_seconds":{"type":"number","description":"Default lease duration for tokens and secrets in seconds","description_kind":"plain","optional":true,"computed":true},"description":{"type":"string","description":"Human-friendly description of the mount","description_kind":"plain","optional":true},"engine_count":{"type":"number","description":"Total number of database secret engines configured under the mount.","description_kind":"plain","computed":true},"external_entropy_access":{"type":"bool","description":"Enable the secrets engine to access Vault's external entropy source","description_kind":"plain","optional":true},"id":{"type":"string","description_kind":"plain","optional":true,"computed":true},"local":{"type":"bool","description":"Local mount flag that can be explicitly set to true to enforce local mount in HA environment","description_kind":"plain","optional":true},"max_lease_ttl_seconds":{"type":"number","description":"Maximum possible lease duration for tokens and secrets in seconds","description_kind":"plain","optional":true,"computed":true},"namespace":{"type":"string","description":"Target namespace. (requires Enterprise)","description_kind":"plain","optional":true},"options":{"type":["map","string"],"description":"Specifies mount type specific options that are passed to the backend","description_kind":"plain","optional":true},"path":{"type":"string","description":"Where the secret backend will be mounted","description_kind":"plain","required":true},"seal_wrap":{"type":"bool","description":"Enable seal wrapping for the mount, causing values stored by the mount to be wrapped by the seal's encryption capability","description_kind":"plain","optional":true,"computed":true}},"block_types":{"cassandra":{"nesting_mode":"list","block":{"attributes":{"allowed_roles":{"type":["list","string"],"description":"A list of roles that are allowed to use this connection.","description_kind":"plain","optional":true},"connect_timeout":{"type":"number","description":"The number of seconds to use as a connection timeout.","description_kind":"plain","optional":true},"data":{"type":["map","string"],"description":"A map of sensitive data to pass to the endpoint. Useful for templated connection strings.","description_kind":"plain","optional":true},"hosts":{"type":["list","string"],"description":"Cassandra hosts to connect to.","description_kind":"plain","optional":true},"insecure_tls":{"type":"bool","description":"Whether to skip verification of the server certificate when using TLS.","description_kind":"plain","optional":true},"name":{"type":"string","description":"Name of the database connection.","description_kind":"plain","required":true},"password":{"type":"string","description":"The password to use when authenticating with Cassandra.","description_kind":"plain","optional":true,"sensitive":true},"pem_bundle":{"type":"string","description":"Concatenated PEM blocks containing a certificate and private key; a certificate, private key, and issuing CA certificate; or just a CA certificate.","description_kind":"plain","optional":true,"sensitive":true},"pem_json":{"type":"string","description":"Specifies JSON containing a certificate and private key; a certificate, private key, and issuing CA certificate; or just a CA certificate.","description_kind":"plain","optional":true,"sensitive":true},"plugin_name":{"type":"string","description":"Specifies the name of the plugin to use for this connection. Must be prefixed with the name of one of the supported database engine types.","description_kind":"plain","optional":true,"computed":true},"port":{"type":"number","description":"The transport port to use to connect to Cassandra.","description_kind":"plain","optional":true},"protocol_version":{"type":"number","description":"The CQL protocol version to use.","description_kind":"plain","optional":true},"root_rotation_statements":{"type":["list","string"],"description":"A list of database statements to be executed to rotate the root user's credentials.","description_kind":"plain","optional":true},"tls":{"type":"bool","description":"Whether to use TLS when connecting to Cassandra.","description_kind":"plain","optional":true},"username":{"type":"string","description":"The username to use when authenticating with Cassandra.","description_kind":"plain","optional":true},"verify_connection":{"type":"bool","description":"Specifies if the connection is verified during initial configuration.","description_kind":"plain","optional":true}},"description":"Connection parameters for the cassandra-database-plugin plugin.","description_kind":"plain"}},"couchbase":{"nesting_mode":"list","block":{"attributes":{"allowed_roles":{"type":["list","string"],"description":"A list of roles that are allowed to use this connection.","description_kind":"plain","optional":true},"base64_pem":{"type":"string","description":"Required if `tls` is `true`. Specifies the certificate authority of the Couchbase server, as a PEM certificate that has been base64 encoded.","description_kind":"plain","optional":true,"sensitive":true},"bucket_name":{"type":"string","description":"Required for Couchbase versions prior to 6.5.0. This is only used to verify vault's connection to the server.","description_kind":"plain","optional":true},"data":{"type":["map","string"],"description":"A map of sensitive data to pass to the endpoint. Useful for templated connection strings.","description_kind":"plain","optional":true},"hosts":{"type":["list","string"],"description":"A set of Couchbase URIs to connect to. Must use `couchbases://` scheme if `tls` is `true`.","description_kind":"plain","required":true},"insecure_tls":{"type":"bool","description":" Specifies whether to skip verification of the server certificate when using TLS.","description_kind":"plain","optional":true},"name":{"type":"string","description":"Name of the database connection.","description_kind":"plain","required":true},"password":{"type":"string","description":"Specifies the password corresponding to the given username.","description_kind":"plain","required":true,"sensitive":true},"plugin_name":{"type":"string","description":"Specifies the name of the plugin to use for this connection. Must be prefixed with the name of one of the supported database engine types.","description_kind":"plain","optional":true,"computed":true},"root_rotation_statements":{"type":["list","string"],"description":"A list of database statements to be executed to rotate the root user's credentials.","description_kind":"plain","optional":true},"tls":{"type":"bool","description":"Specifies whether to use TLS when connecting to Couchbase.","description_kind":"plain","optional":true},"username":{"type":"string","description":"Specifies the username for Vault to use.","description_kind":"plain","required":true},"username_template":{"type":"string","description":"Template describing how dynamic usernames are generated.","description_kind":"plain","optional":true},"verify_connection":{"type":"bool","description":"Specifies if the connection is verified during initial configuration.","description_kind":"plain","optional":true}},"description":"Connection parameters for the couchbase-database-plugin plugin.","description_kind":"plain"}},"elasticsearch":{"nesting_mode":"list","block":{"attributes":{"allowed_roles":{"type":["list","string"],"description":"A list of roles that are allowed to use this connection.","description_kind":"plain","optional":true},"ca_cert":{"type":"string","description":"The path to a PEM-encoded CA cert file to use to verify the Elasticsearch server's identity","description_kind":"plain","optional":true},"ca_path":{"type":"string","description":"The path to a directory of PEM-encoded CA cert files to use to verify the Elasticsearch server's identity","description_kind":"plain","optional":true},"client_cert":{"type":"string","description":"The path to the certificate for the Elasticsearch client to present for communication","description_kind":"plain","optional":true},"client_key":{"type":"string","description":"The path to the key for the Elasticsearch client to use for communication","description_kind":"plain","optional":true},"data":{"type":["map","string"],"description":"A map of sensitive data to pass to the endpoint. Useful for templated connection strings.","description_kind":"plain","optional":true},"insecure":{"type":"bool","description":"Whether to disable certificate verification","description_kind":"plain","optional":true},"name":{"type":"string","description":"Name of the database connection.","description_kind":"plain","required":true},"password":{"type":"string","description":"The password to be used in the connection URL","description_kind":"plain","required":true,"sensitive":true},"plugin_name":{"type":"string","description":"Specifies the name of the plugin to use for this connection. Must be prefixed with the name of one of the supported database engine types.","description_kind":"plain","optional":true,"computed":true},"root_rotation_statements":{"type":["list","string"],"description":"A list of database statements to be executed to rotate the root user's credentials.","description_kind":"plain","optional":true},"tls_server_name":{"type":"string","description":"This, if set, is used to set the SNI host when connecting via TLS","description_kind":"plain","optional":true},"url":{"type":"string","description":"The URL for Elasticsearch's API","description_kind":"plain","required":true},"username":{"type":"string","description":"The username to be used in the connection URL","description_kind":"plain","required":true},"username_template":{"type":"string","description":"Template describing how dynamic usernames are generated.","description_kind":"plain","optional":true},"verify_connection":{"type":"bool","description":"Specifies if the connection is verified during initial configuration.","description_kind":"plain","optional":true}},"description":"Connection parameters for the elasticsearch-database-plugin.","description_kind":"plain"}},"hana":{"nesting_mode":"list","block":{"attributes":{"allowed_roles":{"type":["list","string"],"description":"A list of roles that are allowed to use this connection.","description_kind":"plain","optional":true},"connection_url":{"type":"string","description":"Connection string to use to connect to the database.","description_kind":"plain","optional":true},"data":{"type":["map","string"],"description":"A map of sensitive data to pass to the endpoint. Useful for templated connection strings.","description_kind":"plain","optional":true},"disable_escaping":{"type":"bool","description":"Disable special character escaping in username and password","description_kind":"plain","optional":true},"max_connection_lifetime":{"type":"number","description":"Maximum number of seconds a connection may be reused.","description_kind":"plain","optional":true},"max_idle_connections":{"type":"number","description":"Maximum number of idle connections to the database.","description_kind":"plain","optional":true},"max_open_connections":{"type":"number","description":"Maximum number of open connections to the database.","description_kind":"plain","optional":true},"name":{"type":"string","description":"Name of the database connection.","description_kind":"plain","required":true},"password":{"type":"string","description":"The root credential password used in the connection URL","description_kind":"plain","optional":true,"sensitive":true},"plugin_name":{"type":"string","description":"Specifies the name of the plugin to use for this connection. Must be prefixed with the name of one of the supported database engine types.","description_kind":"plain","optional":true,"computed":true},"root_rotation_statements":{"type":["list","string"],"description":"A list of database statements to be executed to rotate the root user's credentials.","description_kind":"plain","optional":true},"username":{"type":"string","description":"The root credential username used in the connection URL","description_kind":"plain","optional":true},"verify_connection":{"type":"bool","description":"Specifies if the connection is verified during initial configuration.","description_kind":"plain","optional":true}},"description":"Connection parameters for the hana-database-plugin plugin.","description_kind":"plain"}},"influxdb":{"nesting_mode":"list","block":{"attributes":{"allowed_roles":{"type":["list","string"],"description":"A list of roles that are allowed to use this connection.","description_kind":"plain","optional":true},"connect_timeout":{"type":"number","description":"The number of seconds to use as a connection timeout.","description_kind":"plain","optional":true},"data":{"type":["map","string"],"description":"A map of sensitive data to pass to the endpoint. Useful for templated connection strings.","description_kind":"plain","optional":true},"host":{"type":"string","description":"Influxdb host to connect to.","description_kind":"plain","required":true},"insecure_tls":{"type":"bool","description":"Whether to skip verification of the server certificate when using TLS.","description_kind":"plain","optional":true},"name":{"type":"string","description":"Name of the database connection.","description_kind":"plain","required":true},"password":{"type":"string","description":"Specifies the password corresponding to the given username.","description_kind":"plain","required":true,"sensitive":true},"pem_bundle":{"type":"string","description":"Concatenated PEM blocks containing a certificate and private key; a certificate, private key, and issuing CA certificate; or just a CA certificate.","description_kind":"plain","optional":true,"sensitive":true},"pem_json":{"type":"string","description":"Specifies JSON containing a certificate and private key; a certificate, private key, and issuing CA certificate; or just a CA certificate.","description_kind":"plain","optional":true,"sensitive":true},"plugin_name":{"type":"string","description":"Specifies the name of the plugin to use for this connection. Must be prefixed with the name of one of the supported database engine types.","description_kind":"plain","optional":true,"computed":true},"port":{"type":"number","description":"The transport port to use to connect to Influxdb.","description_kind":"plain","optional":true},"root_rotation_statements":{"type":["list","string"],"description":"A list of database statements to be executed to rotate the root user's credentials.","description_kind":"plain","optional":true},"tls":{"type":"bool","description":"Whether to use TLS when connecting to Influxdb.","description_kind":"plain","optional":true},"username":{"type":"string","description":"Specifies the username to use for superuser access.","description_kind":"plain","required":true},"username_template":{"type":"string","description":"Template describing how dynamic usernames are generated.","description_kind":"plain","optional":true},"verify_connection":{"type":"bool","description":"Specifies if the connection is verified during initial configuration.","description_kind":"plain","optional":true}},"description":"Connection parameters for the influxdb-database-plugin plugin.","description_kind":"plain"}},"mongodb":{"nesting_mode":"list","block":{"attributes":{"allowed_roles":{"type":["list","string"],"description":"A list of roles that are allowed to use this connection.","description_kind":"plain","optional":true},"connection_url":{"type":"string","description":"Connection string to use to connect to the database.","description_kind":"plain","optional":true},"data":{"type":["map","string"],"description":"A map of sensitive data to pass to the endpoint. Useful for templated connection strings.","description_kind":"plain","optional":true},"max_connection_lifetime":{"type":"number","description":"Maximum number of seconds a connection may be reused.","description_kind":"plain","optional":true},"max_idle_connections":{"type":"number","description":"Maximum number of idle connections to the database.","description_kind":"plain","optional":true},"max_open_connections":{"type":"number","description":"Maximum number of open connections to the database.","description_kind":"plain","optional":true},"name":{"type":"string","description":"Name of the database connection.","description_kind":"plain","required":true},"password":{"type":"string","description":"The root credential password used in the connection URL","description_kind":"plain","optional":true,"sensitive":true},"plugin_name":{"type":"string","description":"Specifies the name of the plugin to use for this connection. Must be prefixed with the name of one of the supported database engine types.","description_kind":"plain","optional":true,"computed":true},"root_rotation_statements":{"type":["list","string"],"description":"A list of database statements to be executed to rotate the root user's credentials.","description_kind":"plain","optional":true},"username":{"type":"string","description":"The root credential username used in the connection URL","description_kind":"plain","optional":true},"username_template":{"type":"string","description":"Username generation template.","description_kind":"plain","optional":true},"verify_connection":{"type":"bool","description":"Specifies if the connection is verified during initial configuration.","description_kind":"plain","optional":true}},"description":"Connection parameters for the mongodb-database-plugin plugin.","description_kind":"plain"}},"mongodbatlas":{"nesting_mode":"list","block":{"attributes":{"allowed_roles":{"type":["list","string"],"description":"A list of roles that are allowed to use this connection.","description_kind":"plain","optional":true},"data":{"type":["map","string"],"description":"A map of sensitive data to pass to the endpoint. Useful for templated connection strings.","description_kind":"plain","optional":true},"name":{"type":"string","description":"Name of the database connection.","description_kind":"plain","required":true},"plugin_name":{"type":"string","description":"Specifies the name of the plugin to use for this connection. Must be prefixed with the name of one of the supported database engine types.","description_kind":"plain","optional":true,"computed":true},"private_key":{"type":"string","description":"The Private Programmatic API Key used to connect with MongoDB Atlas API.","description_kind":"plain","required":true,"sensitive":true},"project_id":{"type":"string","description":"The Project ID the Database User should be created within.","description_kind":"plain","required":true},"public_key":{"type":"string","description":"The Public Programmatic API Key used to authenticate with the MongoDB Atlas API.","description_kind":"plain","required":true},"root_rotation_statements":{"type":["list","string"],"description":"A list of database statements to be executed to rotate the root user's credentials.","description_kind":"plain","optional":true},"verify_connection":{"type":"bool","description":"Specifies if the connection is verified during initial configuration.","description_kind":"plain","optional":true}},"description":"Connection parameters for the mongodbatlas-database-plugin plugin.","description_kind":"plain"}},"mssql":{"nesting_mode":"list","block":{"attributes":{"allowed_roles":{"type":["list","string"],"description":"A list of roles that are allowed to use this connection.","description_kind":"plain","optional":true},"connection_url":{"type":"string","description":"Connection string to use to connect to the database.","description_kind":"plain","optional":true},"contained_db":{"type":"bool","description":"Set to true when the target is a Contained Database, e.g. AzureSQL.","description_kind":"plain","optional":true},"data":{"type":["map","string"],"description":"A map of sensitive data to pass to the endpoint. Useful for templated connection strings.","description_kind":"plain","optional":true},"disable_escaping":{"type":"bool","description":"Disable special character escaping in username and password","description_kind":"plain","optional":true},"max_connection_lifetime":{"type":"number","description":"Maximum number of seconds a connection may be reused.","description_kind":"plain","optional":true},"max_idle_connections":{"type":"number","description":"Maximum number of idle connections to the database.","description_kind":"plain","optional":true},"max_open_connections":{"type":"number","description":"Maximum number of open connections to the database.","description_kind":"plain","optional":true},"name":{"type":"string","description":"Name of the database connection.","description_kind":"plain","required":true},"password":{"type":"string","description":"The root credential password used in the connection URL","description_kind":"plain","optional":true,"sensitive":true},"plugin_name":{"type":"string","description":"Specifies the name of the plugin to use for this connection. Must be prefixed with the name of one of the supported database engine types.","description_kind":"plain","optional":true,"computed":true},"root_rotation_statements":{"type":["list","string"],"description":"A list of database statements to be executed to rotate the root user's credentials.","description_kind":"plain","optional":true},"username":{"type":"string","description":"The root credential username used in the connection URL","description_kind":"plain","optional":true},"username_template":{"type":"string","description":"Username generation template.","description_kind":"plain","optional":true},"verify_connection":{"type":"bool","description":"Specifies if the connection is verified during initial configuration.","description_kind":"plain","optional":true}},"description":"Connection parameters for the mssql-database-plugin plugin.","description_kind":"plain"}},"mysql":{"nesting_mode":"list","block":{"attributes":{"allowed_roles":{"type":["list","string"],"description":"A list of roles that are allowed to use this connection.","description_kind":"plain","optional":true},"connection_url":{"type":"string","description":"Connection string to use to connect to the database.","description_kind":"plain","optional":true},"data":{"type":["map","string"],"description":"A map of sensitive data to pass to the endpoint. Useful for templated connection strings.","description_kind":"plain","optional":true},"max_connection_lifetime":{"type":"number","description":"Maximum number of seconds a connection may be reused.","description_kind":"plain","optional":true},"max_idle_connections":{"type":"number","description":"Maximum number of idle connections to the database.","description_kind":"plain","optional":true},"max_open_connections":{"type":"number","description":"Maximum number of open connections to the database.","description_kind":"plain","optional":true},"name":{"type":"string","description":"Name of the database connection.","description_kind":"plain","required":true},"password":{"type":"string","description":"The root credential password used in the connection URL","description_kind":"plain","optional":true,"sensitive":true},"plugin_name":{"type":"string","description":"Specifies the name of the plugin to use for this connection. Must be prefixed with the name of one of the supported database engine types.","description_kind":"plain","optional":true,"computed":true},"root_rotation_statements":{"type":["list","string"],"description":"A list of database statements to be executed to rotate the root user's credentials.","description_kind":"plain","optional":true},"tls_ca":{"type":"string","description":"x509 CA file for validating the certificate presented by the MySQL server. Must be PEM encoded.","description_kind":"plain","optional":true},"tls_certificate_key":{"type":"string","description":"x509 certificate for connecting to the database. This must be a PEM encoded version of the private key and the certificate combined.","description_kind":"plain","optional":true,"sensitive":true},"username":{"type":"string","description":"The root credential username used in the connection URL","description_kind":"plain","optional":true},"username_template":{"type":"string","description":"Username generation template.","description_kind":"plain","optional":true},"verify_connection":{"type":"bool","description":"Specifies if the connection is verified during initial configuration.","description_kind":"plain","optional":true}},"description":"Connection parameters for the mysql-database-plugin plugin.","description_kind":"plain"}},"mysql_aurora":{"nesting_mode":"list","block":{"attributes":{"allowed_roles":{"type":["list","string"],"description":"A list of roles that are allowed to use this connection.","description_kind":"plain","optional":true},"connection_url":{"type":"string","description":"Connection string to use to connect to the database.","description_kind":"plain","optional":true},"data":{"type":["map","string"],"description":"A map of sensitive data to pass to the endpoint. Useful for templated connection strings.","description_kind":"plain","optional":true},"max_connection_lifetime":{"type":"number","description":"Maximum number of seconds a connection may be reused.","description_kind":"plain","optional":true},"max_idle_connections":{"type":"number","description":"Maximum number of idle connections to the database.","description_kind":"plain","optional":true},"max_open_connections":{"type":"number","description":"Maximum number of open connections to the database.","description_kind":"plain","optional":true},"name":{"type":"string","description":"Name of the database connection.","description_kind":"plain","required":true},"password":{"type":"string","description":"The root credential password used in the connection URL","description_kind":"plain","optional":true,"sensitive":true},"plugin_name":{"type":"string","description":"Specifies the name of the plugin to use for this connection. Must be prefixed with the name of one of the supported database engine types.","description_kind":"plain","optional":true,"computed":true},"root_rotation_statements":{"type":["list","string"],"description":"A list of database statements to be executed to rotate the root user's credentials.","description_kind":"plain","optional":true},"username":{"type":"string","description":"The root credential username used in the connection URL","description_kind":"plain","optional":true},"username_template":{"type":"string","description":"Username generation template.","description_kind":"plain","optional":true},"verify_connection":{"type":"bool","description":"Specifies if the connection is verified during initial configuration.","description_kind":"plain","optional":true}},"description":"Connection parameters for the mysql-aurora-database-plugin plugin.","description_kind":"plain"}},"mysql_legacy":{"nesting_mode":"list","block":{"attributes":{"allowed_roles":{"type":["list","string"],"description":"A list of roles that are allowed to use this connection.","description_kind":"plain","optional":true},"connection_url":{"type":"string","description":"Connection string to use to connect to the database.","description_kind":"plain","optional":true},"data":{"type":["map","string"],"description":"A map of sensitive data to pass to the endpoint. Useful for templated connection strings.","description_kind":"plain","optional":true},"max_connection_lifetime":{"type":"number","description":"Maximum number of seconds a connection may be reused.","description_kind":"plain","optional":true},"max_idle_connections":{"type":"number","description":"Maximum number of idle connections to the database.","description_kind":"plain","optional":true},"max_open_connections":{"type":"number","description":"Maximum number of open connections to the database.","description_kind":"plain","optional":true},"name":{"type":"string","description":"Name of the database connection.","description_kind":"plain","required":true},"password":{"type":"string","description":"The root credential password used in the connection URL","description_kind":"plain","optional":true,"sensitive":true},"plugin_name":{"type":"string","description":"Specifies the name of the plugin to use for this connection. Must be prefixed with the name of one of the supported database engine types.","description_kind":"plain","optional":true,"computed":true},"root_rotation_statements":{"type":["list","string"],"description":"A list of database statements to be executed to rotate the root user's credentials.","description_kind":"plain","optional":true},"username":{"type":"string","description":"The root credential username used in the connection URL","description_kind":"plain","optional":true},"username_template":{"type":"string","description":"Username generation template.","description_kind":"plain","optional":true},"verify_connection":{"type":"bool","description":"Specifies if the connection is verified during initial configuration.","description_kind":"plain","optional":true}},"description":"Connection parameters for the mysql-legacy-database-plugin plugin.","description_kind":"plain"}},"mysql_rds":{"nesting_mode":"list","block":{"attributes":{"allowed_roles":{"type":["list","string"],"description":"A list of roles that are allowed to use this connection.","description_kind":"plain","optional":true},"connection_url":{"type":"string","description":"Connection string to use to connect to the database.","description_kind":"plain","optional":true},"data":{"type":["map","string"],"description":"A map of sensitive data to pass to the endpoint. Useful for templated connection strings.","description_kind":"plain","optional":true},"max_connection_lifetime":{"type":"number","description":"Maximum number of seconds a connection may be reused.","description_kind":"plain","optional":true},"max_idle_connections":{"type":"number","description":"Maximum number of idle connections to the database.","description_kind":"plain","optional":true},"max_open_connections":{"type":"number","description":"Maximum number of open connections to the database.","description_kind":"plain","optional":true},"name":{"type":"string","description":"Name of the database connection.","description_kind":"plain","required":true},"password":{"type":"string","description":"The root credential password used in the connection URL","description_kind":"plain","optional":true,"sensitive":true},"plugin_name":{"type":"string","description":"Specifies the name of the plugin to use for this connection. Must be prefixed with the name of one of the supported database engine types.","description_kind":"plain","optional":true,"computed":true},"root_rotation_statements":{"type":["list","string"],"description":"A list of database statements to be executed to rotate the root user's credentials.","description_kind":"plain","optional":true},"username":{"type":"string","description":"The root credential username used in the connection URL","description_kind":"plain","optional":true},"username_template":{"type":"string","description":"Username generation template.","description_kind":"plain","optional":true},"verify_connection":{"type":"bool","description":"Specifies if the connection is verified during initial configuration.","description_kind":"plain","optional":true}},"description":"Connection parameters for the mysql-rds-database-plugin plugin.","description_kind":"plain"}},"oracle":{"nesting_mode":"list","block":{"attributes":{"allowed_roles":{"type":["list","string"],"description":"A list of roles that are allowed to use this connection.","description_kind":"plain","optional":true},"connection_url":{"type":"string","description":"Connection string to use to connect to the database.","description_kind":"plain","optional":true},"data":{"type":["map","string"],"description":"A map of sensitive data to pass to the endpoint. Useful for templated connection strings.","description_kind":"plain","optional":true},"max_connection_lifetime":{"type":"number","description":"Maximum number of seconds a connection may be reused.","description_kind":"plain","optional":true},"max_idle_connections":{"type":"number","description":"Maximum number of idle connections to the database.","description_kind":"plain","optional":true},"max_open_connections":{"type":"number","description":"Maximum number of open connections to the database.","description_kind":"plain","optional":true},"name":{"type":"string","description":"Name of the database connection.","description_kind":"plain","required":true},"password":{"type":"string","description":"The root credential password used in the connection URL","description_kind":"plain","optional":true,"sensitive":true},"plugin_name":{"type":"string","description":"Specifies the name of the plugin to use for this connection. Must be prefixed with the name of one of the supported database engine types.","description_kind":"plain","optional":true,"computed":true},"root_rotation_statements":{"type":["list","string"],"description":"A list of database statements to be executed to rotate the root user's credentials.","description_kind":"plain","optional":true},"username":{"type":"string","description":"The root credential username used in the connection URL","description_kind":"plain","optional":true},"username_template":{"type":"string","description":"Username generation template.","description_kind":"plain","optional":true},"verify_connection":{"type":"bool","description":"Specifies if the connection is verified during initial configuration.","description_kind":"plain","optional":true}},"description":"Connection parameters for the oracle-database-plugin plugin.","description_kind":"plain"}},"postgresql":{"nesting_mode":"list","block":{"attributes":{"allowed_roles":{"type":["list","string"],"description":"A list of roles that are allowed to use this connection.","description_kind":"plain","optional":true},"connection_url":{"type":"string","description":"Connection string to use to connect to the database.","description_kind":"plain","optional":true},"data":{"type":["map","string"],"description":"A map of sensitive data to pass to the endpoint. Useful for templated connection strings.","description_kind":"plain","optional":true},"disable_escaping":{"type":"bool","description":"Disable special character escaping in username and password","description_kind":"plain","optional":true},"max_connection_lifetime":{"type":"number","description":"Maximum number of seconds a connection may be reused.","description_kind":"plain","optional":true},"max_idle_connections":{"type":"number","description":"Maximum number of idle connections to the database.","description_kind":"plain","optional":true},"max_open_connections":{"type":"number","description":"Maximum number of open connections to the database.","description_kind":"plain","optional":true},"name":{"type":"string","description":"Name of the database connection.","description_kind":"plain","required":true},"password":{"type":"string","description":"The root credential password used in the connection URL","description_kind":"plain","optional":true,"sensitive":true},"plugin_name":{"type":"string","description":"Specifies the name of the plugin to use for this connection. Must be prefixed with the name of one of the supported database engine types.","description_kind":"plain","optional":true,"computed":true},"root_rotation_statements":{"type":["list","string"],"description":"A list of database statements to be executed to rotate the root user's credentials.","description_kind":"plain","optional":true},"username":{"type":"string","description":"The root credential username used in the connection URL","description_kind":"plain","optional":true},"username_template":{"type":"string","description":"Username generation template.","description_kind":"plain","optional":true},"verify_connection":{"type":"bool","description":"Specifies if the connection is verified during initial configuration.","description_kind":"plain","optional":true}},"description":"Connection parameters for the postgresql-database-plugin plugin.","description_kind":"plain"}},"redshift":{"nesting_mode":"list","block":{"attributes":{"allowed_roles":{"type":["list","string"],"description":"A list of roles that are allowed to use this connection.","description_kind":"plain","optional":true},"connection_url":{"type":"string","description":"Connection string to use to connect to the database.","description_kind":"plain","optional":true},"data":{"type":["map","string"],"description":"A map of sensitive data to pass to the endpoint. Useful for templated connection strings.","description_kind":"plain","optional":true},"disable_escaping":{"type":"bool","description":"Disable special character escaping in username and password","description_kind":"plain","optional":true},"max_connection_lifetime":{"type":"number","description":"Maximum number of seconds a connection may be reused.","description_kind":"plain","optional":true},"max_idle_connections":{"type":"number","description":"Maximum number of idle connections to the database.","description_kind":"plain","optional":true},"max_open_connections":{"type":"number","description":"Maximum number of open connections to the database.","description_kind":"plain","optional":true},"name":{"type":"string","description":"Name of the database connection.","description_kind":"plain","required":true},"password":{"type":"string","description":"The root credential password used in the connection URL","description_kind":"plain","optional":true,"sensitive":true},"plugin_name":{"type":"string","description":"Specifies the name of the plugin to use for this connection. Must be prefixed with the name of one of the supported database engine types.","description_kind":"plain","optional":true,"computed":true},"root_rotation_statements":{"type":["list","string"],"description":"A list of database statements to be executed to rotate the root user's credentials.","description_kind":"plain","optional":true},"username":{"type":"string","description":"The root credential username used in the connection URL","description_kind":"plain","optional":true},"username_template":{"type":"string","description":"Username generation template.","description_kind":"plain","optional":true},"verify_connection":{"type":"bool","description":"Specifies if the connection is verified during initial configuration.","description_kind":"plain","optional":true}},"description":"Connection parameters for the redshift-database-plugin plugin.","description_kind":"plain"}},"snowflake":{"nesting_mode":"list","block":{"attributes":{"allowed_roles":{"type":["list","string"],"description":"A list of roles that are allowed to use this connection.","description_kind":"plain","optional":true},"connection_url":{"type":"string","description":"Connection string to use to connect to the database.","description_kind":"plain","optional":true},"data":{"type":["map","string"],"description":"A map of sensitive data to pass to the endpoint. Useful for templated connection strings.","description_kind":"plain","optional":true},"max_connection_lifetime":{"type":"number","description":"Maximum number of seconds a connection may be reused.","description_kind":"plain","optional":true},"max_idle_connections":{"type":"number","description":"Maximum number of idle connections to the database.","description_kind":"plain","optional":true},"max_open_connections":{"type":"number","description":"Maximum number of open connections to the database.","description_kind":"plain","optional":true},"name":{"type":"string","description":"Name of the database connection.","description_kind":"plain","required":true},"password":{"type":"string","description":"The root credential password used in the connection URL","description_kind":"plain","optional":true,"sensitive":true},"plugin_name":{"type":"string","description":"Specifies the name of the plugin to use for this connection. Must be prefixed with the name of one of the supported database engine types.","description_kind":"plain","optional":true,"computed":true},"root_rotation_statements":{"type":["list","string"],"description":"A list of database statements to be executed to rotate the root user's credentials.","description_kind":"plain","optional":true},"username":{"type":"string","description":"The root credential username used in the connection URL","description_kind":"plain","optional":true},"username_template":{"type":"string","description":"Username generation template.","description_kind":"plain","optional":true},"verify_connection":{"type":"bool","description":"Specifies if the connection is verified during initial configuration.","description_kind":"plain","optional":true}},"description":"Connection parameters for the snowflake-database-plugin plugin.","description_kind":"plain"}}},"description_kind":"plain"}},"vault_egp_policy":{"version":0,"block":{"attributes":{"enforcement_level":{"type":"string","description":"Enforcement level of Sentinel policy. Can be one of: 'advisory', 'soft-mandatory' or 'hard-mandatory'","description_kind":"plain","required":true},"id":{"type":"string","description_kind":"plain","optional":true,"computed":true},"name":{"type":"string","description":"Name of the policy","description_kind":"plain","required":true},"namespace":{"type":"string","description":"Target namespace. (requires Enterprise)","description_kind":"plain","optional":true},"paths":{"type":["list","string"],"description":"List of paths to which the policy will be applied","description_kind":"plain","required":true},"policy":{"type":"string","description":"The policy document","description_kind":"plain","required":true}},"description_kind":"plain"}},"vault_gcp_auth_backend":{"version":0,"block":{"attributes":{"client_email":{"type":"string","description_kind":"plain","optional":true,"computed":true},"client_id":{"type":"string","description_kind":"plain","optional":true,"computed":true},"credentials":{"type":"string","description_kind":"plain","optional":true,"sensitive":true},"description":{"type":"string","description_kind":"plain","optional":true},"id":{"type":"string","description_kind":"plain","optional":true,"computed":true},"local":{"type":"bool","description":"Specifies if the auth method is local only","description_kind":"plain","optional":true},"namespace":{"type":"string","description":"Target namespace. (requires Enterprise)","description_kind":"plain","optional":true},"path":{"type":"string","description_kind":"plain","optional":true},"private_key_id":{"type":"string","description_kind":"plain","optional":true,"computed":true},"project_id":{"type":"string","description_kind":"plain","optional":true,"computed":true}},"block_types":{"custom_endpoint":{"nesting_mode":"list","block":{"attributes":{"api":{"type":"string","description":"Replaces the service endpoint used in API requests to https://www.googleapis.com.","description_kind":"plain","optional":true},"compute":{"type":"string","description":"Replaces the service endpoint used in API requests to `https://compute.googleapis.com`.","description_kind":"plain","optional":true},"crm":{"type":"string","description":"Replaces the service endpoint used in API requests to `https://cloudresourcemanager.googleapis.com`.","description_kind":"plain","optional":true},"iam":{"type":"string","description":"Replaces the service endpoint used in API requests to `https://iam.googleapis.com`.","description_kind":"plain","optional":true}},"description":"Specifies overrides to service endpoints used when making API requests to GCP.","description_kind":"plain"},"max_items":1}},"description_kind":"plain"}},"vault_gcp_auth_backend_role":{"version":1,"block":{"attributes":{"add_group_aliases":{"type":"bool","description_kind":"plain","optional":true,"computed":true},"allow_gce_inference":{"type":"bool","description_kind":"plain","optional":true,"computed":true},"backend":{"type":"string","description_kind":"plain","optional":true},"bound_instance_groups":{"type":["set","string"],"description_kind":"plain","optional":true,"computed":true},"bound_labels":{"type":["set","string"],"description_kind":"plain","optional":true,"computed":true},"bound_projects":{"type":["set","string"],"description_kind":"plain","optional":true},"bound_regions":{"type":["set","string"],"description_kind":"plain","optional":true,"computed":true},"bound_service_accounts":{"type":["set","string"],"description_kind":"plain","optional":true,"computed":true},"bound_zones":{"type":["set","string"],"description_kind":"plain","optional":true,"computed":true},"id":{"type":"string","description_kind":"plain","optional":true,"computed":true},"max_jwt_exp":{"type":"string","description_kind":"plain","optional":true,"computed":true},"namespace":{"type":"string","description":"Target namespace. (requires Enterprise)","description_kind":"plain","optional":true},"role":{"type":"string","description_kind":"plain","required":true},"token_bound_cidrs":{"type":["set","string"],"description":"Specifies the blocks of IP addresses which are allowed to use the generated token","description_kind":"plain","optional":true},"token_explicit_max_ttl":{"type":"number","description":"Generated Token's Explicit Maximum TTL in seconds","description_kind":"plain","optional":true},"token_max_ttl":{"type":"number","description":"The maximum lifetime of the generated token","description_kind":"plain","optional":true},"token_no_default_policy":{"type":"bool","description":"If true, the 'default' policy will not automatically be added to generated tokens","description_kind":"plain","optional":true},"token_num_uses":{"type":"number","description":"The maximum number of times a token may be used, a value of zero means unlimited","description_kind":"plain","optional":true},"token_period":{"type":"number","description":"Generated Token's Period","description_kind":"plain","optional":true},"token_policies":{"type":["set","string"],"description":"Generated Token's Policies","description_kind":"plain","optional":true},"token_ttl":{"type":"number","description":"The initial ttl of the token to generate in seconds","description_kind":"plain","optional":true},"token_type":{"type":"string","description":"The type of token to generate, service or batch","description_kind":"plain","optional":true},"type":{"type":"string","description_kind":"plain","required":true}},"description_kind":"plain"}},"vault_gcp_secret_backend":{"version":0,"block":{"attributes":{"credentials":{"type":"string","description":"JSON-encoded credentials to use to connect to GCP","description_kind":"plain","optional":true,"sensitive":true},"default_lease_ttl_seconds":{"type":"number","description":"Default lease duration for secrets in seconds","description_kind":"plain","optional":true},"description":{"type":"string","description":"Human-friendly description of the mount for the backend.","description_kind":"plain","optional":true},"id":{"type":"string","description_kind":"plain","optional":true,"computed":true},"local":{"type":"bool","description":"Local mount flag that can be explicitly set to true to enforce local mount in HA environment","description_kind":"plain","optional":true},"max_lease_ttl_seconds":{"type":"number","description":"Maximum possible lease duration for secrets in seconds","description_kind":"plain","optional":true},"namespace":{"type":"string","description":"Target namespace. (requires Enterprise)","description_kind":"plain","optional":true},"path":{"type":"string","description":"Path to mount the backend at.","description_kind":"plain","optional":true}},"description_kind":"plain"}},"vault_gcp_secret_roleset":{"version":0,"block":{"attributes":{"backend":{"type":"string","description":"Path where the GCP secrets engine is mounted.","description_kind":"plain","required":true},"id":{"type":"string","description_kind":"plain","optional":true,"computed":true},"namespace":{"type":"string","description":"Target namespace. (requires Enterprise)","description_kind":"plain","optional":true},"project":{"type":"string","description":"Name of the GCP project that this roleset's service account will belong to.","description_kind":"plain","required":true},"roleset":{"type":"string","description":"Name of the RoleSet to create","description_kind":"plain","required":true},"secret_type":{"type":"string","description":"Type of secret generated for this role set. Defaults to `access_token`. Accepted values: `access_token`, `service_account_key`","description_kind":"plain","optional":true,"computed":true},"service_account_email":{"type":"string","description":"Email of the service account created by Vault for this Roleset","description_kind":"plain","computed":true},"token_scopes":{"type":["set","string"],"description":"List of OAuth scopes to assign to `access_token` secrets generated under this role set (`access_token` role sets only) ","description_kind":"plain","optional":true}},"block_types":{"binding":{"nesting_mode":"set","block":{"attributes":{"resource":{"type":"string","description":"Resource name","description_kind":"plain","required":true},"roles":{"type":["set","string"],"description":"List of roles to apply to the resource","description_kind":"plain","required":true}},"description_kind":"plain"},"min_items":1}},"description_kind":"plain"}},"vault_gcp_secret_static_account":{"version":0,"block":{"attributes":{"backend":{"type":"string","description":"Path where the GCP secrets engine is mounted.","description_kind":"plain","required":true},"id":{"type":"string","description_kind":"plain","optional":true,"computed":true},"namespace":{"type":"string","description":"Target namespace. (requires Enterprise)","description_kind":"plain","optional":true},"secret_type":{"type":"string","description":"Type of secret generated for this static account. Defaults to `access_token`. Accepted values: `access_token`, `service_account_key`","description_kind":"plain","optional":true,"computed":true},"service_account_email":{"type":"string","description":"Email of the GCP service account.","description_kind":"plain","required":true},"service_account_project":{"type":"string","description":"Project of the GCP Service Account managed by this static account","description_kind":"plain","computed":true},"static_account":{"type":"string","description":"Name of the Static Account to create","description_kind":"plain","required":true},"token_scopes":{"type":["set","string"],"description":"List of OAuth scopes to assign to `access_token` secrets generated under this static account (`access_token` static accounts only) ","description_kind":"plain","optional":true}},"block_types":{"binding":{"nesting_mode":"set","block":{"attributes":{"resource":{"type":"string","description":"Resource name","description_kind":"plain","required":true},"roles":{"type":["set","string"],"description":"List of roles to apply to the resource","description_kind":"plain","required":true}},"description_kind":"plain"}}},"description_kind":"plain"}},"vault_generic_endpoint":{"version":1,"block":{"attributes":{"data_json":{"type":"string","description":"JSON-encoded data to write.","description_kind":"plain","required":true,"sensitive":true},"disable_delete":{"type":"bool","description":"Don't attempt to delete the path from Vault if true","description_kind":"plain","optional":true},"disable_read":{"type":"bool","description":"Don't attempt to read the path from Vault if true; drift won't be detected","description_kind":"plain","optional":true},"id":{"type":"string","description_kind":"plain","optional":true,"computed":true},"ignore_absent_fields":{"type":"bool","description":"When reading, disregard fields not present in data_json","description_kind":"plain","optional":true},"namespace":{"type":"string","description":"Target namespace. (requires Enterprise)","description_kind":"plain","optional":true},"path":{"type":"string","description":"Full path where to the endpoint that will be written","description_kind":"plain","required":true},"write_data":{"type":["map","string"],"description":"Map of strings returned by write operation","description_kind":"plain","computed":true},"write_data_json":{"type":"string","description":"JSON data returned by write operation","description_kind":"plain","computed":true},"write_fields":{"type":["list","string"],"description":"Top-level fields returned by write to persist in state","description_kind":"plain","optional":true}},"description_kind":"plain"}},"vault_generic_secret":{"version":1,"block":{"attributes":{"data":{"type":["map","string"],"description":"Map of strings read from Vault.","description_kind":"plain","computed":true,"sensitive":true},"data_json":{"type":"string","description":"JSON-encoded secret data to write.","description_kind":"plain","required":true,"sensitive":true},"delete_all_versions":{"type":"bool","description":"Only applicable for kv-v2 stores. If set, permanently deletes all versions for the specified key.","description_kind":"plain","optional":true},"disable_read":{"type":"bool","description":"Don't attempt to read the token from Vault if true; drift won't be detected.","description_kind":"plain","optional":true},"id":{"type":"string","description_kind":"plain","optional":true,"computed":true},"namespace":{"type":"string","description":"Target namespace. (requires Enterprise)","description_kind":"plain","optional":true},"path":{"type":"string","description":"Full path where the generic secret will be written.","description_kind":"plain","required":true}},"description_kind":"plain"}},"vault_github_auth_backend":{"version":0,"block":{"attributes":{"accessor":{"type":"string","description":"The mount accessor related to the auth mount.","description_kind":"plain","computed":true},"base_url":{"type":"string","description":"The API endpoint to use. Useful if you are running GitHub Enterprise or an API-compatible authentication server.","description_kind":"plain","optional":true},"description":{"type":"string","description":"Specifies the description of the mount. This overrides the current stored value, if any.","description_kind":"plain","optional":true},"id":{"type":"string","description_kind":"plain","optional":true,"computed":true},"namespace":{"type":"string","description":"Target namespace. (requires Enterprise)","description_kind":"plain","optional":true},"organization":{"type":"string","description":"The organization users must be part of.","description_kind":"plain","required":true},"organization_id":{"type":"number","description":"The ID of the organization users must be part of. Vault will attempt to fetch and set this value if it is not provided (vault-1.10+)","description_kind":"plain","optional":true,"computed":true},"path":{"type":"string","description":"Path where the auth backend is mounted","description_kind":"plain","optional":true},"token_bound_cidrs":{"type":["set","string"],"description":"Specifies the blocks of IP addresses which are allowed to use the generated token","description_kind":"plain","optional":true},"token_explicit_max_ttl":{"type":"number","description":"Generated Token's Explicit Maximum TTL in seconds","description_kind":"plain","optional":true},"token_max_ttl":{"type":"number","description":"The maximum lifetime of the generated token","description_kind":"plain","optional":true},"token_no_default_policy":{"type":"bool","description":"If true, the 'default' policy will not automatically be added to generated tokens","description_kind":"plain","optional":true},"token_num_uses":{"type":"number","description":"The maximum number of times a token may be used, a value of zero means unlimited","description_kind":"plain","optional":true},"token_period":{"type":"number","description":"Generated Token's Period","description_kind":"plain","optional":true},"token_policies":{"type":["set","string"],"description":"Generated Token's Policies","description_kind":"plain","optional":true},"token_ttl":{"type":"number","description":"The initial ttl of the token to generate in seconds","description_kind":"plain","optional":true},"token_type":{"type":"string","description":"The type of token to generate, service or batch","description_kind":"plain","optional":true},"tune":{"type":["set",["object",{"allowed_response_headers":["list","string"],"audit_non_hmac_request_keys":["list","string"],"audit_non_hmac_response_keys":["list","string"],"default_lease_ttl":"string","listing_visibility":"string","max_lease_ttl":"string","passthrough_request_headers":["list","string"],"token_type":"string"}]],"description_kind":"plain","optional":true,"computed":true}},"description_kind":"plain"}},"vault_github_team":{"version":0,"block":{"attributes":{"backend":{"type":"string","description":"Auth backend to which team mapping will be congigured.","description_kind":"plain","optional":true},"id":{"type":"string","description_kind":"plain","optional":true,"computed":true},"namespace":{"type":"string","description":"Target namespace. (requires Enterprise)","description_kind":"plain","optional":true},"policies":{"type":["list","string"],"description":"Policies to be assigned to this team.","description_kind":"plain","optional":true},"team":{"type":"string","description":"GitHub team name in \"slugified\" format.","description_kind":"plain","required":true}},"description_kind":"plain"}},"vault_github_user":{"version":0,"block":{"attributes":{"backend":{"type":"string","description":"Auth backend to which user mapping will be congigured.","description_kind":"plain","optional":true},"id":{"type":"string","description_kind":"plain","optional":true,"computed":true},"namespace":{"type":"string","description":"Target namespace. (requires Enterprise)","description_kind":"plain","optional":true},"policies":{"type":["list","string"],"description":"Policies to be assigned to this user.","description_kind":"plain","optional":true},"user":{"type":"string","description":"GitHub user name.","description_kind":"plain","required":true}},"description_kind":"plain"}},"vault_identity_entity":{"version":0,"block":{"attributes":{"disabled":{"type":"bool","description":"Whether the entity is disabled. Disabled entities' associated tokens cannot be used, but are not revoked.","description_kind":"plain","optional":true},"external_policies":{"type":"bool","description":"Manage policies externally through `vault_identity_entity_policies`.","description_kind":"plain","optional":true},"id":{"type":"string","description_kind":"plain","optional":true,"computed":true},"metadata":{"type":["map","string"],"description":"Metadata to be associated with the entity.","description_kind":"plain","optional":true},"name":{"type":"string","description":"Name of the entity.","description_kind":"plain","optional":true,"computed":true},"namespace":{"type":"string","description":"Target namespace. (requires Enterprise)","description_kind":"plain","optional":true},"policies":{"type":["set","string"],"description":"Policies to be tied to the entity.","description_kind":"plain","optional":true}},"description_kind":"plain"}},"vault_identity_entity_alias":{"version":0,"block":{"attributes":{"canonical_id":{"type":"string","description":"ID of the entity to which this is an alias.","description_kind":"plain","required":true},"custom_metadata":{"type":["map","string"],"description":"Custom metadata to be associated with this alias.","description_kind":"plain","optional":true},"id":{"type":"string","description_kind":"plain","optional":true,"computed":true},"mount_accessor":{"type":"string","description":"Mount accessor to which this alias belongs toMount accessor to which this alias belongs to.","description_kind":"plain","required":true},"name":{"type":"string","description":"Name of the entity alias.","description_kind":"plain","required":true},"namespace":{"type":"string","description":"Target namespace. (requires Enterprise)","description_kind":"plain","optional":true}},"description_kind":"plain"}},"vault_identity_entity_policies":{"version":0,"block":{"attributes":{"entity_id":{"type":"string","description":"ID of the entity.","description_kind":"plain","required":true},"entity_name":{"type":"string","description":"Name of the entity.","description_kind":"plain","computed":true},"exclusive":{"type":"bool","description":"Should the resource manage policies exclusively","description_kind":"plain","optional":true},"id":{"type":"string","description_kind":"plain","optional":true,"computed":true},"namespace":{"type":"string","description":"Target namespace. (requires Enterprise)","description_kind":"plain","optional":true},"policies":{"type":["set","string"],"description":"Policies to be tied to the entity.","description_kind":"plain","required":true}},"description_kind":"plain"}},"vault_identity_group":{"version":0,"block":{"attributes":{"external_member_entity_ids":{"type":"bool","description":"Manage member entities externally through `vault_identity_group_policies_member_entity_ids`","description_kind":"plain","optional":true},"external_policies":{"type":"bool","description":"Manage policies externally through `vault_identity_group_policies`, allows using group ID in assigned policies.","description_kind":"plain","optional":true},"id":{"type":"string","description_kind":"plain","optional":true,"computed":true},"member_entity_ids":{"type":["set","string"],"description":"Entity IDs to be assigned as group members.","description_kind":"plain","optional":true},"member_group_ids":{"type":["set","string"],"description":"Group IDs to be assigned as group members.","description_kind":"plain","optional":true},"metadata":{"type":["map","string"],"description":"Metadata to be associated with the group.","description_kind":"plain","optional":true},"name":{"type":"string","description":"Name of the group.","description_kind":"plain","optional":true,"computed":true},"namespace":{"type":"string","description":"Target namespace. (requires Enterprise)","description_kind":"plain","optional":true},"policies":{"type":["set","string"],"description":"Policies to be tied to the group.","description_kind":"plain","optional":true},"type":{"type":"string","description":"Type of the group, internal or external. Defaults to internal.","description_kind":"plain","optional":true}},"description_kind":"plain"}},"vault_identity_group_alias":{"version":0,"block":{"attributes":{"canonical_id":{"type":"string","description":"ID of the group to which this is an alias.","description_kind":"plain","required":true},"id":{"type":"string","description_kind":"plain","optional":true,"computed":true},"mount_accessor":{"type":"string","description":"Mount accessor to which this alias belongs to.","description_kind":"plain","required":true},"name":{"type":"string","description":"Name of the group alias.","description_kind":"plain","required":true},"namespace":{"type":"string","description":"Target namespace. (requires Enterprise)","description_kind":"plain","optional":true}},"description_kind":"plain"}},"vault_identity_group_member_entity_ids":{"version":0,"block":{"attributes":{"exclusive":{"type":"bool","description":"Should the resource manage member entity ids \nexclusively? Beware of race conditions when disabling exclusive management","description_kind":"plain","optional":true},"group_id":{"type":"string","description":"ID of the group.","description_kind":"plain","required":true},"group_name":{"type":"string","description":"Name of the group.","description_kind":"plain","deprecated":true,"computed":true},"id":{"type":"string","description_kind":"plain","optional":true,"computed":true},"member_entity_ids":{"type":["set","string"],"description":"Entity IDs to be assigned as group members.","description_kind":"plain","optional":true},"namespace":{"type":"string","description":"Target namespace. (requires Enterprise)","description_kind":"plain","optional":true}},"description_kind":"plain"}},"vault_identity_group_policies":{"version":0,"block":{"attributes":{"exclusive":{"type":"bool","description":"Should the resource manage policies exclusively? Beware of race conditions when disabling exclusive management","description_kind":"plain","optional":true},"group_id":{"type":"string","description":"ID of the group.","description_kind":"plain","required":true},"group_name":{"type":"string","description":"Name of the group.","description_kind":"plain","computed":true},"id":{"type":"string","description_kind":"plain","optional":true,"computed":true},"namespace":{"type":"string","description":"Target namespace. (requires Enterprise)","description_kind":"plain","optional":true},"policies":{"type":["set","string"],"description":"Policies to be tied to the group.","description_kind":"plain","required":true}},"description_kind":"plain"}},"vault_identity_oidc":{"version":0,"block":{"attributes":{"id":{"type":"string","description_kind":"plain","optional":true,"computed":true},"issuer":{"type":"string","description":"Issuer URL to be used in the iss claim of the token. If not set, Vault's api_addr will be used. The issuer is a case sensitive URL using the https scheme that contains scheme, host, and optionally, port number and path components, but no query or fragment components.","description_kind":"plain","optional":true,"computed":true},"namespace":{"type":"string","description":"Target namespace. (requires Enterprise)","description_kind":"plain","optional":true}},"description_kind":"plain"}},"vault_identity_oidc_assignment":{"version":0,"block":{"attributes":{"entity_ids":{"type":["set","string"],"description":"A list of Vault entity IDs.","description_kind":"plain","optional":true},"group_ids":{"type":["set","string"],"description":"A list of Vault group IDs.","description_kind":"plain","optional":true},"id":{"type":"string","description_kind":"plain","optional":true,"computed":true},"name":{"type":"string","description":"The name of the assignment.","description_kind":"plain","required":true},"namespace":{"type":"string","description":"Target namespace. (requires Enterprise)","description_kind":"plain","optional":true}},"description_kind":"plain"}},"vault_identity_oidc_client":{"version":0,"block":{"attributes":{"access_token_ttl":{"type":"number","description":"The time-to-live for access tokens obtained by the client.","description_kind":"plain","optional":true,"computed":true},"assignments":{"type":["set","string"],"description":"A list of assignment resources associated with the client.","description_kind":"plain","optional":true},"client_id":{"type":"string","description":"The Client ID from Vault.","description_kind":"plain","computed":true},"client_secret":{"type":"string","description":"The Client Secret from Vault.","description_kind":"plain","computed":true,"sensitive":true},"client_type":{"type":"string","description":"The client type based on its ability to maintain confidentiality of credentials.Defaults to 'confidential'.","description_kind":"plain","optional":true,"computed":true},"id":{"type":"string","description_kind":"plain","optional":true,"computed":true},"id_token_ttl":{"type":"number","description":"The time-to-live for ID tokens obtained by the client. The value should be less than the verification_ttl on the key.","description_kind":"plain","optional":true,"computed":true},"key":{"type":"string","description":"A reference to a named key resource in Vault. This cannot be modified after creation.","description_kind":"plain","optional":true,"computed":true},"name":{"type":"string","description":"The name of the client.","description_kind":"plain","required":true},"namespace":{"type":"string","description":"Target namespace. (requires Enterprise)","description_kind":"plain","optional":true},"redirect_uris":{"type":["set","string"],"description":"Redirection URI values used by the client. One of these values must exactly match the redirect_uri parameter value used in each authentication request.","description_kind":"plain","optional":true}},"description_kind":"plain"}},"vault_identity_oidc_key":{"version":0,"block":{"attributes":{"algorithm":{"type":"string","description":"Signing algorithm to use. Signing algorithm to use. Allowed values are: RS256 (default), RS384, RS512, ES256, ES384, ES512, EdDSA.","description_kind":"plain","optional":true},"allowed_client_ids":{"type":["set","string"],"description":"Array of role client ids allowed to use this key for signing. If empty, no roles are allowed. If \"*\", all roles are allowed.","description_kind":"plain","optional":true,"computed":true},"id":{"type":"string","description_kind":"plain","optional":true,"computed":true},"name":{"type":"string","description":"Name of the key.","description_kind":"plain","required":true},"namespace":{"type":"string","description":"Target namespace. (requires Enterprise)","description_kind":"plain","optional":true},"rotation_period":{"type":"number","description":"How often to generate a new signing key in number of seconds","description_kind":"plain","optional":true},"verification_ttl":{"type":"number","description":"Controls how long the public portion of a signing key will be available for verification after being rotated in seconds.","description_kind":"plain","optional":true}},"description_kind":"plain"}},"vault_identity_oidc_key_allowed_client_id":{"version":0,"block":{"attributes":{"allowed_client_id":{"type":"string","description":"Role Client ID allowed to use the key for signing.","description_kind":"plain","required":true},"id":{"type":"string","description_kind":"plain","optional":true,"computed":true},"key_name":{"type":"string","description":"Name of the key.","description_kind":"plain","required":true},"namespace":{"type":"string","description":"Target namespace. (requires Enterprise)","description_kind":"plain","optional":true}},"description_kind":"plain"}},"vault_identity_oidc_provider":{"version":0,"block":{"attributes":{"allowed_client_ids":{"type":["set","string"],"description":"The client IDs that are permitted to use the provider. If empty, no clients are allowed. If \"*\", all clients are allowed.","description_kind":"plain","optional":true},"https_enabled":{"type":"bool","description":"Set to true if the issuer endpoint uses HTTPS.","description_kind":"plain","optional":true},"id":{"type":"string","description_kind":"plain","optional":true,"computed":true},"issuer":{"type":"string","description":"Specifies what will be used as the 'scheme://host:port' component for the 'iss' claim of ID tokens.This value is computed using the issuer_host and https_enabled fields.","description_kind":"plain","computed":true},"issuer_host":{"type":"string","description":"The host for the issuer. Can be either host or host:port.","description_kind":"plain","optional":true},"name":{"type":"string","description":"The name of the provider.","description_kind":"plain","required":true},"namespace":{"type":"string","description":"Target namespace. (requires Enterprise)","description_kind":"plain","optional":true},"scopes_supported":{"type":["set","string"],"description":"The scopes available for requesting on the provider.","description_kind":"plain","optional":true}},"description_kind":"plain"}},"vault_identity_oidc_role":{"version":0,"block":{"attributes":{"client_id":{"type":"string","description":"The value that will be included in the `aud` field of all the OIDC identity tokens issued by this role","description_kind":"plain","optional":true,"computed":true},"id":{"type":"string","description_kind":"plain","optional":true,"computed":true},"key":{"type":"string","description":"A configured named key, the key must already exist.","description_kind":"plain","required":true},"name":{"type":"string","description":"Name of the role.","description_kind":"plain","required":true},"namespace":{"type":"string","description":"Target namespace. (requires Enterprise)","description_kind":"plain","optional":true},"template":{"type":"string","description":"The template string to use for generating tokens. This may be in string-ified JSON or base64 format.","description_kind":"plain","optional":true},"ttl":{"type":"number","description":"TTL of the tokens generated against the role in number of seconds.","description_kind":"plain","optional":true}},"description_kind":"plain"}},"vault_identity_oidc_scope":{"version":0,"block":{"attributes":{"description":{"type":"string","description":"The scope's description.","description_kind":"plain","optional":true},"id":{"type":"string","description_kind":"plain","optional":true,"computed":true},"name":{"type":"string","description":"The name of the scope. The openid scope name is reserved.","description_kind":"plain","required":true},"namespace":{"type":"string","description":"Target namespace. (requires Enterprise)","description_kind":"plain","optional":true},"template":{"type":"string","description":"The template string for the scope. This may be provided as escaped JSON or base64 encoded JSON.","description_kind":"plain","optional":true}},"description_kind":"plain"}},"vault_jwt_auth_backend":{"version":0,"block":{"attributes":{"accessor":{"type":"string","description":"The accessor of the JWT auth backend","description_kind":"plain","computed":true},"bound_issuer":{"type":"string","description":"The value against which to match the iss claim in a JWT","description_kind":"plain","optional":true},"default_role":{"type":"string","description":"The default role to use if none is provided during login","description_kind":"plain","optional":true},"description":{"type":"string","description":"The description of the auth backend","description_kind":"plain","optional":true},"id":{"type":"string","description_kind":"plain","optional":true,"computed":true},"jwks_ca_pem":{"type":"string","description":"The CA certificate or chain of certificates, in PEM format, to use to validate connections to the JWKS URL. If not set, system certificates are used.","description_kind":"plain","optional":true},"jwks_url":{"type":"string","description":"JWKS URL to use to authenticate signatures. Cannot be used with 'oidc_discovery_url' or 'jwt_validation_pubkeys'.","description_kind":"plain","optional":true},"jwt_supported_algs":{"type":["list","string"],"description":"A list of supported signing algorithms. Defaults to [RS256]","description_kind":"plain","optional":true},"jwt_validation_pubkeys":{"type":["list","string"],"description":"A list of PEM-encoded public keys to use to authenticate signatures locally. Cannot be used with 'jwks_url' or 'oidc_discovery_url'. ","description_kind":"plain","optional":true},"local":{"type":"bool","description":"Specifies if the auth method is local only","description_kind":"plain","optional":true},"namespace":{"type":"string","description":"Target namespace. (requires Enterprise)","description_kind":"plain","optional":true},"namespace_in_state":{"type":"bool","description":"Pass namespace in the OIDC state parameter instead of as a separate query parameter. With this setting, the allowed redirect URL(s) in Vault and on the provider side should not contain a namespace query parameter. This means only one redirect URL entry needs to be maintained on the OIDC provider side for all vault namespaces that will be authenticating against it. Defaults to true for new configs.","description_kind":"plain","optional":true},"oidc_client_id":{"type":"string","description":"Client ID used for OIDC","description_kind":"plain","optional":true},"oidc_client_secret":{"type":"string","description":"Client Secret used for OIDC","description_kind":"plain","optional":true,"sensitive":true},"oidc_discovery_ca_pem":{"type":"string","description":"The CA certificate or chain of certificates, in PEM format, to use to validate connections to the OIDC Discovery URL. If not set, system certificates are used","description_kind":"plain","optional":true},"oidc_discovery_url":{"type":"string","description":"The OIDC Discovery URL, without any .well-known component (base path). Cannot be used with 'jwks_url' or 'jwt_validation_pubkeys'.","description_kind":"plain","optional":true},"oidc_response_mode":{"type":"string","description":"The response mode to be used in the OAuth2 request. Allowed values are 'query' and 'form_post'. Defaults to 'query'. If using Vault namespaces, and oidc_response_mode is 'form_post', then 'namespace_in_state' should be set to false.","description_kind":"plain","optional":true},"oidc_response_types":{"type":["list","string"],"description":"The response types to request. Allowed values are 'code' and 'id_token'. Defaults to 'code'. Note: 'id_token' may only be used if 'oidc_response_mode' is set to 'form_post'.","description_kind":"plain","optional":true},"path":{"type":"string","description":"path to mount the backend","description_kind":"plain","optional":true},"provider_config":{"type":["map","string"],"description":"Provider specific handling configuration","description_kind":"plain","optional":true},"tune":{"type":["set",["object",{"allowed_response_headers":["list","string"],"audit_non_hmac_request_keys":["list","string"],"audit_non_hmac_response_keys":["list","string"],"default_lease_ttl":"string","listing_visibility":"string","max_lease_ttl":"string","passthrough_request_headers":["list","string"],"token_type":"string"}]],"description_kind":"plain","optional":true,"computed":true},"type":{"type":"string","description":"Type of backend. Can be either 'jwt' or 'oidc'","description_kind":"plain","optional":true}},"description_kind":"plain"}},"vault_jwt_auth_backend_role":{"version":0,"block":{"attributes":{"allowed_redirect_uris":{"type":["set","string"],"description":"The list of allowed values for redirect_uri during OIDC logins.","description_kind":"plain","optional":true},"backend":{"type":"string","description":"Unique name of the auth backend to configure.","description_kind":"plain","optional":true},"bound_audiences":{"type":["set","string"],"description":"List of aud claims to match against. Any match is sufficient.","description_kind":"plain","optional":true},"bound_claims":{"type":["map","string"],"description":"Map of claims/values to match against. The expected value may be a single string or a comma-separated string list.","description_kind":"plain","optional":true},"bound_claims_type":{"type":"string","description":"How to interpret values in the claims/values map: can be either \"string\" (exact match) or \"glob\" (wildcard match).","description_kind":"plain","optional":true,"computed":true},"bound_subject":{"type":"string","description":"If set, requires that the sub claim matches this value.","description_kind":"plain","optional":true},"claim_mappings":{"type":["map","string"],"description":"Map of claims (keys) to be copied to specified metadata fields (values).","description_kind":"plain","optional":true},"clock_skew_leeway":{"type":"number","description":"The amount of leeway to add to all claims to account for clock skew, in seconds. Defaults to 60 seconds if set to 0 and can be disabled if set to -1. Only applicable with 'jwt' roles.","description_kind":"plain","optional":true},"disable_bound_claims_parsing":{"type":"bool","description":"Disable bound claim value parsing. Useful when values contain commas.","description_kind":"plain","optional":true},"expiration_leeway":{"type":"number","description":"The amount of leeway to add to expiration (exp) claims to account for clock skew, in seconds. Defaults to 60 seconds if set to 0 and can be disabled if set to -1. Only applicable with 'jwt' roles.","description_kind":"plain","optional":true},"groups_claim":{"type":"string","description":"The claim to use to uniquely identify the set of groups to which the user belongs; this will be used as the names for the Identity group aliases created due to a successful login. The claim value must be a list of strings.","description_kind":"plain","optional":true},"id":{"type":"string","description_kind":"plain","optional":true,"computed":true},"max_age":{"type":"number","description":"Specifies the allowable elapsed time in seconds since the last time the user was actively authenticated.","description_kind":"plain","optional":true},"namespace":{"type":"string","description":"Target namespace. (requires Enterprise)","description_kind":"plain","optional":true},"not_before_leeway":{"type":"number","description":"The amount of leeway to add to not before (nbf) claims to account for clock skew, in seconds. Defaults to 150 seconds if set to 0 and can be disabled if set to -1. Only applicable with 'jwt' roles. ","description_kind":"plain","optional":true},"oidc_scopes":{"type":["set","string"],"description":"List of OIDC scopes to be used with an OIDC role. The standard scope \"openid\" is automatically included and need not be specified.","description_kind":"plain","optional":true},"role_name":{"type":"string","description":"Name of the role.","description_kind":"plain","required":true},"role_type":{"type":"string","description":"Type of role, either \"oidc\" (default) or \"jwt\"","description_kind":"plain","optional":true,"computed":true},"token_bound_cidrs":{"type":["set","string"],"description":"Specifies the blocks of IP addresses which are allowed to use the generated token","description_kind":"plain","optional":true},"token_explicit_max_ttl":{"type":"number","description":"Generated Token's Explicit Maximum TTL in seconds","description_kind":"plain","optional":true},"token_max_ttl":{"type":"number","description":"The maximum lifetime of the generated token","description_kind":"plain","optional":true},"token_no_default_policy":{"type":"bool","description":"If true, the 'default' policy will not automatically be added to generated tokens","description_kind":"plain","optional":true},"token_num_uses":{"type":"number","description":"The maximum number of times a token may be used, a value of zero means unlimited","description_kind":"plain","optional":true},"token_period":{"type":"number","description":"Generated Token's Period","description_kind":"plain","optional":true},"token_policies":{"type":["set","string"],"description":"Generated Token's Policies","description_kind":"plain","optional":true},"token_ttl":{"type":"number","description":"The initial ttl of the token to generate in seconds","description_kind":"plain","optional":true},"token_type":{"type":"string","description":"The type of token to generate, service or batch","description_kind":"plain","optional":true},"user_claim":{"type":"string","description":"The claim to use to uniquely identify the user; this will be used as the name for the Identity entity alias created due to a successful login.","description_kind":"plain","required":true},"user_claim_json_pointer":{"type":"bool","description":"Specifies if the user_claim value uses JSON pointer syntax for referencing claims. By default, the user_claim value will not use JSON pointer.","description_kind":"plain","optional":true},"verbose_oidc_logging":{"type":"bool","description":"Log received OIDC tokens and claims when debug-level logging is active. Not recommended in production since sensitive information may be present in OIDC responses.","description_kind":"plain","optional":true}},"description_kind":"plain"}},"vault_kmip_secret_backend":{"version":0,"block":{"attributes":{"default_tls_client_key_bits":{"type":"number","description":"Client certificate key bits, valid values depend on key type","description_kind":"plain","optional":true,"computed":true},"default_tls_client_key_type":{"type":"string","description":"Client certificate key type, rsa or ec","description_kind":"plain","optional":true,"computed":true},"default_tls_client_ttl":{"type":"number","description":"Client certificate TTL in seconds","description_kind":"plain","optional":true,"computed":true},"description":{"type":"string","description":"Human-friendly description of the mount for the backend","description_kind":"plain","optional":true},"id":{"type":"string","description_kind":"plain","optional":true,"computed":true},"listen_addrs":{"type":["set","string"],"description":"Addresses the KMIP server should listen on (host:port)","description_kind":"plain","optional":true,"computed":true},"namespace":{"type":"string","description":"Target namespace. (requires Enterprise)","description_kind":"plain","optional":true},"path":{"type":"string","description":"Path where KMIP secret backend will be mounted","description_kind":"plain","required":true},"server_hostnames":{"type":["set","string"],"description":"Hostnames to include in the server's TLS certificate as SAN DNS names. The first will be used as the common name (CN)","description_kind":"plain","optional":true,"computed":true},"server_ips":{"type":["set","string"],"description":"IPs to include in the server's TLS certificate as SAN IP addresses","description_kind":"plain","optional":true,"computed":true},"tls_ca_key_bits":{"type":"number","description":"CA key bits, valid values depend on key type","description_kind":"plain","optional":true,"computed":true},"tls_ca_key_type":{"type":"string","description":"CA key type, rsa or ec","description_kind":"plain","optional":true,"computed":true},"tls_min_version":{"type":"string","description":"Minimum TLS version to accept","description_kind":"plain","optional":true,"computed":true}},"description_kind":"plain"}},"vault_kmip_secret_role":{"version":0,"block":{"attributes":{"id":{"type":"string","description_kind":"plain","optional":true,"computed":true},"namespace":{"type":"string","description":"Target namespace. (requires Enterprise)","description_kind":"plain","optional":true},"operation_activate":{"type":"bool","description":"Grant permission to use the KMIP Activate operation","description_kind":"plain","optional":true,"computed":true},"operation_add_attribute":{"type":"bool","description":"Grant permission to use the KMIP Add Attribute operation","description_kind":"plain","optional":true,"computed":true},"operation_all":{"type":"bool","description":"Grant all permissions to this role. May not be specified with any other operation_* params","description_kind":"plain","optional":true,"computed":true},"operation_create":{"type":"bool","description":"Grant permission to use the KMIP Create operation","description_kind":"plain","optional":true,"computed":true},"operation_destroy":{"type":"bool","description":"Grant permission to use the KMIP Destroy operation","description_kind":"plain","optional":true,"computed":true},"operation_discover_versions":{"type":"bool","description":"Grant permission to use the KMIP Discover Version operation","description_kind":"plain","optional":true,"computed":true},"operation_get":{"type":"bool","description":"Grant permission to use the KMIP Get operation","description_kind":"plain","optional":true,"computed":true},"operation_get_attribute_list":{"type":"bool","description":"Grant permission to use the KMIP Get Attribute List operation","description_kind":"plain","optional":true,"computed":true},"operation_get_attributes":{"type":"bool","description":"Grant permission to use the KMIP Get Attributes operation","description_kind":"plain","optional":true,"computed":true},"operation_locate":{"type":"bool","description":"Grant permission to use the KMIP Locate operation","description_kind":"plain","optional":true,"computed":true},"operation_none":{"type":"bool","description":"Remove all permissions from this role. May not be specified with any other operation_* params","description_kind":"plain","optional":true,"computed":true},"operation_register":{"type":"bool","description":"Grant permission to use the KMIP Register operation","description_kind":"plain","optional":true,"computed":true},"operation_rekey":{"type":"bool","description":"Grant permission to use the KMIP Rekey operation","description_kind":"plain","optional":true,"computed":true},"operation_revoke":{"type":"bool","description":"Grant permission to use the KMIP Revoke operation","description_kind":"plain","optional":true,"computed":true},"path":{"type":"string","description":"Path where KMIP backend is mounted","description_kind":"plain","required":true},"role":{"type":"string","description":"Name of the role","description_kind":"plain","required":true},"scope":{"type":"string","description":"Name of the scope","description_kind":"plain","required":true},"tls_client_key_bits":{"type":"number","description":"Client certificate key bits, valid values depend on key type","description_kind":"plain","optional":true},"tls_client_key_type":{"type":"string","description":"Client certificate key type, rsa or ec","description_kind":"plain","optional":true},"tls_client_ttl":{"type":"number","description":"Client certificate TTL in seconds","description_kind":"plain","optional":true}},"description_kind":"plain"}},"vault_kmip_secret_scope":{"version":0,"block":{"attributes":{"force":{"type":"bool","description":"Force deletion even if there are managed objects in the scope","description_kind":"plain","optional":true},"id":{"type":"string","description_kind":"plain","optional":true,"computed":true},"namespace":{"type":"string","description":"Target namespace. (requires Enterprise)","description_kind":"plain","optional":true},"path":{"type":"string","description":"Path where KMIP backend is mounted","description_kind":"plain","required":true},"scope":{"type":"string","description":"Name of the scope","description_kind":"plain","required":true}},"description_kind":"plain"}},"vault_kubernetes_auth_backend_config":{"version":0,"block":{"attributes":{"backend":{"type":"string","description":"Unique name of the kubernetes backend to configure.","description_kind":"plain","optional":true},"disable_iss_validation":{"type":"bool","description":"Optional disable JWT issuer validation. Allows to skip ISS validation.","description_kind":"plain","optional":true,"computed":true},"disable_local_ca_jwt":{"type":"bool","description":"Optional disable defaulting to the local CA cert and service account JWT when running in a Kubernetes pod.","description_kind":"plain","optional":true,"computed":true},"id":{"type":"string","description_kind":"plain","optional":true,"computed":true},"issuer":{"type":"string","description":"Optional JWT issuer. If no issuer is specified, kubernetes.io/serviceaccount will be used as the default issuer.","description_kind":"plain","optional":true},"kubernetes_ca_cert":{"type":"string","description":"PEM encoded CA cert for use by the TLS client used to talk with the Kubernetes API.","description_kind":"plain","optional":true,"computed":true},"kubernetes_host":{"type":"string","description":"Host must be a host string, a host:port pair, or a URL to the base of the Kubernetes API server.","description_kind":"plain","required":true},"namespace":{"type":"string","description":"Target namespace. (requires Enterprise)","description_kind":"plain","optional":true},"pem_keys":{"type":["list","string"],"description":"Optional list of PEM-formatted public keys or certificates used to verify the signatures of Kubernetes service account JWTs. If a certificate is given, its public key will be extracted. Not every installation of Kubernetes exposes these keys.","description_kind":"plain","optional":true},"token_reviewer_jwt":{"type":"string","description":"A service account JWT used to access the TokenReview API to validate other JWTs during login. If not set the JWT used for login will be used to access the API.","description_kind":"plain","optional":true,"sensitive":true}},"description_kind":"plain"}},"vault_kubernetes_auth_backend_role":{"version":0,"block":{"attributes":{"alias_name_source":{"type":"string","description":"Configures how identity aliases are generated. Valid choices are: serviceaccount_uid, serviceaccount_name","description_kind":"plain","optional":true,"computed":true},"audience":{"type":"string","description":"Optional Audience claim to verify in the JWT.","description_kind":"plain","optional":true},"backend":{"type":"string","description":"Unique name of the kubernetes backend to configure.","description_kind":"plain","optional":true},"bound_service_account_names":{"type":["set","string"],"description":"List of service account names able to access this role. If set to `[\"*\"]` all names are allowed, both this and bound_service_account_namespaces can not be \"*\".","description_kind":"plain","required":true},"bound_service_account_namespaces":{"type":["set","string"],"description":"List of namespaces allowed to access this role. If set to `[\"*\"]` all namespaces are allowed, both this and bound_service_account_names can not be set to \"*\".","description_kind":"plain","required":true},"id":{"type":"string","description_kind":"plain","optional":true,"computed":true},"namespace":{"type":"string","description":"Target namespace. (requires Enterprise)","description_kind":"plain","optional":true},"role_name":{"type":"string","description":"Name of the role.","description_kind":"plain","required":true},"token_bound_cidrs":{"type":["set","string"],"description":"Specifies the blocks of IP addresses which are allowed to use the generated token","description_kind":"plain","optional":true},"token_explicit_max_ttl":{"type":"number","description":"Generated Token's Explicit Maximum TTL in seconds","description_kind":"plain","optional":true},"token_max_ttl":{"type":"number","description":"The maximum lifetime of the generated token","description_kind":"plain","optional":true},"token_no_default_policy":{"type":"bool","description":"If true, the 'default' policy will not automatically be added to generated tokens","description_kind":"plain","optional":true},"token_num_uses":{"type":"number","description":"The maximum number of times a token may be used, a value of zero means unlimited","description_kind":"plain","optional":true},"token_period":{"type":"number","description":"Generated Token's Period","description_kind":"plain","optional":true},"token_policies":{"type":["set","string"],"description":"Generated Token's Policies","description_kind":"plain","optional":true},"token_ttl":{"type":"number","description":"The initial ttl of the token to generate in seconds","description_kind":"plain","optional":true},"token_type":{"type":"string","description":"The type of token to generate, service or batch","description_kind":"plain","optional":true}},"description_kind":"plain"}},"vault_kubernetes_secret_backend":{"version":0,"block":{"attributes":{"accessor":{"type":"string","description":"Accessor of the mount","description_kind":"plain","computed":true},"audit_non_hmac_request_keys":{"type":["list","string"],"description":"Specifies the list of keys that will not be HMAC'd by audit devices in the request data object.","description_kind":"plain","optional":true,"computed":true},"audit_non_hmac_response_keys":{"type":["list","string"],"description":"Specifies the list of keys that will not be HMAC'd by audit devices in the response data object.","description_kind":"plain","optional":true,"computed":true},"default_lease_ttl_seconds":{"type":"number","description":"Default lease duration for tokens and secrets in seconds","description_kind":"plain","optional":true,"computed":true},"description":{"type":"string","description":"Human-friendly description of the mount","description_kind":"plain","optional":true},"disable_local_ca_jwt":{"type":"bool","description":"Disable defaulting to the local CA certificate and service account JWT when running in a Kubernetes pod.","description_kind":"plain","optional":true},"external_entropy_access":{"type":"bool","description":"Enable the secrets engine to access Vault's external entropy source","description_kind":"plain","optional":true},"id":{"type":"string","description_kind":"plain","optional":true,"computed":true},"kubernetes_ca_cert":{"type":"string","description":"A PEM-encoded CA certificate used by the secret engine to verify the Kubernetes API server certificate. Defaults to the local pod’s CA if found, or otherwise the host's root CA set.","description_kind":"plain","optional":true},"kubernetes_host":{"type":"string","description":"The Kubernetes API URL to connect to.","description_kind":"plain","optional":true},"local":{"type":"bool","description":"Local mount flag that can be explicitly set to true to enforce local mount in HA environment","description_kind":"plain","optional":true},"max_lease_ttl_seconds":{"type":"number","description":"Maximum possible lease duration for tokens and secrets in seconds","description_kind":"plain","optional":true,"computed":true},"namespace":{"type":"string","description":"Target namespace. (requires Enterprise)","description_kind":"plain","optional":true},"options":{"type":["map","string"],"description":"Specifies mount type specific options that are passed to the backend","description_kind":"plain","optional":true},"path":{"type":"string","description":"Where the secret backend will be mounted","description_kind":"plain","required":true},"seal_wrap":{"type":"bool","description":"Enable seal wrapping for the mount, causing values stored by the mount to be wrapped by the seal's encryption capability","description_kind":"plain","optional":true,"computed":true},"service_account_jwt":{"type":"string","description":"The JSON web token of the service account used by the secrets engine to manage Kubernetes credentials. Defaults to the local pod’s JWT if found.","description_kind":"plain","optional":true,"sensitive":true}},"description_kind":"plain"}},"vault_kubernetes_secret_backend_role":{"version":0,"block":{"attributes":{"allowed_kubernetes_namespaces":{"type":["list","string"],"description":"The list of Kubernetes namespaces this role can generate credentials for. If set to '*' all namespaces are allowed.","description_kind":"plain","required":true},"backend":{"type":"string","description":"The mount path for the Kubernetes secrets engine.","description_kind":"plain","required":true},"extra_annotations":{"type":["map","string"],"description":"Additional annotations to apply to all generated Kubernetes objects.","description_kind":"plain","optional":true},"extra_labels":{"type":["map","string"],"description":"Additional labels to apply to all generated Kubernetes objects.","description_kind":"plain","optional":true},"generated_role_rules":{"type":"string","description":"The Role or ClusterRole rules to use when generating a role. Accepts either JSON or YAML formatted rules. Mutually exclusive with 'service_account_name' and 'kubernetes_role_name'. If set, the entire chain of Kubernetes objects will be generated when credentials are requested.","description_kind":"plain","optional":true},"id":{"type":"string","description_kind":"plain","optional":true,"computed":true},"kubernetes_role_name":{"type":"string","description":"The pre-existing Role or ClusterRole to bind a generated service account to. Mutually exclusive with 'service_account_name' and 'generated_role_rules'. If set, Kubernetes token, service account, and role binding objects will be created when credentials are requested.","description_kind":"plain","optional":true},"kubernetes_role_type":{"type":"string","description":"Specifies whether the Kubernetes role is a Role or ClusterRole.","description_kind":"plain","optional":true},"name":{"type":"string","description":"The name of the role.","description_kind":"plain","required":true},"name_template":{"type":"string","description":"The name template to use when generating service accounts, roles and role bindings. If unset, a default template is used.","description_kind":"plain","optional":true},"namespace":{"type":"string","description":"Target namespace. (requires Enterprise)","description_kind":"plain","optional":true},"service_account_name":{"type":"string","description":"The pre-existing service account to generate tokens for. Mutually exclusive with 'kubernetes_role_name' and 'generated_role_rules'. If set, only a Kubernetes token will be created when credentials are requested.","description_kind":"plain","optional":true},"token_default_ttl":{"type":"number","description":"The default TTL for generated Kubernetes tokens in seconds.","description_kind":"plain","optional":true},"token_max_ttl":{"type":"number","description":"The maximum TTL for generated Kubernetes tokens in seconds.","description_kind":"plain","optional":true}},"description_kind":"plain"}},"vault_kv_secret":{"version":0,"block":{"attributes":{"data":{"type":["map","string"],"description":"Map of strings read from Vault.","description_kind":"plain","computed":true,"sensitive":true},"data_json":{"type":"string","description":"JSON-encoded secret data to write.","description_kind":"plain","required":true,"sensitive":true},"id":{"type":"string","description_kind":"plain","optional":true,"computed":true},"namespace":{"type":"string","description":"Target namespace. (requires Enterprise)","description_kind":"plain","optional":true},"path":{"type":"string","description":"Full path of the KV-V1 secret.","description_kind":"plain","required":true}},"description_kind":"plain"}},"vault_kv_secret_backend_v2":{"version":0,"block":{"attributes":{"cas_required":{"type":"bool","description":"If true, all keys will require the cas parameter to be set on all write requests.","description_kind":"plain","optional":true,"computed":true},"delete_version_after":{"type":"number","description":"If set, specifies the length of time before a version is deleted","description_kind":"plain","optional":true},"id":{"type":"string","description_kind":"plain","optional":true,"computed":true},"max_versions":{"type":"number","description":"The number of versions to keep per key.","description_kind":"plain","optional":true,"computed":true},"mount":{"type":"string","description":"Path where KV-V2 engine is mounted.","description_kind":"plain","required":true},"namespace":{"type":"string","description":"Target namespace. (requires Enterprise)","description_kind":"plain","optional":true}},"description_kind":"plain"}},"vault_kv_secret_v2":{"version":0,"block":{"attributes":{"cas":{"type":"number","description":"This flag is required if cas_required is set to true on either the secret or the engine's config. In order for a write to be successful, cas must be set to the current version of the secret.","description_kind":"plain","optional":true},"data":{"type":["map","string"],"description":"Map of strings read from Vault.","description_kind":"plain","computed":true,"sensitive":true},"data_json":{"type":"string","description":"JSON-encoded secret data to write.","description_kind":"plain","required":true,"sensitive":true},"delete_all_versions":{"type":"bool","description":"If set to true, permanently deletes all versions for the specified key.","description_kind":"plain","optional":true},"disable_read":{"type":"bool","description":"If set to true, disables reading secret from Vault; note: drift won't be detected.","description_kind":"plain","optional":true},"id":{"type":"string","description_kind":"plain","optional":true,"computed":true},"metadata":{"type":["map","string"],"description":"Metadata associated with this secret read from Vault.","description_kind":"plain","computed":true},"mount":{"type":"string","description":"Path where KV-V2 engine is mounted.","description_kind":"plain","required":true},"name":{"type":"string","description":"Full name of the secret. For a nested secret, the name is the nested path excluding the mount and data prefix. For example, for a secret at 'kvv2/data/foo/bar/baz', the name is 'foo/bar/baz'","description_kind":"plain","required":true},"namespace":{"type":"string","description":"Target namespace. (requires Enterprise)","description_kind":"plain","optional":true},"options":{"type":["map","string"],"description":"An object that holds option settings.","description_kind":"plain","optional":true},"path":{"type":"string","description":"Full path where the KV-V2 secret will be written.","description_kind":"plain","computed":true}},"description_kind":"plain"}},"vault_ldap_auth_backend":{"version":1,"block":{"attributes":{"accessor":{"type":"string","description":"The accessor of the LDAP auth backend","description_kind":"plain","computed":true},"binddn":{"type":"string","description_kind":"plain","optional":true,"computed":true},"bindpass":{"type":"string","description_kind":"plain","optional":true,"computed":true,"sensitive":true},"case_sensitive_names":{"type":"bool","description_kind":"plain","optional":true,"computed":true},"certificate":{"type":"string","description_kind":"plain","optional":true,"computed":true},"client_tls_cert":{"type":"string","description_kind":"plain","optional":true,"computed":true},"client_tls_key":{"type":"string","description_kind":"plain","optional":true,"computed":true,"sensitive":true},"deny_null_bind":{"type":"bool","description_kind":"plain","optional":true,"computed":true},"description":{"type":"string","description_kind":"plain","optional":true,"computed":true},"discoverdn":{"type":"bool","description_kind":"plain","optional":true,"computed":true},"groupattr":{"type":"string","description_kind":"plain","optional":true,"computed":true},"groupdn":{"type":"string","description_kind":"plain","optional":true,"computed":true},"groupfilter":{"type":"string","description_kind":"plain","optional":true,"computed":true},"id":{"type":"string","description_kind":"plain","optional":true,"computed":true},"insecure_tls":{"type":"bool","description_kind":"plain","optional":true,"computed":true},"local":{"type":"bool","description":"Specifies if the auth method is local only","description_kind":"plain","optional":true},"namespace":{"type":"string","description":"Target namespace. (requires Enterprise)","description_kind":"plain","optional":true},"path":{"type":"string","description_kind":"plain","optional":true},"starttls":{"type":"bool","description_kind":"plain","optional":true,"computed":true},"tls_max_version":{"type":"string","description_kind":"plain","optional":true,"computed":true},"tls_min_version":{"type":"string","description_kind":"plain","optional":true,"computed":true},"token_bound_cidrs":{"type":["set","string"],"description":"Specifies the blocks of IP addresses which are allowed to use the generated token","description_kind":"plain","optional":true},"token_explicit_max_ttl":{"type":"number","description":"Generated Token's Explicit Maximum TTL in seconds","description_kind":"plain","optional":true},"token_max_ttl":{"type":"number","description":"The maximum lifetime of the generated token","description_kind":"plain","optional":true},"token_no_default_policy":{"type":"bool","description":"If true, the 'default' policy will not automatically be added to generated tokens","description_kind":"plain","optional":true},"token_num_uses":{"type":"number","description":"The maximum number of times a token may be used, a value of zero means unlimited","description_kind":"plain","optional":true},"token_period":{"type":"number","description":"Generated Token's Period","description_kind":"plain","optional":true},"token_policies":{"type":["set","string"],"description":"Generated Token's Policies","description_kind":"plain","optional":true},"token_ttl":{"type":"number","description":"The initial ttl of the token to generate in seconds","description_kind":"plain","optional":true},"token_type":{"type":"string","description":"The type of token to generate, service or batch","description_kind":"plain","optional":true},"upndomain":{"type":"string","description_kind":"plain","optional":true,"computed":true},"url":{"type":"string","description_kind":"plain","required":true},"use_token_groups":{"type":"bool","description_kind":"plain","optional":true,"computed":true},"userattr":{"type":"string","description_kind":"plain","optional":true,"computed":true},"userdn":{"type":"string","description_kind":"plain","optional":true,"computed":true},"userfilter":{"type":"string","description_kind":"plain","optional":true,"computed":true},"username_as_alias":{"type":"bool","description":"Force the auth method to use the username passed by the user as the alias name.","description_kind":"plain","optional":true,"computed":true}},"description_kind":"plain"}},"vault_ldap_auth_backend_group":{"version":1,"block":{"attributes":{"backend":{"type":"string","description_kind":"plain","optional":true},"groupname":{"type":"string","description_kind":"plain","required":true},"id":{"type":"string","description_kind":"plain","optional":true,"computed":true},"namespace":{"type":"string","description":"Target namespace. (requires Enterprise)","description_kind":"plain","optional":true},"policies":{"type":["set","string"],"description_kind":"plain","optional":true,"computed":true}},"description_kind":"plain"}},"vault_ldap_auth_backend_user":{"version":1,"block":{"attributes":{"backend":{"type":"string","description_kind":"plain","optional":true},"groups":{"type":["set","string"],"description_kind":"plain","optional":true,"computed":true},"id":{"type":"string","description_kind":"plain","optional":true,"computed":true},"namespace":{"type":"string","description":"Target namespace. (requires Enterprise)","description_kind":"plain","optional":true},"policies":{"type":["set","string"],"description_kind":"plain","optional":true,"computed":true},"username":{"type":"string","description_kind":"plain","required":true}},"description_kind":"plain"}},"vault_mfa_duo":{"version":0,"block":{"attributes":{"api_hostname":{"type":"string","description":"API hostname for Duo.","description_kind":"plain","required":true},"id":{"type":"string","description_kind":"plain","optional":true,"computed":true},"integration_key":{"type":"string","description":"Integration key for Duo.","description_kind":"plain","required":true,"sensitive":true},"mount_accessor":{"type":"string","description":"The mount to tie this method to for use in automatic mappings. The mapping will use the Name field of Aliases associated with this mount as the username in the mapping.","description_kind":"plain","required":true},"name":{"type":"string","description":"Name of the MFA method.","description_kind":"plain","required":true},"namespace":{"type":"string","description":"Target namespace. (requires Enterprise)","description_kind":"plain","optional":true},"push_info":{"type":"string","description":"Push information for Duo.","description_kind":"plain","optional":true},"secret_key":{"type":"string","description":"Secret key for Duo.","description_kind":"plain","required":true,"sensitive":true},"username_format":{"type":"string","description":"A format string for mapping Identity names to MFA method names. Values to substitute should be placed in `{{}}`.","description_kind":"plain","optional":true}},"description_kind":"plain"}},"vault_mfa_okta":{"version":0,"block":{"attributes":{"api_token":{"type":"string","description":"Okta API key.","description_kind":"plain","required":true,"sensitive":true},"base_url":{"type":"string","description":"If set, will be used as the base domain for API requests.","description_kind":"plain","optional":true},"id":{"type":"string","description":"ID computed by Vault.","description_kind":"plain","optional":true,"computed":true},"mount_accessor":{"type":"string","description":"The mount to tie this method to for use in automatic mappings. The mapping will use the Name field of Aliases associated with this mount as the username in the mapping.","description_kind":"plain","required":true},"name":{"type":"string","description":"Name of the MFA method.","description_kind":"plain","required":true},"namespace":{"type":"string","description":"Target namespace. (requires Enterprise)","description_kind":"plain","optional":true},"org_name":{"type":"string","description":"Name of the organization to be used in the Okta API.","description_kind":"plain","required":true},"primary_email":{"type":"bool","description":"If set to true, the username will only match the primary email for the account.","description_kind":"plain","optional":true},"username_format":{"type":"string","description":"A format string for mapping Identity names to MFA method names. Values to substitute should be placed in `{{}}`.","description_kind":"plain","optional":true}},"description_kind":"plain"}},"vault_mfa_pingid":{"version":0,"block":{"attributes":{"admin_url":{"type":"string","description":"Admin URL computed by Vault.","description_kind":"plain","computed":true},"authenticator_url":{"type":"string","description":"Authenticator URL computed by Vault.","description_kind":"plain","computed":true},"id":{"type":"string","description":"ID computed by Vault.","description_kind":"plain","optional":true,"computed":true},"idp_url":{"type":"string","description":"IDP URL computed by Vault.","description_kind":"plain","computed":true},"mount_accessor":{"type":"string","description":"The mount to tie this method to for use in automatic mappings. The mapping will use the Name field of Aliases associated with this mount as the username in the mapping.","description_kind":"plain","required":true},"name":{"type":"string","description":"Name of the MFA method.","description_kind":"plain","required":true},"namespace":{"type":"string","description":"Target namespace. (requires Enterprise)","description_kind":"plain","optional":true},"namespace_id":{"type":"string","description":"Namespace ID computed by Vault.","description_kind":"plain","computed":true},"org_alias":{"type":"string","description":"Org Alias computed by Vault.","description_kind":"plain","computed":true},"settings_file_base64":{"type":"string","description":"A base64-encoded third-party settings file retrieved from PingID's configuration page.","description_kind":"plain","required":true},"type":{"type":"string","description":"Type of configuration computed by Vault.","description_kind":"plain","computed":true},"use_signature":{"type":"bool","description":"If set, enables use of PingID signature. Computed by Vault","description_kind":"plain","computed":true},"username_format":{"type":"string","description":"A format string for mapping Identity names to MFA method names. Values to substitute should be placed in `{{}}`.","description_kind":"plain","optional":true}},"description_kind":"plain"}},"vault_mfa_totp":{"version":0,"block":{"attributes":{"algorithm":{"type":"string","description":"Specifies the hashing algorithm used to generate the TOTP code. Options include 'SHA1', 'SHA256' and 'SHA512'.","description_kind":"plain","optional":true},"digits":{"type":"number","description":"The number of digits in the generated TOTP token. This value can either be 6 or 8.","description_kind":"plain","optional":true},"id":{"type":"string","description":"ID computed by Vault.","description_kind":"plain","optional":true,"computed":true},"issuer":{"type":"string","description":"The name of the key's issuing organization.","description_kind":"plain","required":true},"key_size":{"type":"number","description":"Specifies the size in bytes of the generated key.","description_kind":"plain","optional":true},"name":{"type":"string","description":"Name of the MFA method.","description_kind":"plain","required":true},"namespace":{"type":"string","description":"Target namespace. (requires Enterprise)","description_kind":"plain","optional":true},"period":{"type":"number","description":"The length of time used to generate a counter for the TOTP token calculation.","description_kind":"plain","optional":true},"qr_size":{"type":"number","description":"The pixel size of the generated square QR code.","description_kind":"plain","optional":true},"skew":{"type":"number","description":"The number of delay periods that are allowed when validating a TOTP token. This value can either be 0 or 1.","description_kind":"plain","optional":true}},"description_kind":"plain"}},"vault_mount":{"version":0,"block":{"attributes":{"accessor":{"type":"string","description":"Accessor of the mount","description_kind":"plain","computed":true},"audit_non_hmac_request_keys":{"type":["list","string"],"description":"Specifies the list of keys that will not be HMAC'd by audit devices in the request data object.","description_kind":"plain","optional":true,"computed":true},"audit_non_hmac_response_keys":{"type":["list","string"],"description":"Specifies the list of keys that will not be HMAC'd by audit devices in the response data object.","description_kind":"plain","optional":true,"computed":true},"default_lease_ttl_seconds":{"type":"number","description":"Default lease duration for tokens and secrets in seconds","description_kind":"plain","optional":true,"computed":true},"description":{"type":"string","description":"Human-friendly description of the mount","description_kind":"plain","optional":true},"external_entropy_access":{"type":"bool","description":"Enable the secrets engine to access Vault's external entropy source","description_kind":"plain","optional":true},"id":{"type":"string","description_kind":"plain","optional":true,"computed":true},"local":{"type":"bool","description":"Local mount flag that can be explicitly set to true to enforce local mount in HA environment","description_kind":"plain","optional":true},"max_lease_ttl_seconds":{"type":"number","description":"Maximum possible lease duration for tokens and secrets in seconds","description_kind":"plain","optional":true,"computed":true},"namespace":{"type":"string","description":"Target namespace. (requires Enterprise)","description_kind":"plain","optional":true},"options":{"type":["map","string"],"description":"Specifies mount type specific options that are passed to the backend","description_kind":"plain","optional":true},"path":{"type":"string","description":"Where the secret backend will be mounted","description_kind":"plain","required":true},"seal_wrap":{"type":"bool","description":"Enable seal wrapping for the mount, causing values stored by the mount to be wrapped by the seal's encryption capability","description_kind":"plain","optional":true,"computed":true},"type":{"type":"string","description":"Type of the backend, such as 'aws'","description_kind":"plain","required":true}},"description_kind":"plain"}},"vault_namespace":{"version":0,"block":{"attributes":{"id":{"type":"string","description_kind":"plain","optional":true,"computed":true},"namespace":{"type":"string","description":"Target namespace. (requires Enterprise)","description_kind":"plain","optional":true},"namespace_id":{"type":"string","description":"Namespace ID.","description_kind":"plain","computed":true},"path":{"type":"string","description":"Namespace path.","description_kind":"plain","required":true},"path_fq":{"type":"string","description":"The fully qualified namespace path.","description_kind":"plain","computed":true}},"description_kind":"plain"}},"vault_nomad_secret_backend":{"version":0,"block":{"attributes":{"address":{"type":"string","description":"Specifies the address of the Nomad instance, provided as \"protocol://host:port\" like \"http://127.0.0.1:4646\".","description_kind":"plain","optional":true},"backend":{"type":"string","description":"The mount path for the Nomad backend.","description_kind":"plain","optional":true},"ca_cert":{"type":"string","description":"CA certificate to use when verifying Nomad server certificate, must be x509 PEM encoded.","description_kind":"plain","optional":true},"client_cert":{"type":"string","description":"Client certificate used for Nomad's TLS communication, must be x509 PEM encoded and if this is set you need to also set client_key.","description_kind":"plain","optional":true,"sensitive":true},"client_key":{"type":"string","description":"Client key used for Nomad's TLS communication, must be x509 PEM encoded and if this is set you need to also set client_cert.","description_kind":"plain","optional":true,"sensitive":true},"default_lease_ttl_seconds":{"type":"number","description":"Default lease duration for secrets in seconds.","description_kind":"plain","optional":true,"computed":true},"description":{"type":"string","description":"Human-friendly description of the mount for the backend.","description_kind":"plain","optional":true},"id":{"type":"string","description_kind":"plain","optional":true,"computed":true},"local":{"type":"bool","description":"Mark the secrets engine as local-only. Local engines are not replicated or removed by replication. Tolerance duration to use when checking the last rotation time.","description_kind":"plain","optional":true},"max_lease_ttl_seconds":{"type":"number","description":"Maximum possible lease duration for secrets in seconds.","description_kind":"plain","optional":true,"computed":true},"max_token_name_length":{"type":"number","description":"Specifies the maximum length to use for the name of the Nomad token generated with Generate Credential. If omitted, 0 is used and ignored, defaulting to the max value allowed by the Nomad version.","description_kind":"plain","optional":true,"computed":true},"max_ttl":{"type":"number","description":"Maximum possible lease duration for secrets in seconds.","description_kind":"plain","optional":true,"computed":true},"namespace":{"type":"string","description":"Target namespace. (requires Enterprise)","description_kind":"plain","optional":true},"token":{"type":"string","description":"Specifies the Nomad Management token to use.","description_kind":"plain","optional":true,"sensitive":true},"ttl":{"type":"number","description":"Maximum possible lease duration for secrets in seconds.","description_kind":"plain","optional":true,"computed":true}},"description_kind":"plain"}},"vault_nomad_secret_role":{"version":0,"block":{"attributes":{"backend":{"type":"string","description":"The mount path for the Nomad backend.","description_kind":"plain","required":true},"global":{"type":"bool","description":"Specifies if the token should be global.","description_kind":"plain","optional":true,"computed":true},"id":{"type":"string","description_kind":"plain","optional":true,"computed":true},"namespace":{"type":"string","description":"Target namespace. (requires Enterprise)","description_kind":"plain","optional":true},"policies":{"type":["list","string"],"description":"Comma separated list of Nomad policies the token is going to be created against. These need to be created beforehand in Nomad.","description_kind":"plain","optional":true,"computed":true},"role":{"type":"string","description":"Name of the role.","description_kind":"plain","required":true},"type":{"type":"string","description":"Specifies the type of token to create when using this role. Valid values are \"client\" or \"management\".","description_kind":"plain","optional":true,"computed":true}},"description_kind":"plain"}},"vault_okta_auth_backend":{"version":0,"block":{"attributes":{"accessor":{"type":"string","description":"The mount accessor related to the auth mount.","description_kind":"plain","computed":true},"base_url":{"type":"string","description":"The Okta url. Examples: oktapreview.com, okta.com (default)","description_kind":"plain","optional":true},"bypass_okta_mfa":{"type":"bool","description":"When true, requests by Okta for a MFA check will be bypassed. This also disallows certain status checks on the account, such as whether the password is expired.","description_kind":"plain","optional":true},"description":{"type":"string","description":"The description of the auth backend","description_kind":"plain","optional":true},"group":{"type":["set",["object",{"group_name":"string","policies":["set","string"]}]],"description_kind":"plain","optional":true,"computed":true},"id":{"type":"string","description_kind":"plain","optional":true,"computed":true},"max_ttl":{"type":"string","description":"Maximum duration after which authentication will be expired","description_kind":"plain","optional":true},"namespace":{"type":"string","description":"Target namespace. (requires Enterprise)","description_kind":"plain","optional":true},"organization":{"type":"string","description":"The Okta organization. This will be the first part of the url https://XXX.okta.com.","description_kind":"plain","required":true},"path":{"type":"string","description":"path to mount the backend","description_kind":"plain","optional":true},"token":{"type":"string","description":"The Okta API token. This is required to query Okta for user group membership. If this is not supplied only locally configured groups will be enabled.","description_kind":"plain","optional":true,"sensitive":true},"ttl":{"type":"string","description":"Duration after which authentication will be expired","description_kind":"plain","optional":true},"user":{"type":["set",["object",{"groups":["set","string"],"policies":["set","string"],"username":"string"}]],"description_kind":"plain","optional":true,"computed":true}},"description_kind":"plain"}},"vault_okta_auth_backend_group":{"version":0,"block":{"attributes":{"group_name":{"type":"string","description":"Name of the Okta group","description_kind":"plain","required":true},"id":{"type":"string","description_kind":"plain","optional":true,"computed":true},"namespace":{"type":"string","description":"Target namespace. (requires Enterprise)","description_kind":"plain","optional":true},"path":{"type":"string","description":"Path to the Okta auth backend","description_kind":"plain","required":true},"policies":{"type":["set","string"],"description":"Policies to associate with this group","description_kind":"plain","optional":true}},"description_kind":"plain"}},"vault_okta_auth_backend_user":{"version":0,"block":{"attributes":{"groups":{"type":["set","string"],"description":"Groups within the Okta auth backend to associate with this user","description_kind":"plain","optional":true},"id":{"type":"string","description_kind":"plain","optional":true,"computed":true},"namespace":{"type":"string","description":"Target namespace. (requires Enterprise)","description_kind":"plain","optional":true},"path":{"type":"string","description":"Path to the Okta auth backend","description_kind":"plain","required":true},"policies":{"type":["set","string"],"description":"Policies to associate with this user","description_kind":"plain","optional":true},"username":{"type":"string","description":"Name of the user within Okta","description_kind":"plain","required":true}},"description_kind":"plain"}},"vault_password_policy":{"version":0,"block":{"attributes":{"id":{"type":"string","description_kind":"plain","optional":true,"computed":true},"name":{"type":"string","description":"Name of the password policy.","description_kind":"plain","required":true},"namespace":{"type":"string","description":"Target namespace. (requires Enterprise)","description_kind":"plain","optional":true},"policy":{"type":"string","description":"The password policy document","description_kind":"plain","required":true}},"description_kind":"plain"}},"vault_pki_secret_backend_cert":{"version":0,"block":{"attributes":{"alt_names":{"type":["list","string"],"description":"List of alternative names.","description_kind":"plain","optional":true},"auto_renew":{"type":"bool","description":"If enabled, a new certificate will be generated if the expiration is within min_seconds_remaining","description_kind":"plain","optional":true},"backend":{"type":"string","description":"The PKI secret backend the resource belongs to.","description_kind":"plain","required":true},"ca_chain":{"type":"string","description":"The CA chain.","description_kind":"plain","computed":true},"certificate":{"type":"string","description":"The certicate.","description_kind":"plain","computed":true},"common_name":{"type":"string","description":"CN of the certificate to create.","description_kind":"plain","required":true},"exclude_cn_from_sans":{"type":"bool","description":"Flag to exclude CN from SANs.","description_kind":"plain","optional":true},"expiration":{"type":"number","description":"The certificate expiration.","description_kind":"plain","computed":true},"format":{"type":"string","description":"The format of data.","description_kind":"plain","optional":true},"id":{"type":"string","description_kind":"plain","optional":true,"computed":true},"ip_sans":{"type":["list","string"],"description":"List of alternative IPs.","description_kind":"plain","optional":true},"issuing_ca":{"type":"string","description":"The issuing CA.","description_kind":"plain","computed":true},"min_seconds_remaining":{"type":"number","description":"Generate a new certificate when the expiration is within this number of seconds","description_kind":"plain","optional":true},"name":{"type":"string","description":"Name of the role to create the certificate against.","description_kind":"plain","required":true},"namespace":{"type":"string","description":"Target namespace. (requires Enterprise)","description_kind":"plain","optional":true},"other_sans":{"type":["list","string"],"description":"List of other SANs.","description_kind":"plain","optional":true},"private_key":{"type":"string","description":"The private key.","description_kind":"plain","computed":true,"sensitive":true},"private_key_format":{"type":"string","description":"The private key format.","description_kind":"plain","optional":true},"private_key_type":{"type":"string","description":"The private key type.","description_kind":"plain","computed":true},"revoke":{"type":"bool","description":"Revoke the certificate upon resource destruction.","description_kind":"plain","optional":true},"serial_number":{"type":"string","description":"The serial number.","description_kind":"plain","computed":true},"ttl":{"type":"string","description":"Time to live.","description_kind":"plain","optional":true},"uri_sans":{"type":["list","string"],"description":"List of alternative URIs.","description_kind":"plain","optional":true}},"description_kind":"plain"}},"vault_pki_secret_backend_config_ca":{"version":0,"block":{"attributes":{"backend":{"type":"string","description":"The PKI secret backend the resource belongs to.","description_kind":"plain","required":true},"id":{"type":"string","description_kind":"plain","optional":true,"computed":true},"namespace":{"type":"string","description":"Target namespace. (requires Enterprise)","description_kind":"plain","optional":true},"pem_bundle":{"type":"string","description":"The key and certificate PEM bundle.","description_kind":"plain","required":true,"sensitive":true}},"description_kind":"plain"}},"vault_pki_secret_backend_config_urls":{"version":0,"block":{"attributes":{"backend":{"type":"string","description":"The path of the PKI secret backend the resource belongs to.","description_kind":"plain","required":true},"crl_distribution_points":{"type":["list","string"],"description":"Specifies the URL values for the CRL Distribution Points field.","description_kind":"plain","optional":true},"id":{"type":"string","description_kind":"plain","optional":true,"computed":true},"issuing_certificates":{"type":["list","string"],"description":"Specifies the URL values for the Issuing Certificate field.","description_kind":"plain","optional":true},"namespace":{"type":"string","description":"Target namespace. (requires Enterprise)","description_kind":"plain","optional":true},"ocsp_servers":{"type":["list","string"],"description":"Specifies the URL values for the OCSP Servers field.","description_kind":"plain","optional":true}},"description_kind":"plain"}},"vault_pki_secret_backend_crl_config":{"version":0,"block":{"attributes":{"backend":{"type":"string","description":"The path of the PKI secret backend the resource belongs to.","description_kind":"plain","required":true},"disable":{"type":"bool","description":"Disables or enables CRL building","description_kind":"plain","optional":true},"expiry":{"type":"string","description":"Specifies the time until expiration.","description_kind":"plain","optional":true},"id":{"type":"string","description_kind":"plain","optional":true,"computed":true},"namespace":{"type":"string","description":"Target namespace. (requires Enterprise)","description_kind":"plain","optional":true}},"description_kind":"plain"}},"vault_pki_secret_backend_intermediate_cert_request":{"version":0,"block":{"attributes":{"alt_names":{"type":["list","string"],"description":"List of alternative names.","description_kind":"plain","optional":true},"backend":{"type":"string","description":"The PKI secret backend the resource belongs to.","description_kind":"plain","required":true},"common_name":{"type":"string","description":"CN of intermediate to create.","description_kind":"plain","required":true},"country":{"type":"string","description":"The country.","description_kind":"plain","optional":true},"csr":{"type":"string","description":"The CSR.","description_kind":"plain","computed":true},"exclude_cn_from_sans":{"type":"bool","description":"Flag to exclude CN from SANs.","description_kind":"plain","optional":true},"format":{"type":"string","description":"The format of data.","description_kind":"plain","optional":true},"id":{"type":"string","description_kind":"plain","optional":true,"computed":true},"ip_sans":{"type":["list","string"],"description":"List of alternative IPs.","description_kind":"plain","optional":true},"key_bits":{"type":"number","description":"The number of bits to use.","description_kind":"plain","optional":true},"key_type":{"type":"string","description":"The desired key type.","description_kind":"plain","optional":true},"locality":{"type":"string","description":"The locality.","description_kind":"plain","optional":true},"namespace":{"type":"string","description":"Target namespace. (requires Enterprise)","description_kind":"plain","optional":true},"organization":{"type":"string","description":"The organization.","description_kind":"plain","optional":true},"other_sans":{"type":["list","string"],"description":"List of other SANs.","description_kind":"plain","optional":true},"ou":{"type":"string","description":"The organization unit.","description_kind":"plain","optional":true},"postal_code":{"type":"string","description":"The postal code.","description_kind":"plain","optional":true},"private_key":{"type":"string","description":"The private key.","description_kind":"plain","computed":true,"sensitive":true},"private_key_format":{"type":"string","description":"The private key format.","description_kind":"plain","optional":true},"private_key_type":{"type":"string","description":"The private key type.","description_kind":"plain","computed":true},"province":{"type":"string","description":"The province.","description_kind":"plain","optional":true},"street_address":{"type":"string","description":"The street address.","description_kind":"plain","optional":true},"type":{"type":"string","description":"Type of intermediate to create. Must be either \"exported\" or \"internal\".","description_kind":"plain","required":true},"uri_sans":{"type":["list","string"],"description":"List of alternative URIs.","description_kind":"plain","optional":true}},"description_kind":"plain"}},"vault_pki_secret_backend_intermediate_set_signed":{"version":0,"block":{"attributes":{"backend":{"type":"string","description":"The PKI secret backend the resource belongs to.","description_kind":"plain","required":true},"certificate":{"type":"string","description":"The certificate.","description_kind":"plain","required":true},"id":{"type":"string","description_kind":"plain","optional":true,"computed":true},"namespace":{"type":"string","description":"Target namespace. (requires Enterprise)","description_kind":"plain","optional":true}},"description_kind":"plain"}},"vault_pki_secret_backend_role":{"version":0,"block":{"attributes":{"allow_any_name":{"type":"bool","description":"Flag to allow any name","description_kind":"plain","optional":true},"allow_bare_domains":{"type":"bool","description":"Flag to allow certificates matching the actual domain.","description_kind":"plain","optional":true},"allow_glob_domains":{"type":"bool","description":"Flag to allow names containing glob patterns.","description_kind":"plain","optional":true},"allow_ip_sans":{"type":"bool","description":"Flag to allow IP SANs","description_kind":"plain","optional":true},"allow_localhost":{"type":"bool","description":"Flag to allow certificates for localhost.","description_kind":"plain","optional":true},"allow_subdomains":{"type":"bool","description":"Flag to allow certificates matching subdomains.","description_kind":"plain","optional":true},"allowed_domains":{"type":["list","string"],"description":"The domains of the role.","description_kind":"plain","optional":true},"allowed_domains_template":{"type":"bool","description":"Flag to indicate that `allowed_domains` specifies a template expression (e.g. {{identity.entity.aliases.\u003cmount accessor\u003e.name}})","description_kind":"plain","optional":true},"allowed_other_sans":{"type":["list","string"],"description":"Defines allowed custom SANs","description_kind":"plain","optional":true},"allowed_serial_numbers":{"type":["list","string"],"description":"Defines allowed Subject serial numbers.","description_kind":"plain","optional":true},"allowed_uri_sans":{"type":["list","string"],"description":"Defines allowed URI SANs","description_kind":"plain","optional":true},"backend":{"type":"string","description":"The path of the PKI secret backend the resource belongs to.","description_kind":"plain","required":true},"basic_constraints_valid_for_non_ca":{"type":"bool","description":"Flag to mark basic constraints valid when issuing non-CA certificates.","description_kind":"plain","optional":true},"client_flag":{"type":"bool","description":"Flag to specify certificates for client use.","description_kind":"plain","optional":true},"code_signing_flag":{"type":"bool","description":"Flag to specify certificates for code signing use.","description_kind":"plain","optional":true},"country":{"type":["list","string"],"description":"The country of generated certificates.","description_kind":"plain","optional":true},"email_protection_flag":{"type":"bool","description":"Flag to specify certificates for email protection use.","description_kind":"plain","optional":true},"enforce_hostnames":{"type":"bool","description":"Flag to allow only valid host names","description_kind":"plain","optional":true},"ext_key_usage":{"type":["list","string"],"description":"Specify the allowed extended key usage constraint on issued certificates.","description_kind":"plain","optional":true},"generate_lease":{"type":"bool","description":"Flag to generate leases with certificates.","description_kind":"plain","optional":true},"id":{"type":"string","description_kind":"plain","optional":true,"computed":true},"key_bits":{"type":"number","description":"The number of bits of generated keys.","description_kind":"plain","optional":true},"key_type":{"type":"string","description":"The generated key type.","description_kind":"plain","optional":true},"key_usage":{"type":["list","string"],"description":"Specify the allowed key usage constraint on issued certificates.","description_kind":"plain","optional":true,"computed":true},"locality":{"type":["list","string"],"description":"The locality of generated certificates.","description_kind":"plain","optional":true},"max_ttl":{"type":"string","description":"The maximum TTL.","description_kind":"plain","optional":true,"computed":true},"name":{"type":"string","description":"Unique name for the role.","description_kind":"plain","required":true},"namespace":{"type":"string","description":"Target namespace. (requires Enterprise)","description_kind":"plain","optional":true},"no_store":{"type":"bool","description":"Flag to not store certificates in the storage backend.","description_kind":"plain","optional":true},"not_before_duration":{"type":"string","description":"Specifies the duration by which to backdate the NotBefore property.","description_kind":"plain","optional":true,"computed":true},"organization":{"type":["list","string"],"description":"The organization of generated certificates.","description_kind":"plain","optional":true},"ou":{"type":["list","string"],"description":"The organization unit of generated certificates.","description_kind":"plain","optional":true},"policy_identifiers":{"type":["list","string"],"description":"Specify the list of allowed policies OIDs.","description_kind":"plain","optional":true},"postal_code":{"type":["list","string"],"description":"The postal code of generated certificates.","description_kind":"plain","optional":true},"province":{"type":["list","string"],"description":"The province of generated certificates.","description_kind":"plain","optional":true},"require_cn":{"type":"bool","description":"Flag to force CN usage.","description_kind":"plain","optional":true},"server_flag":{"type":"bool","description":"Flag to specify certificates for server use.","description_kind":"plain","optional":true},"street_address":{"type":["list","string"],"description":"The street address of generated certificates.","description_kind":"plain","optional":true},"ttl":{"type":"string","description":"The TTL.","description_kind":"plain","optional":true,"computed":true},"use_csr_common_name":{"type":"bool","description":"Flag to use the CN in the CSR.","description_kind":"plain","optional":true},"use_csr_sans":{"type":"bool","description":"Flag to use the SANs in the CSR.","description_kind":"plain","optional":true}},"block_types":{"policy_identifier":{"nesting_mode":"set","block":{"attributes":{"cps":{"type":"string","description":"Optional CPS URL","description_kind":"plain","optional":true},"notice":{"type":"string","description":"Optional notice","description_kind":"plain","optional":true},"oid":{"type":"string","description":"OID","description_kind":"plain","required":true}},"description":"Policy identifier block; can only be used with Vault 1.11+","description_kind":"plain"}}},"description_kind":"plain"}},"vault_pki_secret_backend_root_cert":{"version":1,"block":{"attributes":{"alt_names":{"type":["list","string"],"description":"List of alternative names.","description_kind":"plain","optional":true},"backend":{"type":"string","description":"The PKI secret backend the resource belongs to.","description_kind":"plain","required":true},"certificate":{"type":"string","description":"The certificate.","description_kind":"plain","computed":true},"common_name":{"type":"string","description":"CN of intermediate to create.","description_kind":"plain","required":true},"country":{"type":"string","description":"The country.","description_kind":"plain","optional":true},"exclude_cn_from_sans":{"type":"bool","description":"Flag to exclude CN from SANs.","description_kind":"plain","optional":true},"format":{"type":"string","description":"The format of data.","description_kind":"plain","optional":true},"id":{"type":"string","description_kind":"plain","optional":true,"computed":true},"ip_sans":{"type":["list","string"],"description":"List of alternative IPs.","description_kind":"plain","optional":true},"issuing_ca":{"type":"string","description":"The issuing CA.","description_kind":"plain","computed":true},"key_bits":{"type":"number","description":"The number of bits to use.","description_kind":"plain","optional":true},"key_type":{"type":"string","description":"The desired key type.","description_kind":"plain","optional":true},"locality":{"type":"string","description":"The locality.","description_kind":"plain","optional":true},"max_path_length":{"type":"number","description":"The maximum path length to encode in the generated certificate.","description_kind":"plain","optional":true},"namespace":{"type":"string","description":"Target namespace. (requires Enterprise)","description_kind":"plain","optional":true},"organization":{"type":"string","description":"The organization.","description_kind":"plain","optional":true},"other_sans":{"type":["list","string"],"description":"List of other SANs.","description_kind":"plain","optional":true},"ou":{"type":"string","description":"The organization unit.","description_kind":"plain","optional":true},"permitted_dns_domains":{"type":["list","string"],"description":"List of domains for which certificates are allowed to be issued.","description_kind":"plain","optional":true},"postal_code":{"type":"string","description":"The postal code.","description_kind":"plain","optional":true},"private_key_format":{"type":"string","description":"The private key format.","description_kind":"plain","optional":true},"province":{"type":"string","description":"The province.","description_kind":"plain","optional":true},"serial":{"type":"string","description":"The serial number.","description_kind":"plain","deprecated":true,"computed":true},"serial_number":{"type":"string","description":"The certificate's serial number, hex formatted.","description_kind":"plain","computed":true},"street_address":{"type":"string","description":"The street address.","description_kind":"plain","optional":true},"ttl":{"type":"string","description":"Time to live.","description_kind":"plain","optional":true},"type":{"type":"string","description":"Type of intermediate to create. Must be either \"exported\" or \"internal\".","description_kind":"plain","required":true},"uri_sans":{"type":["list","string"],"description":"List of alternative URIs.","description_kind":"plain","optional":true}},"description_kind":"plain"}},"vault_pki_secret_backend_root_sign_intermediate":{"version":2,"block":{"attributes":{"alt_names":{"type":["list","string"],"description":"List of alternative names.","description_kind":"plain","optional":true},"backend":{"type":"string","description":"The PKI secret backend the resource belongs to.","description_kind":"plain","required":true},"ca_chain":{"type":["list","string"],"description":"The CA chain as a list of format specific certificates","description_kind":"plain","computed":true},"certificate":{"type":"string","description":"The signed intermediate CA certificate.","description_kind":"plain","computed":true},"certificate_bundle":{"type":"string","description":"The concatenation of the intermediate and issuing CA certificates (PEM encoded). Requires the format to be set to any of: pem, pem_bundle. The value will be empty for all other formats.","description_kind":"plain","computed":true},"common_name":{"type":"string","description":"CN of intermediate to create.","description_kind":"plain","required":true},"country":{"type":"string","description":"The country.","description_kind":"plain","optional":true},"csr":{"type":"string","description":"The CSR.","description_kind":"plain","required":true},"exclude_cn_from_sans":{"type":"bool","description":"Flag to exclude CN from SANs.","description_kind":"plain","optional":true},"format":{"type":"string","description":"The format of data.","description_kind":"plain","optional":true},"id":{"type":"string","description_kind":"plain","optional":true,"computed":true},"ip_sans":{"type":["list","string"],"description":"List of alternative IPs.","description_kind":"plain","optional":true},"issuing_ca":{"type":"string","description":"The issuing CA certificate.","description_kind":"plain","computed":true},"locality":{"type":"string","description":"The locality.","description_kind":"plain","optional":true},"max_path_length":{"type":"number","description":"The maximum path length to encode in the generated certificate.","description_kind":"plain","optional":true},"namespace":{"type":"string","description":"Target namespace. (requires Enterprise)","description_kind":"plain","optional":true},"organization":{"type":"string","description":"The organization.","description_kind":"plain","optional":true},"other_sans":{"type":["list","string"],"description":"List of other SANs.","description_kind":"plain","optional":true},"ou":{"type":"string","description":"The organization unit.","description_kind":"plain","optional":true},"permitted_dns_domains":{"type":["list","string"],"description":"List of domains for which certificates are allowed to be issued.","description_kind":"plain","optional":true},"postal_code":{"type":"string","description":"The postal code.","description_kind":"plain","optional":true},"province":{"type":"string","description":"The province.","description_kind":"plain","optional":true},"revoke":{"type":"bool","description":"Revoke the certificate upon resource destruction.","description_kind":"plain","optional":true},"serial":{"type":"string","description":"The serial number.","description_kind":"plain","deprecated":true,"computed":true},"serial_number":{"type":"string","description":"The certificate's serial number, hex formatted.","description_kind":"plain","computed":true},"street_address":{"type":"string","description":"The street address.","description_kind":"plain","optional":true},"ttl":{"type":"string","description":"Time to live.","description_kind":"plain","optional":true},"uri_sans":{"type":["list","string"],"description":"List of alternative URIs.","description_kind":"plain","optional":true},"use_csr_values":{"type":"bool","description":"Preserve CSR values.","description_kind":"plain","optional":true}},"description_kind":"plain"}},"vault_pki_secret_backend_sign":{"version":1,"block":{"attributes":{"alt_names":{"type":["list","string"],"description":"List of alternative names.","description_kind":"plain","optional":true},"auto_renew":{"type":"bool","description":"If enabled, a new certificate will be generated if the expiration is within min_seconds_remaining","description_kind":"plain","optional":true},"backend":{"type":"string","description":"The PKI secret backend the resource belongs to.","description_kind":"plain","required":true},"ca_chain":{"type":["list","string"],"description":"The CA chain.","description_kind":"plain","computed":true},"certificate":{"type":"string","description":"The certicate.","description_kind":"plain","computed":true},"common_name":{"type":"string","description":"CN of intermediate to create.","description_kind":"plain","required":true},"csr":{"type":"string","description":"The CSR.","description_kind":"plain","required":true},"exclude_cn_from_sans":{"type":"bool","description":"Flag to exclude CN from SANs.","description_kind":"plain","optional":true},"expiration":{"type":"number","description":"The certificate expiration.","description_kind":"plain","computed":true},"format":{"type":"string","description":"The format of data.","description_kind":"plain","optional":true},"id":{"type":"string","description_kind":"plain","optional":true,"computed":true},"ip_sans":{"type":["list","string"],"description":"List of alternative IPs.","description_kind":"plain","optional":true},"issuing_ca":{"type":"string","description":"The issuing CA.","description_kind":"plain","computed":true},"min_seconds_remaining":{"type":"number","description":"Generate a new certificate when the expiration is within this number of seconds","description_kind":"plain","optional":true},"name":{"type":"string","description":"Name of the role to create the certificate against.","description_kind":"plain","required":true},"namespace":{"type":"string","description":"Target namespace. (requires Enterprise)","description_kind":"plain","optional":true},"other_sans":{"type":["list","string"],"description":"List of other SANs.","description_kind":"plain","optional":true},"serial":{"type":"string","description":"The serial number.","description_kind":"plain","deprecated":true,"computed":true},"serial_number":{"type":"string","description":"The certificate's serial number, hex formatted.","description_kind":"plain","computed":true},"ttl":{"type":"string","description":"Time to live.","description_kind":"plain","optional":true},"uri_sans":{"type":["list","string"],"description":"List of alternative URIs.","description_kind":"plain","optional":true}},"description_kind":"plain"}},"vault_policy":{"version":0,"block":{"attributes":{"id":{"type":"string","description_kind":"plain","optional":true,"computed":true},"name":{"type":"string","description":"Name of the policy","description_kind":"plain","required":true},"namespace":{"type":"string","description":"Target namespace. (requires Enterprise)","description_kind":"plain","optional":true},"policy":{"type":"string","description":"The policy document","description_kind":"plain","required":true}},"description_kind":"plain"}},"vault_quota_lease_count":{"version":0,"block":{"attributes":{"id":{"type":"string","description_kind":"plain","optional":true,"computed":true},"max_leases":{"type":"number","description":"The maximum number of leases to be allowed by the quota rule. The max_leases must be positive.","description_kind":"plain","required":true},"name":{"type":"string","description":"The name of the quota.","description_kind":"plain","required":true},"namespace":{"type":"string","description":"Target namespace. (requires Enterprise)","description_kind":"plain","optional":true},"path":{"type":"string","description":"Path of the mount or namespace to apply the quota. A blank path configures a global lease count quota.","description_kind":"plain","optional":true}},"description_kind":"plain"}},"vault_quota_rate_limit":{"version":0,"block":{"attributes":{"block_interval":{"type":"number","description":"If set, when a client reaches a rate limit threshold, the client will be prohibited from any further requests until after the 'block_interval' in seconds has elapsed.","description_kind":"plain","optional":true},"id":{"type":"string","description_kind":"plain","optional":true,"computed":true},"interval":{"type":"number","description":"The duration in seconds to enforce rate limiting for.","description_kind":"plain","optional":true,"computed":true},"name":{"type":"string","description":"The name of the quota.","description_kind":"plain","required":true},"namespace":{"type":"string","description":"Target namespace. (requires Enterprise)","description_kind":"plain","optional":true},"path":{"type":"string","description":"Path of the mount or namespace to apply the quota. A blank path configures a global rate limit quota.","description_kind":"plain","optional":true},"rate":{"type":"number","description":"The maximum number of requests at any given second to be allowed by the quota rule. The rate must be positive.","description_kind":"plain","required":true}},"description_kind":"plain"}},"vault_rabbitmq_secret_backend":{"version":0,"block":{"attributes":{"connection_uri":{"type":"string","description":"Specifies the RabbitMQ connection URI.","description_kind":"plain","required":true},"default_lease_ttl_seconds":{"type":"number","description":"Default lease duration for secrets in seconds","description_kind":"plain","optional":true,"computed":true},"description":{"type":"string","description":"Human-friendly description of the mount for the backend.","description_kind":"plain","optional":true},"id":{"type":"string","description_kind":"plain","optional":true,"computed":true},"max_lease_ttl_seconds":{"type":"number","description":"Maximum possible lease duration for secrets in seconds","description_kind":"plain","optional":true,"computed":true},"namespace":{"type":"string","description":"Target namespace. (requires Enterprise)","description_kind":"plain","optional":true},"password":{"type":"string","description":"Specifies the RabbitMQ management administrator password","description_kind":"plain","required":true,"sensitive":true},"password_policy":{"type":"string","description":"Specifies a password policy to use when creating dynamic credentials. Defaults to generating an alphanumeric password if not set.","description_kind":"plain","optional":true},"path":{"type":"string","description":"The path of the RabbitMQ Secret Backend where the connection should be configured","description_kind":"plain","optional":true},"username":{"type":"string","description":"Specifies the RabbitMQ management administrator username","description_kind":"plain","required":true,"sensitive":true},"username_template":{"type":"string","description":"Template describing how dynamic usernames are generated.","description_kind":"plain","optional":true},"verify_connection":{"type":"bool","description":"Specifies whether to verify connection URI, username, and password.","description_kind":"plain","optional":true}},"description_kind":"plain"}},"vault_rabbitmq_secret_backend_role":{"version":0,"block":{"attributes":{"backend":{"type":"string","description":"The path of the Rabbitmq Secret Backend the role belongs to.","description_kind":"plain","required":true},"id":{"type":"string","description_kind":"plain","optional":true,"computed":true},"name":{"type":"string","description":"Unique name for the role.","description_kind":"plain","required":true},"namespace":{"type":"string","description":"Target namespace. (requires Enterprise)","description_kind":"plain","optional":true},"tags":{"type":"string","description":"Specifies a comma-separated RabbitMQ management tags.","description_kind":"plain","optional":true}},"block_types":{"vhost":{"nesting_mode":"list","block":{"attributes":{"configure":{"type":"string","description":"The configure permissions for this vhost.","description_kind":"plain","required":true},"host":{"type":"string","description":"The vhost to set permissions for.","description_kind":"plain","required":true},"read":{"type":"string","description":"The read permissions for this vhost.","description_kind":"plain","required":true},"write":{"type":"string","description":"The write permissions for this vhost.","description_kind":"plain","required":true}},"description":"Specifies a map of virtual hosts to permissions.","description_kind":"plain"}},"vhost_topic":{"nesting_mode":"list","block":{"attributes":{"host":{"type":"string","description":"The vhost to set permissions for.","description_kind":"plain","required":true}},"block_types":{"vhost":{"nesting_mode":"list","block":{"attributes":{"read":{"type":"string","description":"The read permissions for this vhost.","description_kind":"plain","required":true},"topic":{"type":"string","description":"The vhost to set permissions for.","description_kind":"plain","required":true},"write":{"type":"string","description":"The write permissions for this vhost.","description_kind":"plain","required":true}},"description":"Specifies a map of virtual hosts to permissions.","description_kind":"plain"}}},"description":"Specifies a map of virtual hosts and exchanges to topic permissions. This option requires RabbitMQ 3.7.0 or later.","description_kind":"plain"}}},"description_kind":"plain"}},"vault_raft_autopilot":{"version":0,"block":{"attributes":{"cleanup_dead_servers":{"type":"bool","description":"Specifies whether to remove dead server nodes periodically or when a new server joins. This requires that min-quorum is also set.","description_kind":"plain","optional":true},"dead_server_last_contact_threshold":{"type":"string","description":"Limit the amount of time a server can go without leader contact before being considered failed. This only takes effect when cleanup_dead_servers is set.","description_kind":"plain","optional":true},"id":{"type":"string","description_kind":"plain","optional":true,"computed":true},"last_contact_threshold":{"type":"string","description":"Limit the amount of time a server can go without leader contact before being considered unhealthy.","description_kind":"plain","optional":true},"max_trailing_logs":{"type":"number","description":"Maximum number of log entries in the Raft log that a server can be behind its leader before being considered unhealthy.","description_kind":"plain","optional":true},"min_quorum":{"type":"number","description":"Minimum number of servers allowed in a cluster before autopilot can prune dead servers. This should at least be 3. Applicable only for voting nodes.","description_kind":"plain","optional":true},"namespace":{"type":"string","description":"Target namespace. (requires Enterprise)","description_kind":"plain","optional":true},"server_stabilization_time":{"type":"string","description":"Minimum amount of time a server must be stable in the 'healthy' state before being added to the cluster.","description_kind":"plain","optional":true}},"description_kind":"plain"}},"vault_raft_snapshot_agent_config":{"version":0,"block":{"attributes":{"aws_access_key_id":{"type":"string","description":"AWS access key ID.","description_kind":"plain","optional":true},"aws_s3_bucket":{"type":"string","description":"S3 bucket to write snapshots to.","description_kind":"plain","optional":true},"aws_s3_disable_tls":{"type":"bool","description":"Disable TLS for the S3 endpoint. This should only be used for testing purposes.","description_kind":"plain","optional":true},"aws_s3_enable_kms":{"type":"bool","description":"Use KMS to encrypt bucket contents.","description_kind":"plain","optional":true},"aws_s3_endpoint":{"type":"string","description":"AWS endpoint. This is typically only set when using a non-AWS S3 implementation like Minio.","description_kind":"plain","optional":true},"aws_s3_force_path_style":{"type":"bool","description":"Use the endpoint/bucket URL style instead of bucket.endpoint.","description_kind":"plain","optional":true},"aws_s3_kms_key":{"type":"string","description":"Use named KMS key, when aws_s3_enable_kms=true","description_kind":"plain","optional":true},"aws_s3_region":{"type":"string","description":"AWS region bucket is in.","description_kind":"plain","optional":true},"aws_s3_server_side_encryption":{"type":"bool","description":"Use AES256 to encrypt bucket contents.","description_kind":"plain","optional":true},"aws_secret_access_key":{"type":"string","description":"AWS secret access key.","description_kind":"plain","optional":true},"aws_session_token":{"type":"string","description":"AWS session token.","description_kind":"plain","optional":true},"azure_account_key":{"type":"string","description":"Azure account key.","description_kind":"plain","optional":true},"azure_account_name":{"type":"string","description":"Azure account name.","description_kind":"plain","optional":true},"azure_blob_environment":{"type":"string","description":"Azure blob environment.","description_kind":"plain","optional":true},"azure_container_name":{"type":"string","description":"Azure container name to write snapshots to.","description_kind":"plain","optional":true},"azure_endpoint":{"type":"string","description":"Azure blob storage endpoint. This is typically only set when using a non-Azure implementation like Azurite.","description_kind":"plain","optional":true},"file_prefix":{"type":"string","description":"The file or object name of snapshot files will start with this string.","description_kind":"plain","optional":true},"google_disable_tls":{"type":"bool","description":"Disable TLS for the GCS endpoint.","description_kind":"plain","optional":true},"google_endpoint":{"type":"string","description":"GCS endpoint. This is typically only set when using a non-Google GCS implementation like fake-gcs-server.","description_kind":"plain","optional":true},"google_gcs_bucket":{"type":"string","description":"GCS bucket to write snapshots to.","description_kind":"plain","optional":true},"google_service_account_key":{"type":"string","description":"Google service account key in JSON format.","description_kind":"plain","optional":true},"id":{"type":"string","description_kind":"plain","optional":true,"computed":true},"interval_seconds":{"type":"number","description":"Number of seconds between snapshots.","description_kind":"plain","required":true},"local_max_space":{"type":"number","description":"The maximum space, in bytes, to use for snapshots.","description_kind":"plain","optional":true},"name":{"type":"string","description":"Name of the snapshot agent configuration.","description_kind":"plain","required":true},"namespace":{"type":"string","description":"Target namespace. (requires Enterprise)","description_kind":"plain","optional":true},"path_prefix":{"type":"string","description":"The directory or bucket prefix to to use.","description_kind":"plain","required":true},"retain":{"type":"number","description":"How many snapshots are to be kept.","description_kind":"plain","optional":true},"storage_type":{"type":"string","description":"What storage service to send snapshots to. One of \"local\", \"azure-blob\", \"aws-s3\", or \"google-gcs\".","description_kind":"plain","required":true}},"description_kind":"plain"}},"vault_rgp_policy":{"version":0,"block":{"attributes":{"enforcement_level":{"type":"string","description":"Enforcement level of Sentinel policy. Can be one of: 'advisory', 'soft-mandatory' or 'hard-mandatory'","description_kind":"plain","required":true},"id":{"type":"string","description_kind":"plain","optional":true,"computed":true},"name":{"type":"string","description":"Name of the policy","description_kind":"plain","required":true},"namespace":{"type":"string","description":"Target namespace. (requires Enterprise)","description_kind":"plain","optional":true},"policy":{"type":"string","description":"The policy document","description_kind":"plain","required":true}},"description_kind":"plain"}},"vault_ssh_secret_backend_ca":{"version":0,"block":{"attributes":{"backend":{"type":"string","description":"The path of the SSH Secret Backend where the CA should be configured","description_kind":"plain","optional":true},"generate_signing_key":{"type":"bool","description":"Whether Vault should generate the signing key pair internally.","description_kind":"plain","optional":true},"id":{"type":"string","description_kind":"plain","optional":true,"computed":true},"namespace":{"type":"string","description":"Target namespace. (requires Enterprise)","description_kind":"plain","optional":true},"private_key":{"type":"string","description":"Private key part the SSH CA key pair; required if generate_signing_key is false.","description_kind":"plain","optional":true,"computed":true,"sensitive":true},"public_key":{"type":"string","description":"Public key part the SSH CA key pair; required if generate_signing_key is false.","description_kind":"plain","optional":true,"computed":true}},"description_kind":"plain"}},"vault_ssh_secret_backend_role":{"version":0,"block":{"attributes":{"algorithm_signer":{"type":"string","description_kind":"plain","optional":true,"computed":true},"allow_bare_domains":{"type":"bool","description_kind":"plain","optional":true},"allow_host_certificates":{"type":"bool","description_kind":"plain","optional":true},"allow_subdomains":{"type":"bool","description_kind":"plain","optional":true},"allow_user_certificates":{"type":"bool","description_kind":"plain","optional":true},"allow_user_key_ids":{"type":"bool","description_kind":"plain","optional":true},"allowed_critical_options":{"type":"string","description_kind":"plain","optional":true},"allowed_domains":{"type":"string","description_kind":"plain","optional":true},"allowed_extensions":{"type":"string","description_kind":"plain","optional":true},"allowed_user_key_lengths":{"type":["map","number"],"description_kind":"plain","deprecated":true,"optional":true},"allowed_users":{"type":"string","description_kind":"plain","optional":true},"allowed_users_template":{"type":"bool","description_kind":"plain","optional":true},"backend":{"type":"string","description_kind":"plain","required":true},"cidr_list":{"type":"string","description_kind":"plain","optional":true},"default_critical_options":{"type":["map","string"],"description_kind":"plain","optional":true},"default_extensions":{"type":["map","string"],"description_kind":"plain","optional":true},"default_user":{"type":"string","description_kind":"plain","optional":true},"id":{"type":"string","description_kind":"plain","optional":true,"computed":true},"key_id_format":{"type":"string","description_kind":"plain","optional":true},"key_type":{"type":"string","description_kind":"plain","required":true},"max_ttl":{"type":"string","description_kind":"plain","optional":true,"computed":true},"name":{"type":"string","description":"Unique name for the role.","description_kind":"plain","required":true},"namespace":{"type":"string","description":"Target namespace. (requires Enterprise)","description_kind":"plain","optional":true},"ttl":{"type":"string","description_kind":"plain","optional":true,"computed":true}},"block_types":{"allowed_user_key_config":{"nesting_mode":"set","block":{"attributes":{"lengths":{"type":["list","number"],"description":"List of allowed key lengths, vault-1.10 and above","description_kind":"plain","required":true},"type":{"type":"string","description":"Key type, choices:\nrsa, ecdsa, ec, dsa, ed25519, ssh-rsa, ssh-dss, ssh-ed25519, ecdsa-sha2-nistp256, ecdsa-sha2-nistp384, ecdsa-sha2-nistp521","description_kind":"plain","required":true}},"description":"Set of allowed public key types and their relevant configuration","description_kind":"plain"}}},"description_kind":"plain"}},"vault_terraform_cloud_secret_backend":{"version":0,"block":{"attributes":{"address":{"type":"string","description":"Specifies the address of the Terraform Cloud instance, provided as \"host:port\" like \"127.0.0.1:8500\".","description_kind":"plain","optional":true},"backend":{"type":"string","description":"Unique name of the Vault Terraform Cloud mount to configure","description_kind":"plain","optional":true},"base_path":{"type":"string","description":"Specifies the base path for the Terraform Cloud or Enterprise API.","description_kind":"plain","optional":true},"default_lease_ttl_seconds":{"type":"number","description":"Default lease duration for secrets in seconds","description_kind":"plain","optional":true},"description":{"type":"string","description":"Human-friendly description of the mount for the backend.","description_kind":"plain","optional":true},"id":{"type":"string","description_kind":"plain","optional":true,"computed":true},"max_lease_ttl_seconds":{"type":"number","description":"Maximum possible lease duration for secrets in seconds","description_kind":"plain","optional":true},"namespace":{"type":"string","description":"Target namespace. (requires Enterprise)","description_kind":"plain","optional":true},"token":{"type":"string","description":"Specifies the Terraform Cloud access token to use.","description_kind":"plain","optional":true,"sensitive":true}},"description_kind":"plain"}},"vault_terraform_cloud_secret_creds":{"version":0,"block":{"attributes":{"backend":{"type":"string","description":"Terraform Cloud secret backend to generate tokens from","description_kind":"plain","required":true},"id":{"type":"string","description_kind":"plain","optional":true,"computed":true},"lease_id":{"type":"string","description":"Associated Vault lease ID, if one exists","description_kind":"plain","computed":true,"sensitive":true},"namespace":{"type":"string","description":"Target namespace. (requires Enterprise)","description_kind":"plain","optional":true},"organization":{"type":"string","description":"Name of the Terraform Cloud or Enterprise organization","description_kind":"plain","computed":true},"role":{"type":"string","description":"Name of the role.","description_kind":"plain","required":true},"team_id":{"type":"string","description":"ID of the Terraform Cloud or Enterprise team under organization (e.g., settings/teams/team-xxxxxxxxxxxxx)","description_kind":"plain","computed":true},"token":{"type":"string","description":"Terraform Token provided by the Vault backend","description_kind":"plain","computed":true,"sensitive":true},"token_id":{"type":"string","description":"ID of the Terraform Token provided","description_kind":"plain","computed":true}},"description_kind":"plain"}},"vault_terraform_cloud_secret_role":{"version":0,"block":{"attributes":{"backend":{"type":"string","description":"The path of the Terraform Cloud Secret Backend the role belongs to.","description_kind":"plain","optional":true},"id":{"type":"string","description_kind":"plain","optional":true,"computed":true},"max_ttl":{"type":"number","description":"Maximum allowed lease for generated credentials. If not set or set to 0, will use system default.","description_kind":"plain","optional":true},"name":{"type":"string","description":"The name of an existing role against which to create this Terraform Cloud credential","description_kind":"plain","required":true},"namespace":{"type":"string","description":"Target namespace. (requires Enterprise)","description_kind":"plain","optional":true},"organization":{"type":"string","description":"Name of the Terraform Cloud or Enterprise organization","description_kind":"plain","optional":true},"team_id":{"type":"string","description":"ID of the Terraform Cloud or Enterprise team under organization (e.g., settings/teams/team-xxxxxxxxxxxxx)","description_kind":"plain","optional":true},"ttl":{"type":"number","description":"Default lease for generated credentials. If not set or set to 0, will use system default.","description_kind":"plain","optional":true},"user_id":{"type":"string","description":"ID of the Terraform Cloud or Enterprise user (e.g., user-xxxxxxxxxxxxxxxx)","description_kind":"plain","optional":true}},"description_kind":"plain"}},"vault_token":{"version":0,"block":{"attributes":{"client_token":{"type":"string","description":"The client token.","description_kind":"plain","computed":true,"sensitive":true},"display_name":{"type":"string","description":"The display name of the token.","description_kind":"plain","optional":true},"explicit_max_ttl":{"type":"string","description":"The explicit max TTL of the token.","description_kind":"plain","optional":true},"id":{"type":"string","description_kind":"plain","optional":true,"computed":true},"lease_duration":{"type":"number","description":"The token lease duration.","description_kind":"plain","computed":true},"lease_started":{"type":"string","description":"The token lease started on.","description_kind":"plain","computed":true},"metadata":{"type":["map","string"],"description":"Metadata to be associated with the token.","description_kind":"plain","optional":true},"namespace":{"type":"string","description":"Target namespace. (requires Enterprise)","description_kind":"plain","optional":true},"no_default_policy":{"type":"bool","description":"Flag to disable the default policy.","description_kind":"plain","optional":true},"no_parent":{"type":"bool","description":"Flag to create a token without parent.","description_kind":"plain","optional":true,"computed":true},"num_uses":{"type":"number","description":"The number of allowed uses of the token.","description_kind":"plain","optional":true,"computed":true},"period":{"type":"string","description":"The period of the token.","description_kind":"plain","optional":true},"policies":{"type":["set","string"],"description":"List of policies.","description_kind":"plain","optional":true},"renew_increment":{"type":"number","description":"The renew increment.","description_kind":"plain","optional":true},"renew_min_lease":{"type":"number","description":"The minimum lease to renew token.","description_kind":"plain","optional":true},"renewable":{"type":"bool","description":"Flag to allow the token to be renewed","description_kind":"plain","optional":true,"computed":true},"role_name":{"type":"string","description":"The token role name.","description_kind":"plain","optional":true},"ttl":{"type":"string","description":"The TTL period of the token.","description_kind":"plain","optional":true},"wrapped_token":{"type":"string","description":"The client wrapped token.","description_kind":"plain","computed":true,"sensitive":true},"wrapping_accessor":{"type":"string","description":"The client wrapping accessor.","description_kind":"plain","computed":true,"sensitive":true},"wrapping_ttl":{"type":"string","description":"The TTL period of the wrapped token.","description_kind":"plain","optional":true}},"description_kind":"plain"}},"vault_token_auth_backend_role":{"version":0,"block":{"attributes":{"allowed_entity_aliases":{"type":["set","string"],"description":"Set of allowed entity aliases for this role.","description_kind":"plain","optional":true},"allowed_policies":{"type":["set","string"],"description":"List of allowed policies for given role.","description_kind":"plain","optional":true},"allowed_policies_glob":{"type":["set","string"],"description":"Set of allowed policies with glob match for given role.","description_kind":"plain","optional":true},"disallowed_policies":{"type":["set","string"],"description":"List of disallowed policies for given role.","description_kind":"plain","optional":true},"disallowed_policies_glob":{"type":["set","string"],"description":"Set of disallowed policies with glob match for given role.","description_kind":"plain","optional":true},"id":{"type":"string","description_kind":"plain","optional":true,"computed":true},"namespace":{"type":"string","description":"Target namespace. (requires Enterprise)","description_kind":"plain","optional":true},"orphan":{"type":"bool","description":"If true, tokens created against this policy will be orphan tokens.","description_kind":"plain","optional":true},"path_suffix":{"type":"string","description":"Tokens created against this role will have the given suffix as part of their path in addition to the role name.","description_kind":"plain","optional":true},"renewable":{"type":"bool","description":"Whether to disable the ability of the token to be renewed past its initial TTL.","description_kind":"plain","optional":true},"role_name":{"type":"string","description":"Name of the role.","description_kind":"plain","required":true},"token_bound_cidrs":{"type":["set","string"],"description":"Specifies the blocks of IP addresses which are allowed to use the generated token","description_kind":"plain","optional":true},"token_explicit_max_ttl":{"type":"number","description":"Generated Token's Explicit Maximum TTL in seconds","description_kind":"plain","optional":true},"token_max_ttl":{"type":"number","description":"The maximum lifetime of the generated token","description_kind":"plain","optional":true},"token_no_default_policy":{"type":"bool","description":"If true, the 'default' policy will not automatically be added to generated tokens","description_kind":"plain","optional":true},"token_num_uses":{"type":"number","description":"The maximum number of times a token may be used, a value of zero means unlimited","description_kind":"plain","optional":true},"token_period":{"type":"number","description":"Generated Token's Period","description_kind":"plain","optional":true},"token_policies":{"type":["set","string"],"description":"Generated Token's Policies","description_kind":"plain","optional":true},"token_ttl":{"type":"number","description":"The initial ttl of the token to generate in seconds","description_kind":"plain","optional":true},"token_type":{"type":"string","description":"The type of token to generate, service or batch","description_kind":"plain","optional":true}},"description_kind":"plain"}},"vault_transform_alphabet":{"version":0,"block":{"attributes":{"alphabet":{"type":"string","description":"A string of characters that contains the alphabet set.","description_kind":"plain","optional":true},"id":{"type":"string","description_kind":"plain","optional":true,"computed":true},"name":{"type":"string","description":"The name of the alphabet.","description_kind":"plain","required":true},"path":{"type":"string","description":"The mount path for a back-end, for example, the path given in \"$ vault auth enable -path=my-aws aws\".","description_kind":"plain","required":true}},"description_kind":"plain"}},"vault_transform_role":{"version":0,"block":{"attributes":{"id":{"type":"string","description_kind":"plain","optional":true,"computed":true},"name":{"type":"string","description":"The name of the role.","description_kind":"plain","required":true},"path":{"type":"string","description":"The mount path for a back-end, for example, the path given in \"$ vault auth enable -path=my-aws aws\".","description_kind":"plain","required":true},"transformations":{"type":["list","string"],"description":"A comma separated string or slice of transformations to use.","description_kind":"plain","optional":true}},"description_kind":"plain"}},"vault_transform_template":{"version":0,"block":{"attributes":{"alphabet":{"type":"string","description":"The alphabet to use for this template. This is only used during FPE transformations.","description_kind":"plain","optional":true},"decode_formats":{"type":["map","string"],"description":"The map of regular expression templates used to customize decoded outputs.\nOnly applicable to FPE transformations.","description_kind":"plain","optional":true},"encode_format":{"type":"string","description":"The regular expression template used for encoding values.\nOnly applicable to FPE transformations.","description_kind":"plain","optional":true},"id":{"type":"string","description_kind":"plain","optional":true,"computed":true},"name":{"type":"string","description":"The name of the template.","description_kind":"plain","required":true},"path":{"type":"string","description":"The mount path for a back-end, for example, the path given in \"$ vault auth enable -path=my-aws aws\".","description_kind":"plain","required":true},"pattern":{"type":"string","description":"The pattern used for matching. Currently, only regular expression pattern is supported.","description_kind":"plain","optional":true},"type":{"type":"string","description":"The pattern type to use for match detection. Currently, only regex is supported.","description_kind":"plain","optional":true}},"description_kind":"plain"}},"vault_transform_transformation":{"version":0,"block":{"attributes":{"allowed_roles":{"type":["list","string"],"description":"The set of roles allowed to perform this transformation.","description_kind":"plain","optional":true},"id":{"type":"string","description_kind":"plain","optional":true,"computed":true},"masking_character":{"type":"string","description":"The character used to replace data when in masking mode","description_kind":"plain","optional":true},"name":{"type":"string","description":"The name of the transformation.","description_kind":"plain","required":true},"path":{"type":"string","description":"The mount path for a back-end, for example, the path given in \"$ vault auth enable -path=my-aws aws\".","description_kind":"plain","required":true},"template":{"type":"string","description":"The name of the template to use.","description_kind":"plain","optional":true},"templates":{"type":["list","string"],"description":"Templates configured for transformation.","description_kind":"plain","optional":true,"computed":true},"tweak_source":{"type":"string","description":"The source of where the tweak value comes from. Only valid when in FPE mode.","description_kind":"plain","optional":true},"type":{"type":"string","description":"The type of transformation to perform.","description_kind":"plain","optional":true}},"description_kind":"plain"}},"vault_transit_secret_backend_key":{"version":0,"block":{"attributes":{"allow_plaintext_backup":{"type":"bool","description":"If set, enables taking backup of named key in the plaintext format. Once set, this cannot be disabled.","description_kind":"plain","optional":true},"auto_rotate_interval":{"type":"number","description":"Amount of time the key should live before being automatically rotated. A value of 0 disables automatic rotation for the key.","description_kind":"plain","deprecated":true,"optional":true,"computed":true},"auto_rotate_period":{"type":"number","description":"Amount of time the key should live before being automatically rotated. A value of 0 disables automatic rotation for the key.","description_kind":"plain","optional":true,"computed":true},"backend":{"type":"string","description":"The Transit secret backend the resource belongs to.","description_kind":"plain","required":true},"convergent_encryption":{"type":"bool","description":"Whether or not to support convergent encryption, where the same plaintext creates the same ciphertext. This requires derived to be set to true.","description_kind":"plain","optional":true},"deletion_allowed":{"type":"bool","description":"Specifies if the key is allowed to be deleted.","description_kind":"plain","optional":true},"derived":{"type":"bool","description":"Specifies if key derivation is to be used. If enabled, all encrypt/decrypt requests to this key must provide a context which is used for key derivation.","description_kind":"plain","optional":true},"exportable":{"type":"bool","description":"Enables keys to be exportable. This allows for all the valid keys in the key ring to be exported. Once set, this cannot be disabled.","description_kind":"plain","optional":true},"id":{"type":"string","description_kind":"plain","optional":true,"computed":true},"keys":{"type":["list",["map","string"]],"description":"List of key versions in the keyring.","description_kind":"plain","computed":true},"latest_version":{"type":"number","description":"Latest key version in use in the keyring","description_kind":"plain","computed":true},"min_available_version":{"type":"number","description":"Minimum key version available for use.","description_kind":"plain","computed":true},"min_decryption_version":{"type":"number","description":"Minimum key version to use for decryption.","description_kind":"plain","optional":true},"min_encryption_version":{"type":"number","description":"Minimum key version to use for encryption","description_kind":"plain","optional":true},"name":{"type":"string","description":"Name of the encryption key to create.","description_kind":"plain","required":true},"namespace":{"type":"string","description":"Target namespace. (requires Enterprise)","description_kind":"plain","optional":true},"supports_decryption":{"type":"bool","description":"Whether or not the key supports decryption, based on key type.","description_kind":"plain","computed":true},"supports_derivation":{"type":"bool","description":"Whether or not the key supports derivation, based on key type.","description_kind":"plain","computed":true},"supports_encryption":{"type":"bool","description":"Whether or not the key supports encryption, based on key type.","description_kind":"plain","computed":true},"supports_signing":{"type":"bool","description":"Whether or not the key supports signing, based on key type.","description_kind":"plain","computed":true},"type":{"type":"string","description":"Specifies the type of key to create. The currently-supported types are: aes128-gcm96, aes256-gcm96, chacha20-poly1305, ed25519, ecdsa-p256, ecdsa-p384, ecdsa-p521, rsa-2048, rsa-3072, rsa-4096","description_kind":"plain","optional":true}},"description_kind":"plain"}},"vault_transit_secret_cache_config":{"version":0,"block":{"attributes":{"backend":{"type":"string","description":"The Transit secret backend the resource belongs to.","description_kind":"plain","required":true},"id":{"type":"string","description_kind":"plain","optional":true,"computed":true},"namespace":{"type":"string","description":"Target namespace. (requires Enterprise)","description_kind":"plain","optional":true},"size":{"type":"number","description":"Number of cache entries. A size of 0 mean unlimited.","description_kind":"plain","required":true}},"description_kind":"plain"}}},"data_source_schemas":{"vault_ad_access_credentials":{"version":0,"block":{"attributes":{"backend":{"type":"string","description":"AD Secret Backend to read credentials from.","description_kind":"plain","required":true},"current_password":{"type":"string","description":"Password for the service account.","description_kind":"plain","computed":true},"id":{"type":"string","description_kind":"plain","optional":true,"computed":true},"last_password":{"type":"string","description":"Last known password for the service account.","description_kind":"plain","computed":true},"namespace":{"type":"string","description":"Target namespace. (requires Enterprise)","description_kind":"plain","optional":true},"role":{"type":"string","description":"Name of the role.","description_kind":"plain","required":true},"username":{"type":"string","description":"Name of the service account.","description_kind":"plain","computed":true}},"description_kind":"plain"}},"vault_approle_auth_backend_role_id":{"version":0,"block":{"attributes":{"backend":{"type":"string","description":"Unique name of the auth backend to configure.","description_kind":"plain","optional":true},"id":{"type":"string","description_kind":"plain","optional":true,"computed":true},"namespace":{"type":"string","description":"Target namespace. (requires Enterprise)","description_kind":"plain","optional":true},"role_id":{"type":"string","description":"The RoleID of the role.","description_kind":"plain","computed":true},"role_name":{"type":"string","description":"Name of the role.","description_kind":"plain","required":true}},"description_kind":"plain"}},"vault_auth_backend":{"version":1,"block":{"attributes":{"accessor":{"type":"string","description":"The accessor of the auth backend.","description_kind":"plain","computed":true},"default_lease_ttl_seconds":{"type":"number","description":"Default lease duration in seconds","description_kind":"plain","computed":true},"description":{"type":"string","description":"The description of the auth backend.","description_kind":"plain","computed":true},"id":{"type":"string","description_kind":"plain","optional":true,"computed":true},"listing_visibility":{"type":"string","description":"Specifies whether to show this mount in the UI-specific listing endpoint.","description_kind":"plain","computed":true},"local":{"type":"bool","description":"Specifies if the auth method is local only","description_kind":"plain","computed":true},"max_lease_ttl_seconds":{"type":"number","description":"Maximum possible lease duration in seconds","description_kind":"plain","computed":true},"namespace":{"type":"string","description":"Target namespace. (requires Enterprise)","description_kind":"plain","optional":true},"path":{"type":"string","description":"The auth backend mount point.","description_kind":"plain","required":true},"type":{"type":"string","description":"The name of the auth backend.","description_kind":"plain","computed":true}},"description_kind":"plain"}},"vault_aws_access_credentials":{"version":0,"block":{"attributes":{"access_key":{"type":"string","description":"AWS access key ID read from Vault.","description_kind":"plain","computed":true},"backend":{"type":"string","description":"AWS Secret Backend to read credentials from.","description_kind":"plain","required":true},"id":{"type":"string","description_kind":"plain","optional":true,"computed":true},"lease_duration":{"type":"number","description":"Lease duration in seconds relative to the time in lease_start_time.","description_kind":"plain","computed":true},"lease_id":{"type":"string","description":"Lease identifier assigned by vault.","description_kind":"plain","computed":true},"lease_renewable":{"type":"bool","description":"True if the duration of this lease can be extended through renewal.","description_kind":"plain","computed":true},"lease_start_time":{"type":"string","description":"Time at which the lease was read, using the clock of the system where Terraform was running","description_kind":"plain","computed":true},"namespace":{"type":"string","description":"Target namespace. (requires Enterprise)","description_kind":"plain","optional":true},"region":{"type":"string","description":"Region the read credentials belong to.","description_kind":"plain","optional":true},"role":{"type":"string","description":"AWS Secret Role to read credentials from.","description_kind":"plain","required":true},"role_arn":{"type":"string","description":"ARN to use if multiple are available in the role. Required if the role has multiple ARNs.","description_kind":"plain","optional":true},"secret_key":{"type":"string","description":"AWS secret key read from Vault.","description_kind":"plain","computed":true},"security_token":{"type":"string","description":"AWS security token read from Vault. (Only returned if type is 'sts').","description_kind":"plain","computed":true},"ttl":{"type":"string","description":"User specified Time-To-Live for the STS token. Uses the Role defined default_sts_ttl when not specified","description_kind":"plain","optional":true},"type":{"type":"string","description":"Type of credentials to read. Must be either 'creds' for Access Key and Secret Key, or 'sts' for STS.","description_kind":"plain","optional":true}},"description_kind":"plain"}},"vault_azure_access_credentials":{"version":0,"block":{"attributes":{"backend":{"type":"string","description":"Azure Secret Backend to read credentials from.","description_kind":"plain","required":true},"client_id":{"type":"string","description":"The client id for credentials to query the Azure APIs.","description_kind":"plain","computed":true},"client_secret":{"type":"string","description":"The client secret for credentials to query the Azure APIs.","description_kind":"plain","computed":true},"environment":{"type":"string","description":"The Azure environment to use during credential validation.\nDefaults to the environment configured in the Vault backend.\nSome possible values: AzurePublicCloud, AzureGovernmentCloud","description_kind":"plain","optional":true},"id":{"type":"string","description_kind":"plain","optional":true,"computed":true},"lease_duration":{"type":"number","description":"Lease duration in seconds relative to the time in lease_start_time.","description_kind":"plain","computed":true},"lease_id":{"type":"string","description":"Lease identifier assigned by vault.","description_kind":"plain","computed":true},"lease_renewable":{"type":"bool","description":"True if the duration of this lease can be extended through renewal.","description_kind":"plain","computed":true},"lease_start_time":{"type":"string","description":"Time at which the lease was read, using the clock of the system where Terraform was running","description_kind":"plain","computed":true},"max_cred_validation_seconds":{"type":"number","description":"If 'validate_creds' is true, the number of seconds after which to give up validating credentials.","description_kind":"plain","optional":true},"namespace":{"type":"string","description":"Target namespace. (requires Enterprise)","description_kind":"plain","optional":true},"num_seconds_between_tests":{"type":"number","description":"If 'validate_creds' is true, the number of seconds to wait between each test of generated credentials.","description_kind":"plain","optional":true},"num_sequential_successes":{"type":"number","description":"If 'validate_creds' is true, the number of sequential successes required to validate generated credentials.","description_kind":"plain","optional":true},"role":{"type":"string","description":"Azure Secret Role to read credentials from.","description_kind":"plain","required":true},"subscription_id":{"type":"string","description":"The subscription ID to use during credential validation. Defaults to the subscription ID configured in the Vault backend","description_kind":"plain","optional":true},"tenant_id":{"type":"string","description":"The tenant ID to use during credential validation. Defaults to the tenant ID configured in the Vault backend","description_kind":"plain","optional":true},"validate_creds":{"type":"bool","description":"Whether generated credentials should be validated before being returned.","description_kind":"plain","optional":true}},"description_kind":"plain"}},"vault_gcp_auth_backend_role":{"version":1,"block":{"attributes":{"backend":{"type":"string","description":"Unique name of the auth backend to configure.","description_kind":"plain","optional":true},"bound_instance_groups":{"type":["set","string"],"description_kind":"plain","computed":true},"bound_labels":{"type":["set","string"],"description_kind":"plain","computed":true},"bound_projects":{"type":["set","string"],"description_kind":"plain","computed":true},"bound_regions":{"type":["set","string"],"description_kind":"plain","computed":true},"bound_service_accounts":{"type":["set","string"],"description_kind":"plain","computed":true},"bound_zones":{"type":["set","string"],"description_kind":"plain","computed":true},"id":{"type":"string","description_kind":"plain","optional":true,"computed":true},"namespace":{"type":"string","description":"Target namespace. (requires Enterprise)","description_kind":"plain","optional":true},"role_id":{"type":"string","description":"The RoleID of the GCP auth role.","description_kind":"plain","computed":true},"role_name":{"type":"string","description":"Name of the role.","description_kind":"plain","required":true},"token_bound_cidrs":{"type":["set","string"],"description":"Specifies the blocks of IP addresses which are allowed to use the generated token","description_kind":"plain","optional":true},"token_explicit_max_ttl":{"type":"number","description":"Generated Token's Explicit Maximum TTL in seconds","description_kind":"plain","optional":true},"token_max_ttl":{"type":"number","description":"The maximum lifetime of the generated token","description_kind":"plain","optional":true},"token_no_default_policy":{"type":"bool","description":"If true, the 'default' policy will not automatically be added to generated tokens","description_kind":"plain","optional":true},"token_num_uses":{"type":"number","description":"The maximum number of times a token may be used, a value of zero means unlimited","description_kind":"plain","optional":true},"token_period":{"type":"number","description":"Generated Token's Period","description_kind":"plain","optional":true},"token_policies":{"type":["set","string"],"description":"Generated Token's Policies","description_kind":"plain","optional":true},"token_ttl":{"type":"number","description":"The initial ttl of the token to generate in seconds","description_kind":"plain","optional":true},"token_type":{"type":"string","description":"The type of token to generate, service or batch","description_kind":"plain","optional":true},"type":{"type":"string","description_kind":"plain","computed":true}},"description_kind":"plain"}},"vault_generic_secret":{"version":1,"block":{"attributes":{"data":{"type":["map","string"],"description":"Map of strings read from Vault.","description_kind":"plain","computed":true,"sensitive":true},"data_json":{"type":"string","description":"JSON-encoded secret data read from Vault.","description_kind":"plain","computed":true,"sensitive":true},"id":{"type":"string","description_kind":"plain","optional":true,"computed":true},"lease_duration":{"type":"number","description":"Lease duration in seconds relative to the time in lease_start_time.","description_kind":"plain","computed":true},"lease_id":{"type":"string","description":"Lease identifier assigned by vault.","description_kind":"plain","computed":true},"lease_renewable":{"type":"bool","description":"True if the duration of this lease can be extended through renewal.","description_kind":"plain","computed":true},"lease_start_time":{"type":"string","description":"Time at which the lease was read, using the clock of the system where Terraform was running","description_kind":"plain","computed":true},"namespace":{"type":"string","description":"Target namespace. (requires Enterprise)","description_kind":"plain","optional":true},"path":{"type":"string","description":"Full path from which a secret will be read.","description_kind":"plain","required":true},"version":{"type":"number","description_kind":"plain","optional":true},"with_lease_start_time":{"type":"bool","description":"If set to true, stores 'lease_start_time' in the TF state.","description_kind":"plain","optional":true}},"description_kind":"plain"}},"vault_identity_entity":{"version":0,"block":{"attributes":{"alias_id":{"type":"string","description":"ID of the alias.","description_kind":"plain","optional":true,"computed":true},"alias_mount_accessor":{"type":"string","description":"Accessor of the mount to which the alias belongs to. This should be supplied in conjunction with `alias_name`.","description_kind":"plain","optional":true,"computed":true},"alias_name":{"type":"string","description":"Name of the alias. This should be supplied in conjunction with `alias_mount_accessor`.","description_kind":"plain","optional":true,"computed":true},"aliases":{"type":["set",["object",{"canonical_id":"string","creation_time":"string","id":"string","last_update_time":"string","merged_from_canonical_ids":["set","string"],"metadata":["map","string"],"mount_accessor":"string","mount_path":"string","mount_type":"string","name":"string"}]],"description_kind":"plain","computed":true},"creation_time":{"type":"string","description_kind":"plain","computed":true},"data_json":{"type":"string","description":"Entity data from Vault in JSON String form","description_kind":"plain","computed":true},"direct_group_ids":{"type":["set","string"],"description_kind":"plain","computed":true},"disabled":{"type":"bool","description_kind":"plain","computed":true},"entity_id":{"type":"string","description":"ID of the entity.","description_kind":"plain","optional":true,"computed":true},"entity_name":{"type":"string","description":"Name of the entity.","description_kind":"plain","optional":true,"computed":true},"group_ids":{"type":["set","string"],"description_kind":"plain","computed":true},"id":{"type":"string","description_kind":"plain","optional":true,"computed":true},"inherited_group_ids":{"type":["set","string"],"description_kind":"plain","computed":true},"last_update_time":{"type":"string","description_kind":"plain","computed":true},"merged_entity_ids":{"type":["set","string"],"description_kind":"plain","computed":true},"metadata":{"type":["map","string"],"description_kind":"plain","computed":true},"namespace":{"type":"string","description":"Target namespace. (requires Enterprise)","description_kind":"plain","optional":true},"namespace_id":{"type":"string","description_kind":"plain","computed":true},"policies":{"type":["set","string"],"description_kind":"plain","computed":true}},"description_kind":"plain"}},"vault_identity_group":{"version":0,"block":{"attributes":{"alias_canonical_id":{"type":"string","description_kind":"plain","computed":true},"alias_creation_time":{"type":"string","description_kind":"plain","computed":true},"alias_id":{"type":"string","description":"ID of the alias.","description_kind":"plain","optional":true,"computed":true},"alias_last_update_time":{"type":"string","description_kind":"plain","computed":true},"alias_merged_from_canonical_ids":{"type":["set","string"],"description_kind":"plain","computed":true},"alias_metadata":{"type":["map","string"],"description_kind":"plain","computed":true},"alias_mount_accessor":{"type":"string","description":"Accessor of the mount to which the alias belongs to. This should be supplied in conjunction with `alias_name`.","description_kind":"plain","optional":true,"computed":true},"alias_mount_path":{"type":"string","description_kind":"plain","computed":true},"alias_mount_type":{"type":"string","description_kind":"plain","computed":true},"alias_name":{"type":"string","description":"Name of the alias. This should be supplied in conjunction with `alias_mount_accessor`.","description_kind":"plain","optional":true,"computed":true},"creation_time":{"type":"string","description_kind":"plain","computed":true},"data_json":{"type":"string","description":"Group data from Vault in JSON String form","description_kind":"plain","computed":true},"group_id":{"type":"string","description":"ID of the group.","description_kind":"plain","optional":true,"computed":true},"group_name":{"type":"string","description":"Name of the group.","description_kind":"plain","optional":true,"computed":true},"id":{"type":"string","description_kind":"plain","optional":true,"computed":true},"last_update_time":{"type":"string","description_kind":"plain","computed":true},"member_entity_ids":{"type":["set","string"],"description_kind":"plain","computed":true},"member_group_ids":{"type":["set","string"],"description_kind":"plain","computed":true},"metadata":{"type":["map","string"],"description_kind":"plain","computed":true},"modify_index":{"type":"number","description_kind":"plain","computed":true},"namespace":{"type":"string","description":"Target namespace. (requires Enterprise)","description_kind":"plain","optional":true},"namespace_id":{"type":"string","description_kind":"plain","computed":true},"parent_group_ids":{"type":["set","string"],"description_kind":"plain","computed":true},"policies":{"type":["set","string"],"description_kind":"plain","computed":true},"type":{"type":"string","description_kind":"plain","computed":true}},"description_kind":"plain"}},"vault_identity_oidc_client_creds":{"version":0,"block":{"attributes":{"client_id":{"type":"string","description":"The Client ID from Vault.","description_kind":"plain","computed":true},"client_secret":{"type":"string","description":"The Client Secret from Vault.","description_kind":"plain","computed":true,"sensitive":true},"id":{"type":"string","description_kind":"plain","optional":true,"computed":true},"name":{"type":"string","description":"The name of the client.","description_kind":"plain","required":true},"namespace":{"type":"string","description":"Target namespace. (requires Enterprise)","description_kind":"plain","optional":true}},"description_kind":"plain"}},"vault_identity_oidc_openid_config":{"version":0,"block":{"attributes":{"authorization_endpoint":{"type":"string","description":"The Authorization Endpoint for the provider.","description_kind":"plain","computed":true},"grant_types_supported":{"type":["list","string"],"description":"The grant types supported by the provider.","description_kind":"plain","computed":true},"id":{"type":"string","description_kind":"plain","optional":true,"computed":true},"id_token_signing_alg_values_supported":{"type":["list","string"],"description":"The signing algorithms supported by the provider.","description_kind":"plain","computed":true},"issuer":{"type":"string","description":"The URL of the issuer for the provider.","description_kind":"plain","computed":true},"jwks_uri":{"type":"string","description":"The well known keys URI for the provider.","description_kind":"plain","computed":true},"name":{"type":"string","description":"The name of the provider.","description_kind":"plain","required":true},"namespace":{"type":"string","description":"Target namespace. (requires Enterprise)","description_kind":"plain","optional":true},"request_uri_parameter_supported":{"type":"bool","description":"Specifies whether Request URI Parameter is supported by the provider.","description_kind":"plain","computed":true},"response_types_supported":{"type":["list","string"],"description":"The response types supported by the provider.","description_kind":"plain","computed":true},"scopes_supported":{"type":["list","string"],"description":"The scopes supported by the provider.","description_kind":"plain","computed":true},"subject_types_supported":{"type":["list","string"],"description":"The subject types supported by the provider.","description_kind":"plain","computed":true},"token_endpoint":{"type":"string","description":"The Token Endpoint for the provider.","description_kind":"plain","computed":true},"token_endpoint_auth_methods_supported":{"type":["list","string"],"description":"The token endpoint auth methods supported by the provider.","description_kind":"plain","computed":true},"userinfo_endpoint":{"type":"string","description":"The User Info Endpoint for the provider.","description_kind":"plain","computed":true}},"description_kind":"plain"}},"vault_identity_oidc_public_keys":{"version":0,"block":{"attributes":{"id":{"type":"string","description_kind":"plain","optional":true,"computed":true},"keys":{"type":["list",["map","string"]],"description":"The public portion of keys for an OIDC provider. Clients can use them to validate the authenticity of an identity token.","description_kind":"plain","computed":true},"name":{"type":"string","description":"The name of the provider.","description_kind":"plain","required":true},"namespace":{"type":"string","description":"Target namespace. (requires Enterprise)","description_kind":"plain","optional":true}},"description_kind":"plain"}},"vault_kubernetes_auth_backend_config":{"version":0,"block":{"attributes":{"backend":{"type":"string","description":"Unique name of the kubernetes backend to configure.","description_kind":"plain","optional":true},"disable_iss_validation":{"type":"bool","description":"Optional disable JWT issuer validation. Allows to skip ISS validation.","description_kind":"plain","optional":true,"computed":true},"disable_local_ca_jwt":{"type":"bool","description":"Optional disable defaulting to the local CA cert and service account JWT when running in a Kubernetes pod.","description_kind":"plain","optional":true,"computed":true},"id":{"type":"string","description_kind":"plain","optional":true,"computed":true},"issuer":{"type":"string","description":"Optional JWT issuer. If no issuer is specified, kubernetes.io/serviceaccount will be used as the default issuer.","description_kind":"plain","optional":true,"computed":true},"kubernetes_ca_cert":{"type":"string","description":"PEM encoded CA cert for use by the TLS client used to talk with the Kubernetes API.","description_kind":"plain","optional":true,"computed":true},"kubernetes_host":{"type":"string","description":"Host must be a host string, a host:port pair, or a URL to the base of the Kubernetes API server.","description_kind":"plain","optional":true,"computed":true},"namespace":{"type":"string","description":"Target namespace. (requires Enterprise)","description_kind":"plain","optional":true},"pem_keys":{"type":["list","string"],"description":"Optional list of PEM-formatted public keys or certificates used to verify the signatures of Kubernetes service account JWTs. If a certificate is given, its public key will be extracted. Not every installation of Kubernetes exposes these keys.","description_kind":"plain","optional":true,"computed":true}},"description_kind":"plain"}},"vault_kubernetes_auth_backend_role":{"version":0,"block":{"attributes":{"alias_name_source":{"type":"string","description":"Method used for generating identity aliases.","description_kind":"plain","computed":true},"audience":{"type":"string","description":"Optional Audience claim to verify in the JWT.","description_kind":"plain","optional":true},"backend":{"type":"string","description":"Unique name of the kubernetes backend to configure.","description_kind":"plain","optional":true},"bound_service_account_names":{"type":["set","string"],"description":"List of service account names able to access this role. If set to \"*\" all names are allowed, both this and bound_service_account_namespaces can not be \"*\".","description_kind":"plain","computed":true},"bound_service_account_namespaces":{"type":["set","string"],"description":"List of namespaces allowed to access this role. If set to \"*\" all namespaces are allowed, both this and bound_service_account_names can not be set to \"*\".","description_kind":"plain","computed":true},"id":{"type":"string","description_kind":"plain","optional":true,"computed":true},"namespace":{"type":"string","description":"Target namespace. (requires Enterprise)","description_kind":"plain","optional":true},"role_name":{"type":"string","description":"Name of the role.","description_kind":"plain","required":true},"token_bound_cidrs":{"type":["set","string"],"description":"Specifies the blocks of IP addresses which are allowed to use the generated token","description_kind":"plain","optional":true},"token_explicit_max_ttl":{"type":"number","description":"Generated Token's Explicit Maximum TTL in seconds","description_kind":"plain","optional":true},"token_max_ttl":{"type":"number","description":"The maximum lifetime of the generated token","description_kind":"plain","optional":true},"token_no_default_policy":{"type":"bool","description":"If true, the 'default' policy will not automatically be added to generated tokens","description_kind":"plain","optional":true},"token_num_uses":{"type":"number","description":"The maximum number of times a token may be used, a value of zero means unlimited","description_kind":"plain","optional":true},"token_period":{"type":"number","description":"Generated Token's Period","description_kind":"plain","optional":true},"token_policies":{"type":["set","string"],"description":"Generated Token's Policies","description_kind":"plain","optional":true},"token_ttl":{"type":"number","description":"The initial ttl of the token to generate in seconds","description_kind":"plain","optional":true},"token_type":{"type":"string","description":"The type of token to generate, service or batch","description_kind":"plain","optional":true}},"description_kind":"plain"}},"vault_kubernetes_service_account_token":{"version":0,"block":{"attributes":{"backend":{"type":"string","description":"The Kubernetes secret backend to generate service account tokens from.","description_kind":"plain","required":true},"cluster_role_binding":{"type":"bool","description":"If true, generate a ClusterRoleBinding to grant permissions across the whole cluster instead of within a namespace.","description_kind":"plain","optional":true},"id":{"type":"string","description_kind":"plain","optional":true,"computed":true},"kubernetes_namespace":{"type":"string","description":"The name of the Kubernetes namespace in which to generate the credentials.","description_kind":"plain","required":true},"lease_duration":{"type":"number","description":"The duration of the lease in seconds.","description_kind":"plain","computed":true},"lease_id":{"type":"string","description":"The lease identifier assigned by Vault.","description_kind":"plain","computed":true},"lease_renewable":{"type":"bool","description":"True if the duration of this lease can be extended through renewal.","description_kind":"plain","computed":true},"namespace":{"type":"string","description":"Target namespace. (requires Enterprise)","description_kind":"plain","optional":true},"role":{"type":"string","description":"The name of the role.","description_kind":"plain","required":true},"service_account_name":{"type":"string","description":"The name of the service account associated with the token.","description_kind":"plain","computed":true},"service_account_namespace":{"type":"string","description":"The Kubernetes namespace that the service account resides in.","description_kind":"plain","computed":true},"service_account_token":{"type":"string","description":"The Kubernetes service account token.","description_kind":"plain","computed":true,"sensitive":true},"ttl":{"type":"string","description":"The TTL of the generated Kubernetes service account token, specified in seconds or as a Go duration format string","description_kind":"plain","optional":true}},"description_kind":"plain"}},"vault_kv_secret":{"version":0,"block":{"attributes":{"data_json":{"type":"string","description":"Map of strings read from Vault.","description_kind":"plain","computed":true,"sensitive":true},"id":{"type":"string","description_kind":"plain","optional":true,"computed":true},"lease_duration":{"type":"number","description":"Lease duration in seconds.","description_kind":"plain","computed":true},"lease_id":{"type":"string","description":"Lease identifier assigned by Vault.","description_kind":"plain","computed":true},"lease_renewable":{"type":"bool","description":"True if the duration of this lease can be extended through renewal.","description_kind":"plain","computed":true},"namespace":{"type":"string","description":"Target namespace. (requires Enterprise)","description_kind":"plain","optional":true},"path":{"type":"string","description":"Full path of the KV-V1 secret.","description_kind":"plain","required":true}},"description_kind":"plain"}},"vault_kv_secret_subkeys_v2":{"version":0,"block":{"attributes":{"data_json":{"type":"string","description":"Subkeys for the KV-V2 secret read from Vault.","description_kind":"plain","computed":true},"depth":{"type":"number","description":"Specifies the deepest nesting level to provide in the output.If non-zero, keys that reside at the specified depth value will be artificially treated as leaves and will thus be 'null' even if further underlying sub-keys exist.","description_kind":"plain","optional":true},"id":{"type":"string","description_kind":"plain","optional":true,"computed":true},"mount":{"type":"string","description":"Path where KV-V2 engine is mounted","description_kind":"plain","required":true},"name":{"type":"string","description":"Full name of the secret. For a nested secret, the name is the nested path excluding the mount and data prefix. For example, for a secret at 'kvv2/data/foo/bar/baz', the name is 'foo/bar/baz'","description_kind":"plain","required":true},"namespace":{"type":"string","description":"Target namespace. (requires Enterprise)","description_kind":"plain","optional":true},"path":{"type":"string","description":"Full path where the generic secret will be written.","description_kind":"plain","computed":true},"version":{"type":"number","description":"Specifies the version to return. If not set the latest version is returned.","description_kind":"plain","optional":true}},"description_kind":"plain"}},"vault_kv_secret_v2":{"version":0,"block":{"attributes":{"created_time":{"type":"string","description":"Time at which the secret was created","description_kind":"plain","computed":true},"custom_metadata":{"type":["map","string"],"description":"Custom metadata for the secret","description_kind":"plain","computed":true},"data_json":{"type":"string","description":"Map of strings read from Vault","description_kind":"plain","computed":true,"sensitive":true},"deletion_time":{"type":"string","description":"Deletion time for the secret","description_kind":"plain","computed":true},"destroyed":{"type":"bool","description":"Indicates whether the secret has been destroyed","description_kind":"plain","computed":true},"id":{"type":"string","description_kind":"plain","optional":true,"computed":true},"mount":{"type":"string","description":"Path where KV-V2 engine is mounted","description_kind":"plain","required":true},"name":{"type":"string","description":"Full name of the secret. For a nested secret, the name is the nested path excluding the mount and data prefix. For example, for a secret at 'kvv2/data/foo/bar/baz', the name is 'foo/bar/baz'","description_kind":"plain","required":true},"namespace":{"type":"string","description":"Target namespace. (requires Enterprise)","description_kind":"plain","optional":true},"path":{"type":"string","description":"Full path where the KVV2 secret is written.","description_kind":"plain","computed":true},"version":{"type":"number","description":"Version of the secret to retrieve","description_kind":"plain","optional":true}},"description_kind":"plain"}},"vault_kv_secrets_list":{"version":0,"block":{"attributes":{"id":{"type":"string","description_kind":"plain","optional":true,"computed":true},"names":{"type":["list","string"],"description":"List of all secret names.","description_kind":"plain","computed":true,"sensitive":true},"namespace":{"type":"string","description":"Target namespace. (requires Enterprise)","description_kind":"plain","optional":true},"path":{"type":"string","description":"Full KV-V1 path where secrets will be listed.","description_kind":"plain","required":true}},"description_kind":"plain"}},"vault_kv_secrets_list_v2":{"version":0,"block":{"attributes":{"id":{"type":"string","description_kind":"plain","optional":true,"computed":true},"mount":{"type":"string","description":"Path where KV-V2 engine is mounted","description_kind":"plain","required":true},"name":{"type":"string","description":"Full named path of the secret. For a nested secret, the name is the nested path excluding the mount and data prefix. For example, for a secret at 'kvv2/data/foo/bar/baz', the name is 'foo/bar/baz'","description_kind":"plain","optional":true},"names":{"type":["list","string"],"description":"List of all secret names.","description_kind":"plain","computed":true,"sensitive":true},"namespace":{"type":"string","description":"Target namespace. (requires Enterprise)","description_kind":"plain","optional":true},"path":{"type":"string","description":"Full path where the KV-V2 secrets are listed.","description_kind":"plain","computed":true}},"description_kind":"plain"}},"vault_nomad_access_token":{"version":0,"block":{"attributes":{"accessor_id":{"type":"string","description":"The public identifier for a specific token. It can be used to look up information about a token or to revoke a token.","description_kind":"plain","computed":true},"backend":{"type":"string","description":"Nomad secret backend to generate tokens from.","description_kind":"plain","required":true},"id":{"type":"string","description_kind":"plain","optional":true,"computed":true},"namespace":{"type":"string","description":"Target namespace. (requires Enterprise)","description_kind":"plain","optional":true},"role":{"type":"string","description":"Name of the role.","description_kind":"plain","required":true},"secret_id":{"type":"string","description":"Used to make requests to Nomad and should be kept private.","description_kind":"plain","computed":true}},"description_kind":"plain"}},"vault_policy_document":{"version":0,"block":{"attributes":{"hcl":{"type":"string","description_kind":"plain","computed":true},"id":{"type":"string","description_kind":"plain","optional":true,"computed":true},"namespace":{"type":"string","description":"Target namespace. (requires Enterprise)","description_kind":"plain","optional":true}},"block_types":{"rule":{"nesting_mode":"list","block":{"attributes":{"capabilities":{"type":["list","string"],"description_kind":"plain","required":true},"description":{"type":"string","description_kind":"plain","optional":true},"max_wrapping_ttl":{"type":"string","description_kind":"plain","optional":true},"min_wrapping_ttl":{"type":"string","description_kind":"plain","optional":true},"path":{"type":"string","description_kind":"plain","required":true},"required_parameters":{"type":["list","string"],"description_kind":"plain","optional":true}},"block_types":{"allowed_parameter":{"nesting_mode":"list","block":{"attributes":{"key":{"type":"string","description_kind":"plain","required":true},"value":{"type":["list","string"],"description_kind":"plain","required":true}},"description_kind":"plain"}},"denied_parameter":{"nesting_mode":"list","block":{"attributes":{"key":{"type":"string","description_kind":"plain","required":true},"value":{"type":["list","string"],"description_kind":"plain","required":true}},"description_kind":"plain"}}},"description":"The policy rule","description_kind":"plain"}}},"description_kind":"plain"}},"vault_transform_decode":{"version":0,"block":{"attributes":{"batch_input":{"type":["list",["map","string"]],"description":"Specifies a list of items to be decoded in a single batch. If this parameter is set, the top-level parameters 'value', 'transformation' and 'tweak' will be ignored. Each batch item within the list can specify these parameters instead.","description_kind":"plain","optional":true},"batch_results":{"type":["list",["map","string"]],"description":"The result of decoding batch_input.","description_kind":"plain","optional":true,"computed":true},"decoded_value":{"type":"string","description":"The result of decoding a value.","description_kind":"plain","optional":true,"computed":true},"id":{"type":"string","description_kind":"plain","optional":true,"computed":true},"path":{"type":"string","description":"Path to backend from which to retrieve data.","description_kind":"plain","required":true},"role_name":{"type":"string","description":"The name of the role.","description_kind":"plain","required":true},"transformation":{"type":"string","description":"The transformation to perform. If no value is provided and the role contains a single transformation, this value will be inferred from the role.","description_kind":"plain","optional":true},"tweak":{"type":"string","description":"The tweak value to use. Only applicable for FPE transformations","description_kind":"plain","optional":true},"value":{"type":"string","description":"The value in which to decode.","description_kind":"plain","optional":true}},"description_kind":"plain"}},"vault_transform_encode":{"version":0,"block":{"attributes":{"batch_input":{"type":["list",["map","string"]],"description":"Specifies a list of items to be encoded in a single batch. If this parameter is set, the parameters 'value', 'transformation' and 'tweak' will be ignored. Each batch item within the list can specify these parameters instead.","description_kind":"plain","optional":true},"batch_results":{"type":["list",["map","string"]],"description":"The result of encoding batch_input.","description_kind":"plain","optional":true,"computed":true},"encoded_value":{"type":"string","description":"The result of encoding a value.","description_kind":"plain","optional":true,"computed":true},"id":{"type":"string","description_kind":"plain","optional":true,"computed":true},"path":{"type":"string","description":"Path to backend from which to retrieve data.","description_kind":"plain","required":true},"role_name":{"type":"string","description":"The name of the role.","description_kind":"plain","required":true},"transformation":{"type":"string","description":"The transformation to perform. If no value is provided and the role contains a single transformation, this value will be inferred from the role.","description_kind":"plain","optional":true},"tweak":{"type":"string","description":"The tweak value to use. Only applicable for FPE transformations","description_kind":"plain","optional":true},"value":{"type":"string","description":"The value in which to encode.","description_kind":"plain","optional":true}},"description_kind":"plain"}},"vault_transit_decrypt":{"version":0,"block":{"attributes":{"backend":{"type":"string","description":"The Transit secret backend the key belongs to.","description_kind":"plain","required":true},"ciphertext":{"type":"string","description":"Transit encrypted cipher text.","description_kind":"plain","required":true},"context":{"type":"string","description":"Specifies the context for key derivation","description_kind":"plain","optional":true},"id":{"type":"string","description_kind":"plain","optional":true,"computed":true},"key":{"type":"string","description":"Name of the decryption key to use.","description_kind":"plain","required":true},"namespace":{"type":"string","description":"Target namespace. (requires Enterprise)","description_kind":"plain","optional":true},"plaintext":{"type":"string","description":"Decrypted plain text","description_kind":"plain","computed":true,"sensitive":true}},"description_kind":"plain"}},"vault_transit_encrypt":{"version":0,"block":{"attributes":{"backend":{"type":"string","description":"The Transit secret backend the key belongs to.","description_kind":"plain","required":true},"ciphertext":{"type":"string","description":"Transit encrypted cipher text.","description_kind":"plain","computed":true},"context":{"type":"string","description":"Specifies the context for key derivation","description_kind":"plain","optional":true},"id":{"type":"string","description_kind":"plain","optional":true,"computed":true},"key":{"type":"string","description":"Name of the encryption key to use.","description_kind":"plain","required":true},"key_version":{"type":"number","description":"The version of the key to use for encryption","description_kind":"plain","optional":true},"namespace":{"type":"string","description":"Target namespace. (requires Enterprise)","description_kind":"plain","optional":true},"plaintext":{"type":"string","description":"Map of strings read from Vault.","description_kind":"plain","required":true,"sensitive":true}},"description_kind":"plain"}}}}}}
